
Microsoft Visual Studio Solution File, Format Version 12.00
# Visual Studio Version 17
VisualStudioVersion = 17.5.002.0
MinimumVisualStudioVersion = 10.0.40219.1
Project("{2150E333-8FDC-42A3-9474-1A3956D46DE8}") = "src", "src", "{FF829757-E987-41BF-AE50-C0AA2D403CC4}"
EndProject
Project("{2150E333-8FDC-42A3-9474-1A3956D46DE8}") = "agent", "agent", "{B06F2E37-9ED2-45B5-B7CD-0A19AA87E9DD}"
EndProject
Project("{9A19103F-16F7-4668-BE54-9A1E7A4F7556}") = "CloudPillar.Agent", "src\agent\CloudPillar.Agent\CloudPillar.Agent.csproj", "{444D9F33-C4E3-46F0-8B54-17B9E495F627}"
EndProject
Project("{9A19103F-16F7-4668-BE54-9A1E7A4F7556}") = "jnjiotagent", "src\agent\poc\jnjiotagent.csproj", "{1DC398DA-0C6C-4A9A-95E9-EE00642095B1}"
EndProject
Project("{9A19103F-16F7-4668-BE54-9A1E7A4F7556}") = "Agent.Tests", "src\agent\UnitTests\Agent.Tests.csproj", "{73812B04-7940-4E97-99C1-939171938817}"
EndProject
Project("{2150E333-8FDC-42A3-9474-1A3956D46DE8}") = "backend", "backend", "{7DD1B9A3-116A-44F7-AC69-005EAE2AB859}"
EndProject
Project("{9A19103F-16F7-4668-BE54-9A1E7A4F7556}") = "BlobStreamer", "src\backend\BlobStreamer\BlobStreamer.csproj", "{111B60FA-EA9E-4B07-A721-F122105B8FD8}"
EndProject
Project("{9A19103F-16F7-4668-BE54-9A1E7A4F7556}") = "Iotlistener", "src\backend\Iotlistener\Iotlistener.csproj", "{BF0E473F-C2A0-43B9-A6EC-6430FB98AA21}"
EndProject
Project("{9A19103F-16F7-4668-BE54-9A1E7A4F7556}") = "Keyholder", "src\backend\Keyholder\Keyholder.csproj", "{4DA5775E-EE3D-4F00-BB75-DDECC776B7D9}"
EndProject
Project("{2150E333-8FDC-42A3-9474-1A3956D46DE8}") = "Shared", "Shared", "{2D21E11A-6DD6-435D-B710-FFFBE367FCC4}"
EndProject
Project("{9A19103F-16F7-4668-BE54-9A1E7A4F7556}") = "Entities", "src\Shared\Entities\Entities.csproj", "{E986AC8F-11BD-4BDE-B278-AC8E010680E4}"
EndProject
Project("{9A19103F-16F7-4668-BE54-9A1E7A4F7556}") = "Logger", "src\Shared\Logger\Logger.csproj", "{A299931B-4D89-4F07-967A-EA2F629BC2DA}"
EndProject
Project("{2150E333-8FDC-42A3-9474-1A3956D46DE8}") = "Infra", "Infra", "{CDFE0403-68AD-46B5-86D8-F7FBDCE75FE5}"
EndProject
Project("{9A19103F-16F7-4668-BE54-9A1E7A4F7556}") = "Common", "src\backend\Infra\Common\Common.csproj", "{9C95759A-41FC-4893-8B86-C86AC1AEFBA6}"
EndProject
Project("{2150E333-8FDC-42A3-9474-1A3956D46DE8}") = "poc", "poc", "{2B42C846-3683-448B-B1E3-70F5EA57D4A6}"
EndProject
Project("{9A19103F-16F7-4668-BE54-9A1E7A4F7556}") = "d2c-processor", "src\backend\poc\dotnet\d2c-processor.csproj", "{EA62B919-0FE7-4937-9EDD-29870D3D8E72}"
EndProject
Project("{2150E333-8FDC-42A3-9474-1A3956D46DE8}") = "UnitTests", "UnitTests", "{2E2312C3-4EB5-4474-A381-10F37B7B1EE9}"
EndProject
Project("{9A19103F-16F7-4668-BE54-9A1E7A4F7556}") = "BlobStreamer.Tests", "src\backend\UnitTests\BlobStreamer.Tests\BlobStreamer.Tests.csproj", "{DD628053-FBCC-4D91-B4AA-A957327091CE}"
EndProject
Project("{9A19103F-16F7-4668-BE54-9A1E7A4F7556}") = "Common.Tests", "src\backend\UnitTests\Common.Tests\Common.Tests.csproj", "{CBF857BA-F01C-4E40-9562-DDCD4470851C}"
EndProject
Project("{9A19103F-16F7-4668-BE54-9A1E7A4F7556}") = "Iotlistener.Tests", "src\backend\UnitTests\Iotlistener.Tests\Iotlistener.Tests.csproj", "{D0FB9C7E-4480-4A74-A51D-A85470853C36}"
EndProject
Project("{9A19103F-16F7-4668-BE54-9A1E7A4F7556}") = "Keyholder.Tests", "src\backend\UnitTests\Keyholder.Tests\Keyholder.Tests.csproj", "{DF9DE0BD-91E9-4B1A-A893-42D26F631E2E}"
EndProject
Project("{2150E333-8FDC-42A3-9474-1A3956D46DE8}") = "dicom-service-poc", "dicom-service-poc", "{D5E8903C-057C-42E4-B254-D95CBC82A73D}"
EndProject
Project("{2150E333-8FDC-42A3-9474-1A3956D46DE8}") = "agent", "agent", "{5C51AA40-0CBD-4852-8936-103252C37298}"
EndProject
Project("{9A19103F-16F7-4668-BE54-9A1E7A4F7556}") = "dicom-service-agent", "src\dicom-service-poc\agent\dotnet\dicom-service-agent.csproj", "{100DC1E6-B672-4FA0-92BD-819EECD2B7F9}"
EndProject
Project("{2150E333-8FDC-42A3-9474-1A3956D46DE8}") = "backend", "backend", "{DD97C5F9-B7AC-42E7-AF58-1C63976FDCA6}"
EndProject
Project("{9A19103F-16F7-4668-BE54-9A1E7A4F7556}") = "dicom-service-backend", "src\dicom-service-poc\backend\dotnet\dicom-service-backend.csproj", "{AEDBC2B8-8F53-471E-BA6C-74D70EF974E7}"
EndProject
Project("{2150E333-8FDC-42A3-9474-1A3956D46DE8}") = "UnitTests", "UnitTests", "{53AD3288-2D99-4034-8E8A-61B876B8BBC1}"
EndProject
Project("{9A19103F-16F7-4668-BE54-9A1E7A4F7556}") = "Logger.Tests", "src\Shared\UnitTests\Logger.Tests\Logger.Tests.csproj", "{9F2C4BAE-F29A-4BDD-AE62-3D0FD4FEA24E}"
EndProject
Global
	GlobalSection(SolutionConfigurationPlatforms) = preSolution
		Debug|Any CPU = Debug|Any CPU
		Release|Any CPU = Release|Any CPU
	EndGlobalSection
	GlobalSection(ProjectConfigurationPlatforms) = postSolution
		{444D9F33-C4E3-46F0-8B54-17B9E495F627}.Debug|Any CPU.ActiveCfg = Debug|Any CPU
		{444D9F33-C4E3-46F0-8B54-17B9E495F627}.Debug|Any CPU.Build.0 = Debug|Any CPU
		{444D9F33-C4E3-46F0-8B54-17B9E495F627}.Release|Any CPU.ActiveCfg = Release|Any CPU
		{444D9F33-C4E3-46F0-8B54-17B9E495F627}.Release|Any CPU.Build.0 = Release|Any CPU
		{1DC398DA-0C6C-4A9A-95E9-EE00642095B1}.Debug|Any CPU.ActiveCfg = Debug|Any CPU
		{1DC398DA-0C6C-4A9A-95E9-EE00642095B1}.Debug|Any CPU.Build.0 = Debug|Any CPU
		{1DC398DA-0C6C-4A9A-95E9-EE00642095B1}.Release|Any CPU.ActiveCfg = Release|Any CPU
		{1DC398DA-0C6C-4A9A-95E9-EE00642095B1}.Release|Any CPU.Build.0 = Release|Any CPU
		{73812B04-7940-4E97-99C1-939171938817}.Debug|Any CPU.ActiveCfg = Debug|Any CPU
		{73812B04-7940-4E97-99C1-939171938817}.Debug|Any CPU.Build.0 = Debug|Any CPU
		{73812B04-7940-4E97-99C1-939171938817}.Release|Any CPU.ActiveCfg = Release|Any CPU
		{73812B04-7940-4E97-99C1-939171938817}.Release|Any CPU.Build.0 = Release|Any CPU
		{111B60FA-EA9E-4B07-A721-F122105B8FD8}.Debug|Any CPU.ActiveCfg = Debug|Any CPU
		{111B60FA-EA9E-4B07-A721-F122105B8FD8}.Debug|Any CPU.Build.0 = Debug|Any CPU
		{111B60FA-EA9E-4B07-A721-F122105B8FD8}.Release|Any CPU.ActiveCfg = Release|Any CPU
		{111B60FA-EA9E-4B07-A721-F122105B8FD8}.Release|Any CPU.Build.0 = Release|Any CPU
		{BF0E473F-C2A0-43B9-A6EC-6430FB98AA21}.Debug|Any CPU.ActiveCfg = Debug|Any CPU
		{BF0E473F-C2A0-43B9-A6EC-6430FB98AA21}.Debug|Any CPU.Build.0 = Debug|Any CPU
		{BF0E473F-C2A0-43B9-A6EC-6430FB98AA21}.Release|Any CPU.ActiveCfg = Release|Any CPU
		{BF0E473F-C2A0-43B9-A6EC-6430FB98AA21}.Release|Any CPU.Build.0 = Release|Any CPU
		{4DA5775E-EE3D-4F00-BB75-DDECC776B7D9}.Debug|Any CPU.ActiveCfg = Debug|Any CPU
		{4DA5775E-EE3D-4F00-BB75-DDECC776B7D9}.Debug|Any CPU.Build.0 = Debug|Any CPU
		{4DA5775E-EE3D-4F00-BB75-DDECC776B7D9}.Release|Any CPU.ActiveCfg = Release|Any CPU
		{4DA5775E-EE3D-4F00-BB75-DDECC776B7D9}.Release|Any CPU.Build.0 = Release|Any CPU
		{E986AC8F-11BD-4BDE-B278-AC8E010680E4}.Debug|Any CPU.ActiveCfg = Debug|Any CPU
		{E986AC8F-11BD-4BDE-B278-AC8E010680E4}.Debug|Any CPU.Build.0 = Debug|Any CPU
		{E986AC8F-11BD-4BDE-B278-AC8E010680E4}.Release|Any CPU.ActiveCfg = Release|Any CPU
		{E986AC8F-11BD-4BDE-B278-AC8E010680E4}.Release|Any CPU.Build.0 = Release|Any CPU
		{A299931B-4D89-4F07-967A-EA2F629BC2DA}.Debug|Any CPU.ActiveCfg = Debug|Any CPU
		{A299931B-4D89-4F07-967A-EA2F629BC2DA}.Debug|Any CPU.Build.0 = Debug|Any CPU
		{A299931B-4D89-4F07-967A-EA2F629BC2DA}.Release|Any CPU.ActiveCfg = Release|Any CPU
		{A299931B-4D89-4F07-967A-EA2F629BC2DA}.Release|Any CPU.Build.0 = Release|Any CPU
		{9C95759A-41FC-4893-8B86-C86AC1AEFBA6}.Debug|Any CPU.ActiveCfg = Debug|Any CPU
		{9C95759A-41FC-4893-8B86-C86AC1AEFBA6}.Debug|Any CPU.Build.0 = Debug|Any CPU
		{9C95759A-41FC-4893-8B86-C86AC1AEFBA6}.Release|Any CPU.ActiveCfg = Release|Any CPU
		{9C95759A-41FC-4893-8B86-C86AC1AEFBA6}.Release|Any CPU.Build.0 = Release|Any CPU
		{EA62B919-0FE7-4937-9EDD-29870D3D8E72}.Debug|Any CPU.ActiveCfg = Debug|Any CPU
		{EA62B919-0FE7-4937-9EDD-29870D3D8E72}.Debug|Any CPU.Build.0 = Debug|Any CPU
		{EA62B919-0FE7-4937-9EDD-29870D3D8E72}.Release|Any CPU.ActiveCfg = Release|Any CPU
		{EA62B919-0FE7-4937-9EDD-29870D3D8E72}.Release|Any CPU.Build.0 = Release|Any CPU
		{DD628053-FBCC-4D91-B4AA-A957327091CE}.Debug|Any CPU.ActiveCfg = Debug|Any CPU
		{DD628053-FBCC-4D91-B4AA-A957327091CE}.Debug|Any CPU.Build.0 = Debug|Any CPU
		{DD628053-FBCC-4D91-B4AA-A957327091CE}.Release|Any CPU.ActiveCfg = Release|Any CPU
		{DD628053-FBCC-4D91-B4AA-A957327091CE}.Release|Any CPU.Build.0 = Release|Any CPU
		{CBF857BA-F01C-4E40-9562-DDCD4470851C}.Debug|Any CPU.ActiveCfg = Debug|Any CPU
		{CBF857BA-F01C-4E40-9562-DDCD4470851C}.Debug|Any CPU.Build.0 = Debug|Any CPU
		{CBF857BA-F01C-4E40-9562-DDCD4470851C}.Release|Any CPU.ActiveCfg = Release|Any CPU
		{CBF857BA-F01C-4E40-9562-DDCD4470851C}.Release|Any CPU.Build.0 = Release|Any CPU
		{D0FB9C7E-4480-4A74-A51D-A85470853C36}.Debug|Any CPU.ActiveCfg = Debug|Any CPU
		{D0FB9C7E-4480-4A74-A51D-A85470853C36}.Debug|Any CPU.Build.0 = Debug|Any CPU
		{D0FB9C7E-4480-4A74-A51D-A85470853C36}.Release|Any CPU.ActiveCfg = Release|Any CPU
		{D0FB9C7E-4480-4A74-A51D-A85470853C36}.Release|Any CPU.Build.0 = Release|Any CPU
		{DF9DE0BD-91E9-4B1A-A893-42D26F631E2E}.Debug|Any CPU.ActiveCfg = Debug|Any CPU
		{DF9DE0BD-91E9-4B1A-A893-42D26F631E2E}.Debug|Any CPU.Build.0 = Debug|Any CPU
		{DF9DE0BD-91E9-4B1A-A893-42D26F631E2E}.Release|Any CPU.ActiveCfg = Release|Any CPU
		{DF9DE0BD-91E9-4B1A-A893-42D26F631E2E}.Release|Any CPU.Build.0 = Release|Any CPU
		{100DC1E6-B672-4FA0-92BD-819EECD2B7F9}.Debug|Any CPU.ActiveCfg = Debug|Any CPU
		{100DC1E6-B672-4FA0-92BD-819EECD2B7F9}.Debug|Any CPU.Build.0 = Debug|Any CPU
		{100DC1E6-B672-4FA0-92BD-819EECD2B7F9}.Release|Any CPU.ActiveCfg = Release|Any CPU
		{100DC1E6-B672-4FA0-92BD-819EECD2B7F9}.Release|Any CPU.Build.0 = Release|Any CPU
		{AEDBC2B8-8F53-471E-BA6C-74D70EF974E7}.Debug|Any CPU.ActiveCfg = Debug|Any CPU
		{AEDBC2B8-8F53-471E-BA6C-74D70EF974E7}.Debug|Any CPU.Build.0 = Debug|Any CPU
		{AEDBC2B8-8F53-471E-BA6C-74D70EF974E7}.Release|Any CPU.ActiveCfg = Release|Any CPU
		{AEDBC2B8-8F53-471E-BA6C-74D70EF974E7}.Release|Any CPU.Build.0 = Release|Any CPU
		{9F2C4BAE-F29A-4BDD-AE62-3D0FD4FEA24E}.Debug|Any CPU.ActiveCfg = Debug|Any CPU
		{9F2C4BAE-F29A-4BDD-AE62-3D0FD4FEA24E}.Debug|Any CPU.Build.0 = Debug|Any CPU
		{9F2C4BAE-F29A-4BDD-AE62-3D0FD4FEA24E}.Release|Any CPU.ActiveCfg = Release|Any CPU
		{9F2C4BAE-F29A-4BDD-AE62-3D0FD4FEA24E}.Release|Any CPU.Build.0 = Release|Any CPU
	EndGlobalSection
	GlobalSection(SolutionProperties) = preSolution
		HideSolutionNode = FALSE
	EndGlobalSection
	GlobalSection(NestedProjects) = preSolution
		{B06F2E37-9ED2-45B5-B7CD-0A19AA87E9DD} = {FF829757-E987-41BF-AE50-C0AA2D403CC4}
		{444D9F33-C4E3-46F0-8B54-17B9E495F627} = {B06F2E37-9ED2-45B5-B7CD-0A19AA87E9DD}
		{1DC398DA-0C6C-4A9A-95E9-EE00642095B1} = {B06F2E37-9ED2-45B5-B7CD-0A19AA87E9DD}
		{73812B04-7940-4E97-99C1-939171938817} = {B06F2E37-9ED2-45B5-B7CD-0A19AA87E9DD}
		{7DD1B9A3-116A-44F7-AC69-005EAE2AB859} = {FF829757-E987-41BF-AE50-C0AA2D403CC4}
		{111B60FA-EA9E-4B07-A721-F122105B8FD8} = {7DD1B9A3-116A-44F7-AC69-005EAE2AB859}
		{BF0E473F-C2A0-43B9-A6EC-6430FB98AA21} = {7DD1B9A3-116A-44F7-AC69-005EAE2AB859}
		{4DA5775E-EE3D-4F00-BB75-DDECC776B7D9} = {7DD1B9A3-116A-44F7-AC69-005EAE2AB859}
		{2D21E11A-6DD6-435D-B710-FFFBE367FCC4} = {FF829757-E987-41BF-AE50-C0AA2D403CC4}
		{E986AC8F-11BD-4BDE-B278-AC8E010680E4} = {2D21E11A-6DD6-435D-B710-FFFBE367FCC4}
		{A299931B-4D89-4F07-967A-EA2F629BC2DA} = {2D21E11A-6DD6-435D-B710-FFFBE367FCC4}
		{CDFE0403-68AD-46B5-86D8-F7FBDCE75FE5} = {7DD1B9A3-116A-44F7-AC69-005EAE2AB859}
		{9C95759A-41FC-4893-8B86-C86AC1AEFBA6} = {CDFE0403-68AD-46B5-86D8-F7FBDCE75FE5}
		{2B42C846-3683-448B-B1E3-70F5EA57D4A6} = {7DD1B9A3-116A-44F7-AC69-005EAE2AB859}
		{EA62B919-0FE7-4937-9EDD-29870D3D8E72} = {2B42C846-3683-448B-B1E3-70F5EA57D4A6}
		{2E2312C3-4EB5-4474-A381-10F37B7B1EE9} = {7DD1B9A3-116A-44F7-AC69-005EAE2AB859}
		{DD628053-FBCC-4D91-B4AA-A957327091CE} = {2E2312C3-4EB5-4474-A381-10F37B7B1EE9}
		{CBF857BA-F01C-4E40-9562-DDCD4470851C} = {2E2312C3-4EB5-4474-A381-10F37B7B1EE9}
		{D0FB9C7E-4480-4A74-A51D-A85470853C36} = {2E2312C3-4EB5-4474-A381-10F37B7B1EE9}
		{DF9DE0BD-91E9-4B1A-A893-42D26F631E2E} = {2E2312C3-4EB5-4474-A381-10F37B7B1EE9}
		{D5E8903C-057C-42E4-B254-D95CBC82A73D} = {FF829757-E987-41BF-AE50-C0AA2D403CC4}
		{5C51AA40-0CBD-4852-8936-103252C37298} = {D5E8903C-057C-42E4-B254-D95CBC82A73D}
		{100DC1E6-B672-4FA0-92BD-819EECD2B7F9} = {5C51AA40-0CBD-4852-8936-103252C37298}
		{DD97C5F9-B7AC-42E7-AF58-1C63976FDCA6} = {D5E8903C-057C-42E4-B254-D95CBC82A73D}
		{AEDBC2B8-8F53-471E-BA6C-74D70EF974E7} = {DD97C5F9-B7AC-42E7-AF58-1C63976FDCA6}
		{53AD3288-2D99-4034-8E8A-61B876B8BBC1} = {2D21E11A-6DD6-435D-B710-FFFBE367FCC4}
		{9F2C4BAE-F29A-4BDD-AE62-3D0FD4FEA24E} = {53AD3288-2D99-4034-8E8A-61B876B8BBC1}
	EndGlobalSection
	GlobalSection(ExtensibilityGlobals) = postSolution
		SolutionGuid = {30FC8423-42F2-41FA-82C7-EF26709A2CCB}
	EndGlobalSection
EndGlobal
