
Microsoft Visual Studio Solution File, Format Version 12.00
# Visual Studio Version 17
VisualStudioVersion = 17.5.002.0
MinimumVisualStudioVersion = 10.0.40219.1
Project("{2150E333-8FDC-42A3-9474-1A3956D46DE8}") = "src", "src", "{B9AA1CBA-9CC9-4455-917D-9CE85BCB0C6C}"
EndProject
Project("{2150E333-8FDC-42A3-9474-1A3956D46DE8}") = "agent", "agent", "{98BF6326-1A33-4510-AEC9-FB2AA2C44BAF}"
EndProject
Project("{9A19103F-16F7-4668-BE54-9A1E7A4F7556}") = "CloudPillar.Agent", "src\agent\CloudPillar.Agent\CloudPillar.Agent.csproj", "{05145FE3-697F-4B6F-8E5F-2836C8B40ED3}"
EndProject
Project("{9A19103F-16F7-4668-BE54-9A1E7A4F7556}") = "jnjiotagent", "src\agent\poc\jnjiotagent.csproj", "{255C6F6D-20C6-4D41-9A8D-F57B0F348C88}"
EndProject
Project("{9A19103F-16F7-4668-BE54-9A1E7A4F7556}") = "Agent.Tests", "src\agent\UnitTests\Agent.Tests.csproj", "{A567D48C-FDE3-416D-9C59-AF07B841E6AE}"
EndProject
Project("{2150E333-8FDC-42A3-9474-1A3956D46DE8}") = "backend", "backend", "{30DB5009-833C-447C-BB6E-216B17C81874}"
EndProject
Project("{9A19103F-16F7-4668-BE54-9A1E7A4F7556}") = "BlobStreamer", "src\backend\BlobStreamer\BlobStreamer.csproj", "{ED70B9E7-79D8-42DA-A1B5-043008FAFCD6}"
EndProject
Project("{9A19103F-16F7-4668-BE54-9A1E7A4F7556}") = "Iotlistener", "src\backend\Iotlistener\Iotlistener.csproj", "{7F04A81C-5B3A-42D6-972A-60F31C26C134}"
EndProject
Project("{9A19103F-16F7-4668-BE54-9A1E7A4F7556}") = "Keyholder", "src\backend\Keyholder\Keyholder.csproj", "{17A1387E-831A-4BCD-8F7E-AECC7E4204E3}"
EndProject
Project("{2150E333-8FDC-42A3-9474-1A3956D46DE8}") = "Shared", "Shared", "{AED8150D-1AA4-4FC6-9517-36F319350B1F}"
EndProject
Project("{9A19103F-16F7-4668-BE54-9A1E7A4F7556}") = "Entities", "src\Shared\Entities\Entities.csproj", "{99DFB318-DCD9-49F5-8893-4937BA6BDE24}"
EndProject
Project("{9A19103F-16F7-4668-BE54-9A1E7A4F7556}") = "Logger", "src\Shared\Logger\Logger.csproj", "{0F9DFB84-41C1-4CE6-8F48-6487CEB6B491}"
EndProject
Project("{2150E333-8FDC-42A3-9474-1A3956D46DE8}") = "Infra", "Infra", "{C3AB003F-3FD5-482C-8A02-ABD969C8BCD9}"
EndProject
Project("{9A19103F-16F7-4668-BE54-9A1E7A4F7556}") = "Common", "src\backend\Infra\Common\Common.csproj", "{F8CB12EC-DC7B-453C-A7EE-E68AE2C7742C}"
EndProject
Project("{2150E333-8FDC-42A3-9474-1A3956D46DE8}") = "poc", "poc", "{6F864777-C8CA-4E6E-87EA-9E5746A6C859}"
EndProject
Project("{9A19103F-16F7-4668-BE54-9A1E7A4F7556}") = "d2c-processor", "src\backend\poc\dotnet\d2c-processor.csproj", "{5B2BD61C-CB02-46FC-AB2B-489C031B5B8A}"
EndProject
Project("{2150E333-8FDC-42A3-9474-1A3956D46DE8}") = "UnitTests", "UnitTests", "{C40F0DF7-AE91-4B27-8648-055699BA4880}"
EndProject
Project("{9A19103F-16F7-4668-BE54-9A1E7A4F7556}") = "BlobStreamer.Tests", "src\backend\UnitTests\BlobStreamer.Tests\BlobStreamer.Tests.csproj", "{A079DA64-FBF6-4CC0-8504-FEA57139AF9A}"
EndProject
Project("{9A19103F-16F7-4668-BE54-9A1E7A4F7556}") = "Common.Tests", "src\backend\UnitTests\Common.Tests\Common.Tests.csproj", "{C809B1A3-334B-4CE4-9EEE-CF7051A41C5B}"
EndProject
Project("{9A19103F-16F7-4668-BE54-9A1E7A4F7556}") = "Iotlistener.Tests", "src\backend\UnitTests\Iotlistener.Tests\Iotlistener.Tests.csproj", "{41ABABE4-D2B4-4C4A-AD2F-D2FE322C606A}"
EndProject
Project("{9A19103F-16F7-4668-BE54-9A1E7A4F7556}") = "Keyholder.Tests", "src\backend\UnitTests\Keyholder.Tests\Keyholder.Tests.csproj", "{094DF4B5-317F-496E-82EF-B1B0D1167814}"
EndProject
Project("{2150E333-8FDC-42A3-9474-1A3956D46DE8}") = "dicom-service-poc", "dicom-service-poc", "{CAF50F97-693B-4D06-A09C-48A856D9064F}"
EndProject
Project("{2150E333-8FDC-42A3-9474-1A3956D46DE8}") = "agent", "agent", "{493C0B5B-1DEF-4AF0-AB8D-7E1878ED69BB}"
EndProject
Project("{9A19103F-16F7-4668-BE54-9A1E7A4F7556}") = "dicom-service-agent", "src\dicom-service-poc\agent\dotnet\dicom-service-agent.csproj", "{4CBC862B-7DEB-461A-B7CA-1F87A2B1B684}"
EndProject
Project("{2150E333-8FDC-42A3-9474-1A3956D46DE8}") = "backend", "backend", "{7C034F3F-FF6A-4381-A0A6-6E63E4DCCDD5}"
EndProject
Project("{9A19103F-16F7-4668-BE54-9A1E7A4F7556}") = "dicom-service-backend", "src\dicom-service-poc\backend\dotnet\dicom-service-backend.csproj", "{31CFCD1A-8A10-4E88-A79E-327E7C3289D0}"
EndProject
Project("{2150E333-8FDC-42A3-9474-1A3956D46DE8}") = "UnitTests", "UnitTests", "{D12019DC-947B-40F5-AC32-1859B653F7B0}"
EndProject
Project("{9A19103F-16F7-4668-BE54-9A1E7A4F7556}") = "Logger.Tests", "src\Shared\UnitTests\Logger.Tests\Logger.Tests.csproj", "{C2F4D9C3-9634-42CE-B5B2-CB0823847171}"
EndProject
Global
	GlobalSection(SolutionConfigurationPlatforms) = preSolution
		Debug|Any CPU = Debug|Any CPU
		Release|Any CPU = Release|Any CPU
	EndGlobalSection
	GlobalSection(ProjectConfigurationPlatforms) = postSolution
		{05145FE3-697F-4B6F-8E5F-2836C8B40ED3}.Debug|Any CPU.ActiveCfg = Debug|Any CPU
		{05145FE3-697F-4B6F-8E5F-2836C8B40ED3}.Debug|Any CPU.Build.0 = Debug|Any CPU
		{05145FE3-697F-4B6F-8E5F-2836C8B40ED3}.Release|Any CPU.ActiveCfg = Release|Any CPU
		{05145FE3-697F-4B6F-8E5F-2836C8B40ED3}.Release|Any CPU.Build.0 = Release|Any CPU
		{255C6F6D-20C6-4D41-9A8D-F57B0F348C88}.Debug|Any CPU.ActiveCfg = Debug|Any CPU
		{255C6F6D-20C6-4D41-9A8D-F57B0F348C88}.Debug|Any CPU.Build.0 = Debug|Any CPU
		{255C6F6D-20C6-4D41-9A8D-F57B0F348C88}.Release|Any CPU.ActiveCfg = Release|Any CPU
		{255C6F6D-20C6-4D41-9A8D-F57B0F348C88}.Release|Any CPU.Build.0 = Release|Any CPU
		{A567D48C-FDE3-416D-9C59-AF07B841E6AE}.Debug|Any CPU.ActiveCfg = Debug|Any CPU
		{A567D48C-FDE3-416D-9C59-AF07B841E6AE}.Debug|Any CPU.Build.0 = Debug|Any CPU
		{A567D48C-FDE3-416D-9C59-AF07B841E6AE}.Release|Any CPU.ActiveCfg = Release|Any CPU
		{A567D48C-FDE3-416D-9C59-AF07B841E6AE}.Release|Any CPU.Build.0 = Release|Any CPU
		{ED70B9E7-79D8-42DA-A1B5-043008FAFCD6}.Debug|Any CPU.ActiveCfg = Debug|Any CPU
		{ED70B9E7-79D8-42DA-A1B5-043008FAFCD6}.Debug|Any CPU.Build.0 = Debug|Any CPU
		{ED70B9E7-79D8-42DA-A1B5-043008FAFCD6}.Release|Any CPU.ActiveCfg = Release|Any CPU
		{ED70B9E7-79D8-42DA-A1B5-043008FAFCD6}.Release|Any CPU.Build.0 = Release|Any CPU
		{7F04A81C-5B3A-42D6-972A-60F31C26C134}.Debug|Any CPU.ActiveCfg = Debug|Any CPU
		{7F04A81C-5B3A-42D6-972A-60F31C26C134}.Debug|Any CPU.Build.0 = Debug|Any CPU
		{7F04A81C-5B3A-42D6-972A-60F31C26C134}.Release|Any CPU.ActiveCfg = Release|Any CPU
		{7F04A81C-5B3A-42D6-972A-60F31C26C134}.Release|Any CPU.Build.0 = Release|Any CPU
		{17A1387E-831A-4BCD-8F7E-AECC7E4204E3}.Debug|Any CPU.ActiveCfg = Debug|Any CPU
		{17A1387E-831A-4BCD-8F7E-AECC7E4204E3}.Debug|Any CPU.Build.0 = Debug|Any CPU
		{17A1387E-831A-4BCD-8F7E-AECC7E4204E3}.Release|Any CPU.ActiveCfg = Release|Any CPU
		{17A1387E-831A-4BCD-8F7E-AECC7E4204E3}.Release|Any CPU.Build.0 = Release|Any CPU
		{99DFB318-DCD9-49F5-8893-4937BA6BDE24}.Debug|Any CPU.ActiveCfg = Debug|Any CPU
		{99DFB318-DCD9-49F5-8893-4937BA6BDE24}.Debug|Any CPU.Build.0 = Debug|Any CPU
		{99DFB318-DCD9-49F5-8893-4937BA6BDE24}.Release|Any CPU.ActiveCfg = Release|Any CPU
		{99DFB318-DCD9-49F5-8893-4937BA6BDE24}.Release|Any CPU.Build.0 = Release|Any CPU
		{0F9DFB84-41C1-4CE6-8F48-6487CEB6B491}.Debug|Any CPU.ActiveCfg = Debug|Any CPU
		{0F9DFB84-41C1-4CE6-8F48-6487CEB6B491}.Debug|Any CPU.Build.0 = Debug|Any CPU
		{0F9DFB84-41C1-4CE6-8F48-6487CEB6B491}.Release|Any CPU.ActiveCfg = Release|Any CPU
		{0F9DFB84-41C1-4CE6-8F48-6487CEB6B491}.Release|Any CPU.Build.0 = Release|Any CPU
		{F8CB12EC-DC7B-453C-A7EE-E68AE2C7742C}.Debug|Any CPU.ActiveCfg = Debug|Any CPU
		{F8CB12EC-DC7B-453C-A7EE-E68AE2C7742C}.Debug|Any CPU.Build.0 = Debug|Any CPU
		{F8CB12EC-DC7B-453C-A7EE-E68AE2C7742C}.Release|Any CPU.ActiveCfg = Release|Any CPU
		{F8CB12EC-DC7B-453C-A7EE-E68AE2C7742C}.Release|Any CPU.Build.0 = Release|Any CPU
		{5B2BD61C-CB02-46FC-AB2B-489C031B5B8A}.Debug|Any CPU.ActiveCfg = Debug|Any CPU
		{5B2BD61C-CB02-46FC-AB2B-489C031B5B8A}.Debug|Any CPU.Build.0 = Debug|Any CPU
		{5B2BD61C-CB02-46FC-AB2B-489C031B5B8A}.Release|Any CPU.ActiveCfg = Release|Any CPU
		{5B2BD61C-CB02-46FC-AB2B-489C031B5B8A}.Release|Any CPU.Build.0 = Release|Any CPU
		{A079DA64-FBF6-4CC0-8504-FEA57139AF9A}.Debug|Any CPU.ActiveCfg = Debug|Any CPU
		{A079DA64-FBF6-4CC0-8504-FEA57139AF9A}.Debug|Any CPU.Build.0 = Debug|Any CPU
		{A079DA64-FBF6-4CC0-8504-FEA57139AF9A}.Release|Any CPU.ActiveCfg = Release|Any CPU
		{A079DA64-FBF6-4CC0-8504-FEA57139AF9A}.Release|Any CPU.Build.0 = Release|Any CPU
		{C809B1A3-334B-4CE4-9EEE-CF7051A41C5B}.Debug|Any CPU.ActiveCfg = Debug|Any CPU
		{C809B1A3-334B-4CE4-9EEE-CF7051A41C5B}.Debug|Any CPU.Build.0 = Debug|Any CPU
		{C809B1A3-334B-4CE4-9EEE-CF7051A41C5B}.Release|Any CPU.ActiveCfg = Release|Any CPU
		{C809B1A3-334B-4CE4-9EEE-CF7051A41C5B}.Release|Any CPU.Build.0 = Release|Any CPU
		{41ABABE4-D2B4-4C4A-AD2F-D2FE322C606A}.Debug|Any CPU.ActiveCfg = Debug|Any CPU
		{41ABABE4-D2B4-4C4A-AD2F-D2FE322C606A}.Debug|Any CPU.Build.0 = Debug|Any CPU
		{41ABABE4-D2B4-4C4A-AD2F-D2FE322C606A}.Release|Any CPU.ActiveCfg = Release|Any CPU
		{41ABABE4-D2B4-4C4A-AD2F-D2FE322C606A}.Release|Any CPU.Build.0 = Release|Any CPU
		{094DF4B5-317F-496E-82EF-B1B0D1167814}.Debug|Any CPU.ActiveCfg = Debug|Any CPU
		{094DF4B5-317F-496E-82EF-B1B0D1167814}.Debug|Any CPU.Build.0 = Debug|Any CPU
		{094DF4B5-317F-496E-82EF-B1B0D1167814}.Release|Any CPU.ActiveCfg = Release|Any CPU
		{094DF4B5-317F-496E-82EF-B1B0D1167814}.Release|Any CPU.Build.0 = Release|Any CPU
		{4CBC862B-7DEB-461A-B7CA-1F87A2B1B684}.Debug|Any CPU.ActiveCfg = Debug|Any CPU
		{4CBC862B-7DEB-461A-B7CA-1F87A2B1B684}.Debug|Any CPU.Build.0 = Debug|Any CPU
		{4CBC862B-7DEB-461A-B7CA-1F87A2B1B684}.Release|Any CPU.ActiveCfg = Release|Any CPU
		{4CBC862B-7DEB-461A-B7CA-1F87A2B1B684}.Release|Any CPU.Build.0 = Release|Any CPU
		{31CFCD1A-8A10-4E88-A79E-327E7C3289D0}.Debug|Any CPU.ActiveCfg = Debug|Any CPU
		{31CFCD1A-8A10-4E88-A79E-327E7C3289D0}.Debug|Any CPU.Build.0 = Debug|Any CPU
		{31CFCD1A-8A10-4E88-A79E-327E7C3289D0}.Release|Any CPU.ActiveCfg = Release|Any CPU
		{31CFCD1A-8A10-4E88-A79E-327E7C3289D0}.Release|Any CPU.Build.0 = Release|Any CPU
		{C2F4D9C3-9634-42CE-B5B2-CB0823847171}.Debug|Any CPU.ActiveCfg = Debug|Any CPU
		{C2F4D9C3-9634-42CE-B5B2-CB0823847171}.Debug|Any CPU.Build.0 = Debug|Any CPU
		{C2F4D9C3-9634-42CE-B5B2-CB0823847171}.Release|Any CPU.ActiveCfg = Release|Any CPU
		{C2F4D9C3-9634-42CE-B5B2-CB0823847171}.Release|Any CPU.Build.0 = Release|Any CPU
	EndGlobalSection
	GlobalSection(SolutionProperties) = preSolution
		HideSolutionNode = FALSE
	EndGlobalSection
	GlobalSection(NestedProjects) = preSolution
		{98BF6326-1A33-4510-AEC9-FB2AA2C44BAF} = {B9AA1CBA-9CC9-4455-917D-9CE85BCB0C6C}
		{05145FE3-697F-4B6F-8E5F-2836C8B40ED3} = {98BF6326-1A33-4510-AEC9-FB2AA2C44BAF}
		{255C6F6D-20C6-4D41-9A8D-F57B0F348C88} = {98BF6326-1A33-4510-AEC9-FB2AA2C44BAF}
		{A567D48C-FDE3-416D-9C59-AF07B841E6AE} = {98BF6326-1A33-4510-AEC9-FB2AA2C44BAF}
		{30DB5009-833C-447C-BB6E-216B17C81874} = {B9AA1CBA-9CC9-4455-917D-9CE85BCB0C6C}
		{ED70B9E7-79D8-42DA-A1B5-043008FAFCD6} = {30DB5009-833C-447C-BB6E-216B17C81874}
		{7F04A81C-5B3A-42D6-972A-60F31C26C134} = {30DB5009-833C-447C-BB6E-216B17C81874}
		{17A1387E-831A-4BCD-8F7E-AECC7E4204E3} = {30DB5009-833C-447C-BB6E-216B17C81874}
		{AED8150D-1AA4-4FC6-9517-36F319350B1F} = {B9AA1CBA-9CC9-4455-917D-9CE85BCB0C6C}
		{99DFB318-DCD9-49F5-8893-4937BA6BDE24} = {AED8150D-1AA4-4FC6-9517-36F319350B1F}
		{0F9DFB84-41C1-4CE6-8F48-6487CEB6B491} = {AED8150D-1AA4-4FC6-9517-36F319350B1F}
		{C3AB003F-3FD5-482C-8A02-ABD969C8BCD9} = {30DB5009-833C-447C-BB6E-216B17C81874}
		{F8CB12EC-DC7B-453C-A7EE-E68AE2C7742C} = {C3AB003F-3FD5-482C-8A02-ABD969C8BCD9}
		{6F864777-C8CA-4E6E-87EA-9E5746A6C859} = {30DB5009-833C-447C-BB6E-216B17C81874}
		{5B2BD61C-CB02-46FC-AB2B-489C031B5B8A} = {6F864777-C8CA-4E6E-87EA-9E5746A6C859}
		{C40F0DF7-AE91-4B27-8648-055699BA4880} = {30DB5009-833C-447C-BB6E-216B17C81874}
		{A079DA64-FBF6-4CC0-8504-FEA57139AF9A} = {C40F0DF7-AE91-4B27-8648-055699BA4880}
		{C809B1A3-334B-4CE4-9EEE-CF7051A41C5B} = {C40F0DF7-AE91-4B27-8648-055699BA4880}
		{41ABABE4-D2B4-4C4A-AD2F-D2FE322C606A} = {C40F0DF7-AE91-4B27-8648-055699BA4880}
		{094DF4B5-317F-496E-82EF-B1B0D1167814} = {C40F0DF7-AE91-4B27-8648-055699BA4880}
		{CAF50F97-693B-4D06-A09C-48A856D9064F} = {B9AA1CBA-9CC9-4455-917D-9CE85BCB0C6C}
		{493C0B5B-1DEF-4AF0-AB8D-7E1878ED69BB} = {CAF50F97-693B-4D06-A09C-48A856D9064F}
		{4CBC862B-7DEB-461A-B7CA-1F87A2B1B684} = {493C0B5B-1DEF-4AF0-AB8D-7E1878ED69BB}
		{7C034F3F-FF6A-4381-A0A6-6E63E4DCCDD5} = {CAF50F97-693B-4D06-A09C-48A856D9064F}
		{31CFCD1A-8A10-4E88-A79E-327E7C3289D0} = {7C034F3F-FF6A-4381-A0A6-6E63E4DCCDD5}
		{D12019DC-947B-40F5-AC32-1859B653F7B0} = {AED8150D-1AA4-4FC6-9517-36F319350B1F}
		{C2F4D9C3-9634-42CE-B5B2-CB0823847171} = {D12019DC-947B-40F5-AC32-1859B653F7B0}
	EndGlobalSection
	GlobalSection(ExtensibilityGlobals) = postSolution
		SolutionGuid = {B96DAEED-3BB8-407C-ADF8-8EB2223BE185}
	EndGlobalSection
EndGlobal
