
Microsoft Visual Studio Solution File, Format Version 12.00
# Visual Studio Version 17
VisualStudioVersion = 17.5.002.0
MinimumVisualStudioVersion = 10.0.40219.1
Project("{2150E333-8FDC-42A3-9474-1A3956D46DE8}") = "src", "src", "{FF1D2668-0DC3-4671-9B27-E72A8046D9E7}"
EndProject
Project("{2150E333-8FDC-42A3-9474-1A3956D46DE8}") = "agent", "agent", "{17768063-3A77-4CF2-BB8C-EDB53CF27C7B}"
EndProject
Project("{9A19103F-16F7-4668-BE54-9A1E7A4F7556}") = "CloudPillar.Agent", "src\agent\CloudPillar.Agent\CloudPillar.Agent.csproj", "{D323CA43-5C22-4A82-977A-88A6753A1E34}"
EndProject
Project("{9A19103F-16F7-4668-BE54-9A1E7A4F7556}") = "jnjiotagent", "src\agent\poc\jnjiotagent.csproj", "{7F9D1CAC-6A21-49F8-9C0C-9D72818EF765}"
EndProject
Project("{9A19103F-16F7-4668-BE54-9A1E7A4F7556}") = "Agent.Tests", "src\agent\UnitTests\Agent.Tests.csproj", "{7C1F5454-09F0-4B6C-B0A7-51FA4CA04537}"
EndProject
Project("{2150E333-8FDC-42A3-9474-1A3956D46DE8}") = "backend", "backend", "{B04A2402-A3AD-4C2B-93E9-E31A6AC098D4}"
EndProject
Project("{9A19103F-16F7-4668-BE54-9A1E7A4F7556}") = "BEApi", "src\backend\BEApi\BEApi.csproj", "{D3B2891A-E395-47A8-90FF-0D5D0B5C2E10}"
EndProject
Project("{9A19103F-16F7-4668-BE54-9A1E7A4F7556}") = "BlobStreamer", "src\backend\BlobStreamer\BlobStreamer.csproj", "{45CD1D9B-4F2D-4415-852B-59063283E2E8}"
EndProject
Project("{9A19103F-16F7-4668-BE54-9A1E7A4F7556}") = "Iotlistener", "src\backend\Iotlistener\Iotlistener.csproj", "{2919B98F-1E29-49E7-94AC-BB14A57EAFFA}"
EndProject
Project("{9A19103F-16F7-4668-BE54-9A1E7A4F7556}") = "Keyholder", "src\backend\Keyholder\Keyholder.csproj", "{332EC984-F82C-4078-B9CD-B0641133A212}"
EndProject
Project("{2150E333-8FDC-42A3-9474-1A3956D46DE8}") = "Shared", "Shared", "{4EF00CEE-CBF3-49EB-BFCC-6EEF8ADF97C0}"
EndProject
Project("{9A19103F-16F7-4668-BE54-9A1E7A4F7556}") = "Entities", "src\Shared\Entities\Entities.csproj", "{9CAB3C11-A274-4FA8-A7E5-6147C35A3130}"
EndProject
Project("{9A19103F-16F7-4668-BE54-9A1E7A4F7556}") = "Logger", "src\Shared\Logger\Logger.csproj", "{7AB34755-4B6B-4B60-8BC0-80B7F461BD35}"
EndProject
Project("{2150E333-8FDC-42A3-9474-1A3956D46DE8}") = "Infra", "Infra", "{D888990F-CDDF-45C3-97F2-54B052374C06}"
EndProject
Project("{9A19103F-16F7-4668-BE54-9A1E7A4F7556}") = "Common", "src\backend\Infra\Common\Common.csproj", "{59E8B255-423D-4CE6-AD17-B82707EC8E6C}"
EndProject
Project("{2150E333-8FDC-42A3-9474-1A3956D46DE8}") = "poc", "poc", "{4177B2B0-57B7-43F4-B949-C1136AAD80EF}"
EndProject
Project("{9A19103F-16F7-4668-BE54-9A1E7A4F7556}") = "d2c-processor", "src\backend\poc\dotnet\d2c-processor.csproj", "{4121225F-C59C-4187-B00F-B9E1D3CB74F1}"
EndProject
Project("{2150E333-8FDC-42A3-9474-1A3956D46DE8}") = "UnitTests", "UnitTests", "{F40BC8C8-293B-4CEC-AC86-A2C70A30AFF0}"
EndProject
Project("{9A19103F-16F7-4668-BE54-9A1E7A4F7556}") = "BEApi.Tests", "src\backend\UnitTests\BEApi.Tests\BEApi.Tests.csproj", "{BC0B20A0-4A6D-42CB-9D1A-1EF7F11CB572}"
EndProject
Project("{9A19103F-16F7-4668-BE54-9A1E7A4F7556}") = "BlobStreamer.Tests", "src\backend\UnitTests\BlobStreamer.Tests\BlobStreamer.Tests.csproj", "{E4C7977A-1032-41F3-816E-F660A4DD9571}"
EndProject
Project("{9A19103F-16F7-4668-BE54-9A1E7A4F7556}") = "Common.Tests", "src\backend\UnitTests\Common.Tests\Common.Tests.csproj", "{D2633545-F3F7-431C-8588-67C2CB4FECEB}"
EndProject
Project("{9A19103F-16F7-4668-BE54-9A1E7A4F7556}") = "Entities.Tests", "src\backend\UnitTests\Entities.Tests\Entities.Tests.csproj", "{43B7DD67-761D-4265-8D58-82F69A168C7D}"
EndProject
Project("{9A19103F-16F7-4668-BE54-9A1E7A4F7556}") = "Iotlistener.Tests", "src\backend\UnitTests\Iotlistener.Tests\Iotlistener.Tests.csproj", "{F03AB4F1-5F99-4FF5-B450-2FFA2C192034}"
EndProject
Project("{9A19103F-16F7-4668-BE54-9A1E7A4F7556}") = "Keyholder.Tests", "src\backend\UnitTests\Keyholder.Tests\Keyholder.Tests.csproj", "{8FBC2D71-7137-4790-89E3-3D57A56D0698}"
EndProject
Project("{2150E333-8FDC-42A3-9474-1A3956D46DE8}") = "dicom-service-poc", "dicom-service-poc", "{AD86FEE4-1426-487D-93DC-57E35690CD9D}"
EndProject
Project("{2150E333-8FDC-42A3-9474-1A3956D46DE8}") = "agent", "agent", "{E92FBEE7-0828-4383-990D-F0E7F0C19766}"
EndProject
Project("{9A19103F-16F7-4668-BE54-9A1E7A4F7556}") = "dicom-service-agent", "src\dicom-service-poc\agent\dotnet\dicom-service-agent.csproj", "{44F2E656-6F26-42B9-80A4-8231ABBD5A12}"
EndProject
Project("{2150E333-8FDC-42A3-9474-1A3956D46DE8}") = "backend", "backend", "{69DFAC96-CF37-4442-A07A-30233E03D2F2}"
EndProject
Project("{9A19103F-16F7-4668-BE54-9A1E7A4F7556}") = "dicom-service-backend", "src\dicom-service-poc\backend\dotnet\dicom-service-backend.csproj", "{431031DB-AC02-4C89-B641-88395D15F282}"
EndProject
Project("{2150E333-8FDC-42A3-9474-1A3956D46DE8}") = "UnitTests", "UnitTests", "{6BFB236A-0D41-4126-B531-00A2D50E4D0F}"
EndProject
Project("{9A19103F-16F7-4668-BE54-9A1E7A4F7556}") = "Logger.Tests", "src\Shared\UnitTests\Logger.Tests\Logger.Tests.csproj", "{8845A315-E887-48BB-9656-F29FCA930DB8}"
EndProject
Global
	GlobalSection(SolutionConfigurationPlatforms) = preSolution
		Debug|Any CPU = Debug|Any CPU
		Release|Any CPU = Release|Any CPU
	EndGlobalSection
	GlobalSection(ProjectConfigurationPlatforms) = postSolution
		{D323CA43-5C22-4A82-977A-88A6753A1E34}.Debug|Any CPU.ActiveCfg = Debug|Any CPU
		{D323CA43-5C22-4A82-977A-88A6753A1E34}.Debug|Any CPU.Build.0 = Debug|Any CPU
		{D323CA43-5C22-4A82-977A-88A6753A1E34}.Release|Any CPU.ActiveCfg = Release|Any CPU
		{D323CA43-5C22-4A82-977A-88A6753A1E34}.Release|Any CPU.Build.0 = Release|Any CPU
		{7F9D1CAC-6A21-49F8-9C0C-9D72818EF765}.Debug|Any CPU.ActiveCfg = Debug|Any CPU
		{7F9D1CAC-6A21-49F8-9C0C-9D72818EF765}.Debug|Any CPU.Build.0 = Debug|Any CPU
		{7F9D1CAC-6A21-49F8-9C0C-9D72818EF765}.Release|Any CPU.ActiveCfg = Release|Any CPU
		{7F9D1CAC-6A21-49F8-9C0C-9D72818EF765}.Release|Any CPU.Build.0 = Release|Any CPU
		{7C1F5454-09F0-4B6C-B0A7-51FA4CA04537}.Debug|Any CPU.ActiveCfg = Debug|Any CPU
		{7C1F5454-09F0-4B6C-B0A7-51FA4CA04537}.Debug|Any CPU.Build.0 = Debug|Any CPU
		{7C1F5454-09F0-4B6C-B0A7-51FA4CA04537}.Release|Any CPU.ActiveCfg = Release|Any CPU
		{7C1F5454-09F0-4B6C-B0A7-51FA4CA04537}.Release|Any CPU.Build.0 = Release|Any CPU
		{D3B2891A-E395-47A8-90FF-0D5D0B5C2E10}.Debug|Any CPU.ActiveCfg = Debug|Any CPU
		{D3B2891A-E395-47A8-90FF-0D5D0B5C2E10}.Debug|Any CPU.Build.0 = Debug|Any CPU
		{D3B2891A-E395-47A8-90FF-0D5D0B5C2E10}.Release|Any CPU.ActiveCfg = Release|Any CPU
		{D3B2891A-E395-47A8-90FF-0D5D0B5C2E10}.Release|Any CPU.Build.0 = Release|Any CPU
		{45CD1D9B-4F2D-4415-852B-59063283E2E8}.Debug|Any CPU.ActiveCfg = Debug|Any CPU
		{45CD1D9B-4F2D-4415-852B-59063283E2E8}.Debug|Any CPU.Build.0 = Debug|Any CPU
		{45CD1D9B-4F2D-4415-852B-59063283E2E8}.Release|Any CPU.ActiveCfg = Release|Any CPU
		{45CD1D9B-4F2D-4415-852B-59063283E2E8}.Release|Any CPU.Build.0 = Release|Any CPU
		{2919B98F-1E29-49E7-94AC-BB14A57EAFFA}.Debug|Any CPU.ActiveCfg = Debug|Any CPU
		{2919B98F-1E29-49E7-94AC-BB14A57EAFFA}.Debug|Any CPU.Build.0 = Debug|Any CPU
		{2919B98F-1E29-49E7-94AC-BB14A57EAFFA}.Release|Any CPU.ActiveCfg = Release|Any CPU
		{2919B98F-1E29-49E7-94AC-BB14A57EAFFA}.Release|Any CPU.Build.0 = Release|Any CPU
		{332EC984-F82C-4078-B9CD-B0641133A212}.Debug|Any CPU.ActiveCfg = Debug|Any CPU
		{332EC984-F82C-4078-B9CD-B0641133A212}.Debug|Any CPU.Build.0 = Debug|Any CPU
		{332EC984-F82C-4078-B9CD-B0641133A212}.Release|Any CPU.ActiveCfg = Release|Any CPU
		{332EC984-F82C-4078-B9CD-B0641133A212}.Release|Any CPU.Build.0 = Release|Any CPU
		{9CAB3C11-A274-4FA8-A7E5-6147C35A3130}.Debug|Any CPU.ActiveCfg = Debug|Any CPU
		{9CAB3C11-A274-4FA8-A7E5-6147C35A3130}.Debug|Any CPU.Build.0 = Debug|Any CPU
		{9CAB3C11-A274-4FA8-A7E5-6147C35A3130}.Release|Any CPU.ActiveCfg = Release|Any CPU
		{9CAB3C11-A274-4FA8-A7E5-6147C35A3130}.Release|Any CPU.Build.0 = Release|Any CPU
		{7AB34755-4B6B-4B60-8BC0-80B7F461BD35}.Debug|Any CPU.ActiveCfg = Debug|Any CPU
		{7AB34755-4B6B-4B60-8BC0-80B7F461BD35}.Debug|Any CPU.Build.0 = Debug|Any CPU
		{7AB34755-4B6B-4B60-8BC0-80B7F461BD35}.Release|Any CPU.ActiveCfg = Release|Any CPU
		{7AB34755-4B6B-4B60-8BC0-80B7F461BD35}.Release|Any CPU.Build.0 = Release|Any CPU
		{59E8B255-423D-4CE6-AD17-B82707EC8E6C}.Debug|Any CPU.ActiveCfg = Debug|Any CPU
		{59E8B255-423D-4CE6-AD17-B82707EC8E6C}.Debug|Any CPU.Build.0 = Debug|Any CPU
		{59E8B255-423D-4CE6-AD17-B82707EC8E6C}.Release|Any CPU.ActiveCfg = Release|Any CPU
		{59E8B255-423D-4CE6-AD17-B82707EC8E6C}.Release|Any CPU.Build.0 = Release|Any CPU
		{4121225F-C59C-4187-B00F-B9E1D3CB74F1}.Debug|Any CPU.ActiveCfg = Debug|Any CPU
		{4121225F-C59C-4187-B00F-B9E1D3CB74F1}.Debug|Any CPU.Build.0 = Debug|Any CPU
		{4121225F-C59C-4187-B00F-B9E1D3CB74F1}.Release|Any CPU.ActiveCfg = Release|Any CPU
		{4121225F-C59C-4187-B00F-B9E1D3CB74F1}.Release|Any CPU.Build.0 = Release|Any CPU
		{BC0B20A0-4A6D-42CB-9D1A-1EF7F11CB572}.Debug|Any CPU.ActiveCfg = Debug|Any CPU
		{BC0B20A0-4A6D-42CB-9D1A-1EF7F11CB572}.Debug|Any CPU.Build.0 = Debug|Any CPU
		{BC0B20A0-4A6D-42CB-9D1A-1EF7F11CB572}.Release|Any CPU.ActiveCfg = Release|Any CPU
		{BC0B20A0-4A6D-42CB-9D1A-1EF7F11CB572}.Release|Any CPU.Build.0 = Release|Any CPU
		{E4C7977A-1032-41F3-816E-F660A4DD9571}.Debug|Any CPU.ActiveCfg = Debug|Any CPU
		{E4C7977A-1032-41F3-816E-F660A4DD9571}.Debug|Any CPU.Build.0 = Debug|Any CPU
		{E4C7977A-1032-41F3-816E-F660A4DD9571}.Release|Any CPU.ActiveCfg = Release|Any CPU
		{E4C7977A-1032-41F3-816E-F660A4DD9571}.Release|Any CPU.Build.0 = Release|Any CPU
		{D2633545-F3F7-431C-8588-67C2CB4FECEB}.Debug|Any CPU.ActiveCfg = Debug|Any CPU
		{D2633545-F3F7-431C-8588-67C2CB4FECEB}.Debug|Any CPU.Build.0 = Debug|Any CPU
		{D2633545-F3F7-431C-8588-67C2CB4FECEB}.Release|Any CPU.ActiveCfg = Release|Any CPU
		{D2633545-F3F7-431C-8588-67C2CB4FECEB}.Release|Any CPU.Build.0 = Release|Any CPU
		{43B7DD67-761D-4265-8D58-82F69A168C7D}.Debug|Any CPU.ActiveCfg = Debug|Any CPU
		{43B7DD67-761D-4265-8D58-82F69A168C7D}.Debug|Any CPU.Build.0 = Debug|Any CPU
		{43B7DD67-761D-4265-8D58-82F69A168C7D}.Release|Any CPU.ActiveCfg = Release|Any CPU
		{43B7DD67-761D-4265-8D58-82F69A168C7D}.Release|Any CPU.Build.0 = Release|Any CPU
		{F03AB4F1-5F99-4FF5-B450-2FFA2C192034}.Debug|Any CPU.ActiveCfg = Debug|Any CPU
		{F03AB4F1-5F99-4FF5-B450-2FFA2C192034}.Debug|Any CPU.Build.0 = Debug|Any CPU
		{F03AB4F1-5F99-4FF5-B450-2FFA2C192034}.Release|Any CPU.ActiveCfg = Release|Any CPU
		{F03AB4F1-5F99-4FF5-B450-2FFA2C192034}.Release|Any CPU.Build.0 = Release|Any CPU
		{8FBC2D71-7137-4790-89E3-3D57A56D0698}.Debug|Any CPU.ActiveCfg = Debug|Any CPU
		{8FBC2D71-7137-4790-89E3-3D57A56D0698}.Debug|Any CPU.Build.0 = Debug|Any CPU
		{8FBC2D71-7137-4790-89E3-3D57A56D0698}.Release|Any CPU.ActiveCfg = Release|Any CPU
		{8FBC2D71-7137-4790-89E3-3D57A56D0698}.Release|Any CPU.Build.0 = Release|Any CPU
		{44F2E656-6F26-42B9-80A4-8231ABBD5A12}.Debug|Any CPU.ActiveCfg = Debug|Any CPU
		{44F2E656-6F26-42B9-80A4-8231ABBD5A12}.Debug|Any CPU.Build.0 = Debug|Any CPU
		{44F2E656-6F26-42B9-80A4-8231ABBD5A12}.Release|Any CPU.ActiveCfg = Release|Any CPU
		{44F2E656-6F26-42B9-80A4-8231ABBD5A12}.Release|Any CPU.Build.0 = Release|Any CPU
		{431031DB-AC02-4C89-B641-88395D15F282}.Debug|Any CPU.ActiveCfg = Debug|Any CPU
		{431031DB-AC02-4C89-B641-88395D15F282}.Debug|Any CPU.Build.0 = Debug|Any CPU
		{431031DB-AC02-4C89-B641-88395D15F282}.Release|Any CPU.ActiveCfg = Release|Any CPU
		{431031DB-AC02-4C89-B641-88395D15F282}.Release|Any CPU.Build.0 = Release|Any CPU
		{8845A315-E887-48BB-9656-F29FCA930DB8}.Debug|Any CPU.ActiveCfg = Debug|Any CPU
		{8845A315-E887-48BB-9656-F29FCA930DB8}.Debug|Any CPU.Build.0 = Debug|Any CPU
		{8845A315-E887-48BB-9656-F29FCA930DB8}.Release|Any CPU.ActiveCfg = Release|Any CPU
		{8845A315-E887-48BB-9656-F29FCA930DB8}.Release|Any CPU.Build.0 = Release|Any CPU
	EndGlobalSection
	GlobalSection(SolutionProperties) = preSolution
		HideSolutionNode = FALSE
	EndGlobalSection
	GlobalSection(NestedProjects) = preSolution
		{17768063-3A77-4CF2-BB8C-EDB53CF27C7B} = {FF1D2668-0DC3-4671-9B27-E72A8046D9E7}
		{D323CA43-5C22-4A82-977A-88A6753A1E34} = {17768063-3A77-4CF2-BB8C-EDB53CF27C7B}
		{7F9D1CAC-6A21-49F8-9C0C-9D72818EF765} = {17768063-3A77-4CF2-BB8C-EDB53CF27C7B}
		{7C1F5454-09F0-4B6C-B0A7-51FA4CA04537} = {17768063-3A77-4CF2-BB8C-EDB53CF27C7B}
		{B04A2402-A3AD-4C2B-93E9-E31A6AC098D4} = {FF1D2668-0DC3-4671-9B27-E72A8046D9E7}
		{D3B2891A-E395-47A8-90FF-0D5D0B5C2E10} = {B04A2402-A3AD-4C2B-93E9-E31A6AC098D4}
		{45CD1D9B-4F2D-4415-852B-59063283E2E8} = {B04A2402-A3AD-4C2B-93E9-E31A6AC098D4}
		{2919B98F-1E29-49E7-94AC-BB14A57EAFFA} = {B04A2402-A3AD-4C2B-93E9-E31A6AC098D4}
		{332EC984-F82C-4078-B9CD-B0641133A212} = {B04A2402-A3AD-4C2B-93E9-E31A6AC098D4}
		{4EF00CEE-CBF3-49EB-BFCC-6EEF8ADF97C0} = {FF1D2668-0DC3-4671-9B27-E72A8046D9E7}
		{9CAB3C11-A274-4FA8-A7E5-6147C35A3130} = {4EF00CEE-CBF3-49EB-BFCC-6EEF8ADF97C0}
		{7AB34755-4B6B-4B60-8BC0-80B7F461BD35} = {4EF00CEE-CBF3-49EB-BFCC-6EEF8ADF97C0}
		{D888990F-CDDF-45C3-97F2-54B052374C06} = {B04A2402-A3AD-4C2B-93E9-E31A6AC098D4}
		{59E8B255-423D-4CE6-AD17-B82707EC8E6C} = {D888990F-CDDF-45C3-97F2-54B052374C06}
		{4177B2B0-57B7-43F4-B949-C1136AAD80EF} = {B04A2402-A3AD-4C2B-93E9-E31A6AC098D4}
		{4121225F-C59C-4187-B00F-B9E1D3CB74F1} = {4177B2B0-57B7-43F4-B949-C1136AAD80EF}
		{F40BC8C8-293B-4CEC-AC86-A2C70A30AFF0} = {B04A2402-A3AD-4C2B-93E9-E31A6AC098D4}
		{BC0B20A0-4A6D-42CB-9D1A-1EF7F11CB572} = {F40BC8C8-293B-4CEC-AC86-A2C70A30AFF0}
		{E4C7977A-1032-41F3-816E-F660A4DD9571} = {F40BC8C8-293B-4CEC-AC86-A2C70A30AFF0}
		{D2633545-F3F7-431C-8588-67C2CB4FECEB} = {F40BC8C8-293B-4CEC-AC86-A2C70A30AFF0}
		{43B7DD67-761D-4265-8D58-82F69A168C7D} = {F40BC8C8-293B-4CEC-AC86-A2C70A30AFF0}
		{F03AB4F1-5F99-4FF5-B450-2FFA2C192034} = {F40BC8C8-293B-4CEC-AC86-A2C70A30AFF0}
		{8FBC2D71-7137-4790-89E3-3D57A56D0698} = {F40BC8C8-293B-4CEC-AC86-A2C70A30AFF0}
		{AD86FEE4-1426-487D-93DC-57E35690CD9D} = {FF1D2668-0DC3-4671-9B27-E72A8046D9E7}
		{E92FBEE7-0828-4383-990D-F0E7F0C19766} = {AD86FEE4-1426-487D-93DC-57E35690CD9D}
		{44F2E656-6F26-42B9-80A4-8231ABBD5A12} = {E92FBEE7-0828-4383-990D-F0E7F0C19766}
		{69DFAC96-CF37-4442-A07A-30233E03D2F2} = {AD86FEE4-1426-487D-93DC-57E35690CD9D}
		{431031DB-AC02-4C89-B641-88395D15F282} = {69DFAC96-CF37-4442-A07A-30233E03D2F2}
		{6BFB236A-0D41-4126-B531-00A2D50E4D0F} = {4EF00CEE-CBF3-49EB-BFCC-6EEF8ADF97C0}
		{8845A315-E887-48BB-9656-F29FCA930DB8} = {6BFB236A-0D41-4126-B531-00A2D50E4D0F}
	EndGlobalSection
	GlobalSection(ExtensibilityGlobals) = postSolution
		SolutionGuid = {40AD5B0A-6B52-4B8E-AEE6-7E91F05FBD55}
	EndGlobalSection
EndGlobal
