
Microsoft Visual Studio Solution File, Format Version 12.00
# Visual Studio Version 17
VisualStudioVersion = 17.5.002.0
MinimumVisualStudioVersion = 10.0.40219.1
Project("{2150E333-8FDC-42A3-9474-1A3956D46DE8}") = "src", "src", "{CED77B77-22B4-4DB7-90D9-D3CEEF2ABA97}"
EndProject
Project("{2150E333-8FDC-42A3-9474-1A3956D46DE8}") = "agent", "agent", "{C4C22A85-1957-43D9-AFC1-949604550EF2}"
EndProject
Project("{9A19103F-16F7-4668-BE54-9A1E7A4F7556}") = "CloudPillar.Agent", "src\agent\CloudPillar.Agent\CloudPillar.Agent.csproj", "{90C49189-B6D1-4831-8722-9C10CC32672C}"
EndProject
Project("{9A19103F-16F7-4668-BE54-9A1E7A4F7556}") = "jnjiotagent", "src\agent\poc\jnjiotagent.csproj", "{3DAB948D-1F9C-426D-98D8-204C270F67A2}"
EndProject
Project("{9A19103F-16F7-4668-BE54-9A1E7A4F7556}") = "Agent.Tests", "src\agent\UnitTests\Agent.Tests.csproj", "{7054BDFA-8531-4F9A-980B-8FAEC0B7D802}"
EndProject
Project("{2150E333-8FDC-42A3-9474-1A3956D46DE8}") = "backend", "backend", "{75ECDBC5-7DC0-4E21-B68D-90855D514CAF}"
EndProject
Project("{9A19103F-16F7-4668-BE54-9A1E7A4F7556}") = "BEApi", "src\backend\BEApi\BEApi.csproj", "{11901B25-C52C-4811-812E-0EACA4A16A20}"
EndProject
Project("{9A19103F-16F7-4668-BE54-9A1E7A4F7556}") = "BlobStreamer", "src\backend\BlobStreamer\BlobStreamer.csproj", "{F327CDE0-8583-489C-A977-A0826A17DF62}"
EndProject
Project("{9A19103F-16F7-4668-BE54-9A1E7A4F7556}") = "Iotlistener", "src\backend\Iotlistener\Iotlistener.csproj", "{CFB1F5A7-2E9F-4DE8-8C3A-B1B39C294605}"
EndProject
Project("{9A19103F-16F7-4668-BE54-9A1E7A4F7556}") = "Keyholder", "src\backend\Keyholder\Keyholder.csproj", "{6915C118-37BF-4E64-A02C-2927FA7722F0}"
EndProject
Project("{2150E333-8FDC-42A3-9474-1A3956D46DE8}") = "Shared", "Shared", "{775E35E9-A3B7-4638-9AD6-B6C810E531FA}"
EndProject
Project("{9A19103F-16F7-4668-BE54-9A1E7A4F7556}") = "Entities", "src\Shared\Entities\Entities.csproj", "{2FD25678-B102-45C2-8ADC-AC343BA0DB27}"
EndProject
Project("{9A19103F-16F7-4668-BE54-9A1E7A4F7556}") = "Logger", "src\Shared\Logger\Logger.csproj", "{16C71F84-D7C8-4729-9766-EA4F419809DD}"
EndProject
Project("{2150E333-8FDC-42A3-9474-1A3956D46DE8}") = "Infra", "Infra", "{8D23D526-0B0A-4031-A966-E56624BFB9D3}"
EndProject
Project("{9A19103F-16F7-4668-BE54-9A1E7A4F7556}") = "Common", "src\backend\Infra\Common\Common.csproj", "{619540D7-FF48-4AD1-829D-B89D7D5D63B2}"
EndProject
Project("{2150E333-8FDC-42A3-9474-1A3956D46DE8}") = "poc", "poc", "{22C3B498-97E0-4DE7-8DDF-FD357A71876D}"
EndProject
Project("{9A19103F-16F7-4668-BE54-9A1E7A4F7556}") = "d2c-processor", "src\backend\poc\dotnet\d2c-processor.csproj", "{BA8711A2-9804-4E38-811D-0F735697658B}"
EndProject
Project("{2150E333-8FDC-42A3-9474-1A3956D46DE8}") = "UnitTests", "UnitTests", "{02DA5770-4E33-424B-81CC-5A1FC03E32B4}"
EndProject
Project("{9A19103F-16F7-4668-BE54-9A1E7A4F7556}") = "BEApi.Tests", "src\backend\UnitTests\BEApi.Tests\BEApi.Tests.csproj", "{EE09A5A8-73C8-4703-A8C9-3E60D1441E80}"
EndProject
Project("{9A19103F-16F7-4668-BE54-9A1E7A4F7556}") = "BlobStreamer.Tests", "src\backend\UnitTests\BlobStreamer.Tests\BlobStreamer.Tests.csproj", "{68D24932-786E-4C1A-A3B4-997345A6C553}"
EndProject
Project("{9A19103F-16F7-4668-BE54-9A1E7A4F7556}") = "Common.Tests", "src\backend\UnitTests\Common.Tests\Common.Tests.csproj", "{A5EBFC6A-C246-4154-80D8-34E36414C6EE}"
EndProject
Project("{9A19103F-16F7-4668-BE54-9A1E7A4F7556}") = "Iotlistener.Tests", "src\backend\UnitTests\Iotlistener.Tests\Iotlistener.Tests.csproj", "{3ACABFC0-0E7D-4B49-B47C-ED2098BC2C38}"
EndProject
Project("{9A19103F-16F7-4668-BE54-9A1E7A4F7556}") = "Keyholder.Tests", "src\backend\UnitTests\Keyholder.Tests\Keyholder.Tests.csproj", "{ABD642D8-43D0-4EC4-AF08-266C57B2CE87}"
EndProject
Project("{2150E333-8FDC-42A3-9474-1A3956D46DE8}") = "dicom-service-poc", "dicom-service-poc", "{DF00F6C4-D83B-43F2-995D-C88227714797}"
EndProject
Project("{2150E333-8FDC-42A3-9474-1A3956D46DE8}") = "agent", "agent", "{235B1C4F-D828-4594-8DBB-D9F9C2D22CC4}"
EndProject
Project("{9A19103F-16F7-4668-BE54-9A1E7A4F7556}") = "dicom-service-agent", "src\dicom-service-poc\agent\dotnet\dicom-service-agent.csproj", "{7454E893-DC48-4960-8A3B-9DFC89739FA4}"
EndProject
Project("{2150E333-8FDC-42A3-9474-1A3956D46DE8}") = "backend", "backend", "{97862B90-EFF9-4068-989D-5E34E3C2367F}"
EndProject
Project("{9A19103F-16F7-4668-BE54-9A1E7A4F7556}") = "dicom-service-backend", "src\dicom-service-poc\backend\dotnet\dicom-service-backend.csproj", "{CE1887B9-668B-4782-93E3-7FAA07F75FCF}"
EndProject
Project("{2150E333-8FDC-42A3-9474-1A3956D46DE8}") = "UnitTests", "UnitTests", "{5B3FE5DC-F10B-4172-99F8-2C7C1CC362D6}"
EndProject
Project("{9A19103F-16F7-4668-BE54-9A1E7A4F7556}") = "Logger.Tests", "src\Shared\UnitTests\Logger.Tests\Logger.Tests.csproj", "{E5E6A5F2-8776-4591-BFDD-E07C452E0A97}"
EndProject
Global
	GlobalSection(SolutionConfigurationPlatforms) = preSolution
		Debug|Any CPU = Debug|Any CPU
		Release|Any CPU = Release|Any CPU
	EndGlobalSection
	GlobalSection(ProjectConfigurationPlatforms) = postSolution
		{90C49189-B6D1-4831-8722-9C10CC32672C}.Debug|Any CPU.ActiveCfg = Debug|Any CPU
		{90C49189-B6D1-4831-8722-9C10CC32672C}.Debug|Any CPU.Build.0 = Debug|Any CPU
		{90C49189-B6D1-4831-8722-9C10CC32672C}.Release|Any CPU.ActiveCfg = Release|Any CPU
		{90C49189-B6D1-4831-8722-9C10CC32672C}.Release|Any CPU.Build.0 = Release|Any CPU
		{3DAB948D-1F9C-426D-98D8-204C270F67A2}.Debug|Any CPU.ActiveCfg = Debug|Any CPU
		{3DAB948D-1F9C-426D-98D8-204C270F67A2}.Debug|Any CPU.Build.0 = Debug|Any CPU
		{3DAB948D-1F9C-426D-98D8-204C270F67A2}.Release|Any CPU.ActiveCfg = Release|Any CPU
		{3DAB948D-1F9C-426D-98D8-204C270F67A2}.Release|Any CPU.Build.0 = Release|Any CPU
		{7054BDFA-8531-4F9A-980B-8FAEC0B7D802}.Debug|Any CPU.ActiveCfg = Debug|Any CPU
		{7054BDFA-8531-4F9A-980B-8FAEC0B7D802}.Debug|Any CPU.Build.0 = Debug|Any CPU
		{7054BDFA-8531-4F9A-980B-8FAEC0B7D802}.Release|Any CPU.ActiveCfg = Release|Any CPU
		{7054BDFA-8531-4F9A-980B-8FAEC0B7D802}.Release|Any CPU.Build.0 = Release|Any CPU
		{11901B25-C52C-4811-812E-0EACA4A16A20}.Debug|Any CPU.ActiveCfg = Debug|Any CPU
		{11901B25-C52C-4811-812E-0EACA4A16A20}.Debug|Any CPU.Build.0 = Debug|Any CPU
		{11901B25-C52C-4811-812E-0EACA4A16A20}.Release|Any CPU.ActiveCfg = Release|Any CPU
		{11901B25-C52C-4811-812E-0EACA4A16A20}.Release|Any CPU.Build.0 = Release|Any CPU
		{F327CDE0-8583-489C-A977-A0826A17DF62}.Debug|Any CPU.ActiveCfg = Debug|Any CPU
		{F327CDE0-8583-489C-A977-A0826A17DF62}.Debug|Any CPU.Build.0 = Debug|Any CPU
		{F327CDE0-8583-489C-A977-A0826A17DF62}.Release|Any CPU.ActiveCfg = Release|Any CPU
		{F327CDE0-8583-489C-A977-A0826A17DF62}.Release|Any CPU.Build.0 = Release|Any CPU
		{CFB1F5A7-2E9F-4DE8-8C3A-B1B39C294605}.Debug|Any CPU.ActiveCfg = Debug|Any CPU
		{CFB1F5A7-2E9F-4DE8-8C3A-B1B39C294605}.Debug|Any CPU.Build.0 = Debug|Any CPU
		{CFB1F5A7-2E9F-4DE8-8C3A-B1B39C294605}.Release|Any CPU.ActiveCfg = Release|Any CPU
		{CFB1F5A7-2E9F-4DE8-8C3A-B1B39C294605}.Release|Any CPU.Build.0 = Release|Any CPU
		{6915C118-37BF-4E64-A02C-2927FA7722F0}.Debug|Any CPU.ActiveCfg = Debug|Any CPU
		{6915C118-37BF-4E64-A02C-2927FA7722F0}.Debug|Any CPU.Build.0 = Debug|Any CPU
		{6915C118-37BF-4E64-A02C-2927FA7722F0}.Release|Any CPU.ActiveCfg = Release|Any CPU
		{6915C118-37BF-4E64-A02C-2927FA7722F0}.Release|Any CPU.Build.0 = Release|Any CPU
		{2FD25678-B102-45C2-8ADC-AC343BA0DB27}.Debug|Any CPU.ActiveCfg = Debug|Any CPU
		{2FD25678-B102-45C2-8ADC-AC343BA0DB27}.Debug|Any CPU.Build.0 = Debug|Any CPU
		{2FD25678-B102-45C2-8ADC-AC343BA0DB27}.Release|Any CPU.ActiveCfg = Release|Any CPU
		{2FD25678-B102-45C2-8ADC-AC343BA0DB27}.Release|Any CPU.Build.0 = Release|Any CPU
		{16C71F84-D7C8-4729-9766-EA4F419809DD}.Debug|Any CPU.ActiveCfg = Debug|Any CPU
		{16C71F84-D7C8-4729-9766-EA4F419809DD}.Debug|Any CPU.Build.0 = Debug|Any CPU
		{16C71F84-D7C8-4729-9766-EA4F419809DD}.Release|Any CPU.ActiveCfg = Release|Any CPU
		{16C71F84-D7C8-4729-9766-EA4F419809DD}.Release|Any CPU.Build.0 = Release|Any CPU
		{619540D7-FF48-4AD1-829D-B89D7D5D63B2}.Debug|Any CPU.ActiveCfg = Debug|Any CPU
		{619540D7-FF48-4AD1-829D-B89D7D5D63B2}.Debug|Any CPU.Build.0 = Debug|Any CPU
		{619540D7-FF48-4AD1-829D-B89D7D5D63B2}.Release|Any CPU.ActiveCfg = Release|Any CPU
		{619540D7-FF48-4AD1-829D-B89D7D5D63B2}.Release|Any CPU.Build.0 = Release|Any CPU
		{BA8711A2-9804-4E38-811D-0F735697658B}.Debug|Any CPU.ActiveCfg = Debug|Any CPU
		{BA8711A2-9804-4E38-811D-0F735697658B}.Debug|Any CPU.Build.0 = Debug|Any CPU
		{BA8711A2-9804-4E38-811D-0F735697658B}.Release|Any CPU.ActiveCfg = Release|Any CPU
		{BA8711A2-9804-4E38-811D-0F735697658B}.Release|Any CPU.Build.0 = Release|Any CPU
		{EE09A5A8-73C8-4703-A8C9-3E60D1441E80}.Debug|Any CPU.ActiveCfg = Debug|Any CPU
		{EE09A5A8-73C8-4703-A8C9-3E60D1441E80}.Debug|Any CPU.Build.0 = Debug|Any CPU
		{EE09A5A8-73C8-4703-A8C9-3E60D1441E80}.Release|Any CPU.ActiveCfg = Release|Any CPU
		{EE09A5A8-73C8-4703-A8C9-3E60D1441E80}.Release|Any CPU.Build.0 = Release|Any CPU
		{68D24932-786E-4C1A-A3B4-997345A6C553}.Debug|Any CPU.ActiveCfg = Debug|Any CPU
		{68D24932-786E-4C1A-A3B4-997345A6C553}.Debug|Any CPU.Build.0 = Debug|Any CPU
		{68D24932-786E-4C1A-A3B4-997345A6C553}.Release|Any CPU.ActiveCfg = Release|Any CPU
		{68D24932-786E-4C1A-A3B4-997345A6C553}.Release|Any CPU.Build.0 = Release|Any CPU
		{A5EBFC6A-C246-4154-80D8-34E36414C6EE}.Debug|Any CPU.ActiveCfg = Debug|Any CPU
		{A5EBFC6A-C246-4154-80D8-34E36414C6EE}.Debug|Any CPU.Build.0 = Debug|Any CPU
		{A5EBFC6A-C246-4154-80D8-34E36414C6EE}.Release|Any CPU.ActiveCfg = Release|Any CPU
		{A5EBFC6A-C246-4154-80D8-34E36414C6EE}.Release|Any CPU.Build.0 = Release|Any CPU
		{3ACABFC0-0E7D-4B49-B47C-ED2098BC2C38}.Debug|Any CPU.ActiveCfg = Debug|Any CPU
		{3ACABFC0-0E7D-4B49-B47C-ED2098BC2C38}.Debug|Any CPU.Build.0 = Debug|Any CPU
		{3ACABFC0-0E7D-4B49-B47C-ED2098BC2C38}.Release|Any CPU.ActiveCfg = Release|Any CPU
		{3ACABFC0-0E7D-4B49-B47C-ED2098BC2C38}.Release|Any CPU.Build.0 = Release|Any CPU
		{ABD642D8-43D0-4EC4-AF08-266C57B2CE87}.Debug|Any CPU.ActiveCfg = Debug|Any CPU
		{ABD642D8-43D0-4EC4-AF08-266C57B2CE87}.Debug|Any CPU.Build.0 = Debug|Any CPU
		{ABD642D8-43D0-4EC4-AF08-266C57B2CE87}.Release|Any CPU.ActiveCfg = Release|Any CPU
		{ABD642D8-43D0-4EC4-AF08-266C57B2CE87}.Release|Any CPU.Build.0 = Release|Any CPU
		{7454E893-DC48-4960-8A3B-9DFC89739FA4}.Debug|Any CPU.ActiveCfg = Debug|Any CPU
		{7454E893-DC48-4960-8A3B-9DFC89739FA4}.Debug|Any CPU.Build.0 = Debug|Any CPU
		{7454E893-DC48-4960-8A3B-9DFC89739FA4}.Release|Any CPU.ActiveCfg = Release|Any CPU
		{7454E893-DC48-4960-8A3B-9DFC89739FA4}.Release|Any CPU.Build.0 = Release|Any CPU
		{CE1887B9-668B-4782-93E3-7FAA07F75FCF}.Debug|Any CPU.ActiveCfg = Debug|Any CPU
		{CE1887B9-668B-4782-93E3-7FAA07F75FCF}.Debug|Any CPU.Build.0 = Debug|Any CPU
		{CE1887B9-668B-4782-93E3-7FAA07F75FCF}.Release|Any CPU.ActiveCfg = Release|Any CPU
		{CE1887B9-668B-4782-93E3-7FAA07F75FCF}.Release|Any CPU.Build.0 = Release|Any CPU
		{E5E6A5F2-8776-4591-BFDD-E07C452E0A97}.Debug|Any CPU.ActiveCfg = Debug|Any CPU
		{E5E6A5F2-8776-4591-BFDD-E07C452E0A97}.Debug|Any CPU.Build.0 = Debug|Any CPU
		{E5E6A5F2-8776-4591-BFDD-E07C452E0A97}.Release|Any CPU.ActiveCfg = Release|Any CPU
		{E5E6A5F2-8776-4591-BFDD-E07C452E0A97}.Release|Any CPU.Build.0 = Release|Any CPU
	EndGlobalSection
	GlobalSection(SolutionProperties) = preSolution
		HideSolutionNode = FALSE
	EndGlobalSection
	GlobalSection(NestedProjects) = preSolution
		{C4C22A85-1957-43D9-AFC1-949604550EF2} = {CED77B77-22B4-4DB7-90D9-D3CEEF2ABA97}
		{90C49189-B6D1-4831-8722-9C10CC32672C} = {C4C22A85-1957-43D9-AFC1-949604550EF2}
		{3DAB948D-1F9C-426D-98D8-204C270F67A2} = {C4C22A85-1957-43D9-AFC1-949604550EF2}
		{7054BDFA-8531-4F9A-980B-8FAEC0B7D802} = {C4C22A85-1957-43D9-AFC1-949604550EF2}
		{75ECDBC5-7DC0-4E21-B68D-90855D514CAF} = {CED77B77-22B4-4DB7-90D9-D3CEEF2ABA97}
		{11901B25-C52C-4811-812E-0EACA4A16A20} = {75ECDBC5-7DC0-4E21-B68D-90855D514CAF}
		{F327CDE0-8583-489C-A977-A0826A17DF62} = {75ECDBC5-7DC0-4E21-B68D-90855D514CAF}
		{CFB1F5A7-2E9F-4DE8-8C3A-B1B39C294605} = {75ECDBC5-7DC0-4E21-B68D-90855D514CAF}
		{6915C118-37BF-4E64-A02C-2927FA7722F0} = {75ECDBC5-7DC0-4E21-B68D-90855D514CAF}
		{775E35E9-A3B7-4638-9AD6-B6C810E531FA} = {CED77B77-22B4-4DB7-90D9-D3CEEF2ABA97}
		{2FD25678-B102-45C2-8ADC-AC343BA0DB27} = {775E35E9-A3B7-4638-9AD6-B6C810E531FA}
		{16C71F84-D7C8-4729-9766-EA4F419809DD} = {775E35E9-A3B7-4638-9AD6-B6C810E531FA}
		{8D23D526-0B0A-4031-A966-E56624BFB9D3} = {75ECDBC5-7DC0-4E21-B68D-90855D514CAF}
		{619540D7-FF48-4AD1-829D-B89D7D5D63B2} = {8D23D526-0B0A-4031-A966-E56624BFB9D3}
		{22C3B498-97E0-4DE7-8DDF-FD357A71876D} = {75ECDBC5-7DC0-4E21-B68D-90855D514CAF}
		{BA8711A2-9804-4E38-811D-0F735697658B} = {22C3B498-97E0-4DE7-8DDF-FD357A71876D}
		{02DA5770-4E33-424B-81CC-5A1FC03E32B4} = {75ECDBC5-7DC0-4E21-B68D-90855D514CAF}
		{EE09A5A8-73C8-4703-A8C9-3E60D1441E80} = {02DA5770-4E33-424B-81CC-5A1FC03E32B4}
		{68D24932-786E-4C1A-A3B4-997345A6C553} = {02DA5770-4E33-424B-81CC-5A1FC03E32B4}
		{A5EBFC6A-C246-4154-80D8-34E36414C6EE} = {02DA5770-4E33-424B-81CC-5A1FC03E32B4}
		{3ACABFC0-0E7D-4B49-B47C-ED2098BC2C38} = {02DA5770-4E33-424B-81CC-5A1FC03E32B4}
		{ABD642D8-43D0-4EC4-AF08-266C57B2CE87} = {02DA5770-4E33-424B-81CC-5A1FC03E32B4}
		{DF00F6C4-D83B-43F2-995D-C88227714797} = {CED77B77-22B4-4DB7-90D9-D3CEEF2ABA97}
		{235B1C4F-D828-4594-8DBB-D9F9C2D22CC4} = {DF00F6C4-D83B-43F2-995D-C88227714797}
		{7454E893-DC48-4960-8A3B-9DFC89739FA4} = {235B1C4F-D828-4594-8DBB-D9F9C2D22CC4}
		{97862B90-EFF9-4068-989D-5E34E3C2367F} = {DF00F6C4-D83B-43F2-995D-C88227714797}
		{CE1887B9-668B-4782-93E3-7FAA07F75FCF} = {97862B90-EFF9-4068-989D-5E34E3C2367F}
		{5B3FE5DC-F10B-4172-99F8-2C7C1CC362D6} = {775E35E9-A3B7-4638-9AD6-B6C810E531FA}
		{E5E6A5F2-8776-4591-BFDD-E07C452E0A97} = {5B3FE5DC-F10B-4172-99F8-2C7C1CC362D6}
	EndGlobalSection
	GlobalSection(ExtensibilityGlobals) = postSolution
		SolutionGuid = {0FB2C026-E57B-4B9D-A624-D7D57C82E414}
	EndGlobalSection
EndGlobal
