
Microsoft Visual Studio Solution File, Format Version 12.00
# Visual Studio Version 17
VisualStudioVersion = 17.5.002.0
MinimumVisualStudioVersion = 10.0.40219.1
Project("{2150E333-8FDC-42A3-9474-1A3956D46DE8}") = "src", "src", "{28F08E9D-A1DF-4E8C-84A1-0DBBC43E0B86}"
EndProject
Project("{2150E333-8FDC-42A3-9474-1A3956D46DE8}") = "agent", "agent", "{41A661BA-E683-46C7-AF7E-BB967894FC98}"
EndProject
Project("{9A19103F-16F7-4668-BE54-9A1E7A4F7556}") = "CloudPillar.Agent", "src\agent\CloudPillar.Agent\CloudPillar.Agent.csproj", "{F017E573-979D-46ED-A792-DC2FB83E6199}"
EndProject
Project("{9A19103F-16F7-4668-BE54-9A1E7A4F7556}") = "jnjiotagent", "src\agent\poc\jnjiotagent.csproj", "{9B0B268E-5739-449A-9461-4FE1113E8292}"
EndProject
Project("{9A19103F-16F7-4668-BE54-9A1E7A4F7556}") = "Agent.Tests", "src\agent\UnitTests\Agent.Tests.csproj", "{827F1D9E-C3D4-4E02-96E8-62611233F258}"
EndProject
Project("{2150E333-8FDC-42A3-9474-1A3956D46DE8}") = "backend", "backend", "{69CCC1CE-E5DF-4D75-8CE4-90E620B327D6}"
EndProject
Project("{9A19103F-16F7-4668-BE54-9A1E7A4F7556}") = "BEApi", "src\backend\BEApi\BEApi.csproj", "{9331B1EA-2A33-447B-9BC8-06F97E17D38A}"
EndProject
Project("{9A19103F-16F7-4668-BE54-9A1E7A4F7556}") = "BlobStreamer", "src\backend\BlobStreamer\BlobStreamer.csproj", "{6A2815FB-AD05-4F34-9581-D85D822941DF}"
EndProject
Project("{9A19103F-16F7-4668-BE54-9A1E7A4F7556}") = "Iotlistener", "src\backend\Iotlistener\Iotlistener.csproj", "{C946EE74-8A7F-4758-9C14-3FE47806B37C}"
EndProject
Project("{9A19103F-16F7-4668-BE54-9A1E7A4F7556}") = "Keyholder", "src\backend\Keyholder\Keyholder.csproj", "{1CF0CCF0-F109-41BF-A56B-198DDA0DE88D}"
EndProject
Project("{2150E333-8FDC-42A3-9474-1A3956D46DE8}") = "Shared", "Shared", "{90C5526F-467D-4E33-9C64-42584829D21D}"
EndProject
Project("{9A19103F-16F7-4668-BE54-9A1E7A4F7556}") = "Entities", "src\Shared\Entities\Entities.csproj", "{0F5B38F7-CA82-4174-B87E-EA33B6450C4A}"
EndProject
Project("{9A19103F-16F7-4668-BE54-9A1E7A4F7556}") = "Logger", "src\Shared\Logger\Logger.csproj", "{38F0BA53-3E38-447D-858D-96ED617FC739}"
EndProject
Project("{2150E333-8FDC-42A3-9474-1A3956D46DE8}") = "Infra", "Infra", "{E411CB4D-9F01-4099-9EA8-2A4ADB201667}"
EndProject
Project("{9A19103F-16F7-4668-BE54-9A1E7A4F7556}") = "Common", "src\backend\Infra\Common\Common.csproj", "{97325F25-301D-4BE0-9944-95F01331DF2C}"
EndProject
Project("{2150E333-8FDC-42A3-9474-1A3956D46DE8}") = "poc", "poc", "{A62478E5-84C9-404E-ACCE-D617F279D9A1}"
EndProject
Project("{9A19103F-16F7-4668-BE54-9A1E7A4F7556}") = "d2c-processor", "src\backend\poc\dotnet\d2c-processor.csproj", "{2EF33EC7-B7B8-48BA-ADF3-1394EFC74815}"
EndProject
Project("{2150E333-8FDC-42A3-9474-1A3956D46DE8}") = "UnitTests", "UnitTests", "{4419F52A-B5A9-436D-874E-19D073745E90}"
EndProject
Project("{9A19103F-16F7-4668-BE54-9A1E7A4F7556}") = "BEApi.Tests", "src\backend\UnitTests\BEApi.Tests\BEApi.Tests.csproj", "{FA08B361-8B8E-4F58-80A7-E2C4E697B523}"
EndProject
Project("{9A19103F-16F7-4668-BE54-9A1E7A4F7556}") = "BlobStreamer.Tests", "src\backend\UnitTests\BlobStreamer.Tests\BlobStreamer.Tests.csproj", "{B3C6777C-7D48-4E9D-A6E6-6F809AB46D87}"
EndProject
Project("{9A19103F-16F7-4668-BE54-9A1E7A4F7556}") = "Common.Tests", "src\backend\UnitTests\Common.Tests\Common.Tests.csproj", "{4C66CF5F-06BF-4111-9ED3-5A9B52F33DA6}"
EndProject
Project("{9A19103F-16F7-4668-BE54-9A1E7A4F7556}") = "Entities.Tests", "src\backend\UnitTests\Entities.Tests\Entities.Tests.csproj", "{D358DE49-CFAD-45DF-AD45-435DF5D16F1D}"
EndProject
Project("{9A19103F-16F7-4668-BE54-9A1E7A4F7556}") = "Iotlistener.Tests", "src\backend\UnitTests\Iotlistener.Tests\Iotlistener.Tests.csproj", "{B1C4A4D8-7B32-473E-BAC4-2652D5604C6C}"
EndProject
Project("{9A19103F-16F7-4668-BE54-9A1E7A4F7556}") = "Keyholder.Tests", "src\backend\UnitTests\Keyholder.Tests\Keyholder.Tests.csproj", "{58B9C392-492C-44E7-B47E-5FBBF5520DA0}"
EndProject
Project("{2150E333-8FDC-42A3-9474-1A3956D46DE8}") = "dicom-service-poc", "dicom-service-poc", "{0FEC7972-34BC-4573-A494-4ABF079A8AC3}"
EndProject
Project("{2150E333-8FDC-42A3-9474-1A3956D46DE8}") = "agent", "agent", "{66B38CFC-2831-4B8E-8582-3F8F04F8B9D5}"
EndProject
Project("{9A19103F-16F7-4668-BE54-9A1E7A4F7556}") = "dicom-service-agent", "src\dicom-service-poc\agent\dotnet\dicom-service-agent.csproj", "{9EA007CB-8851-494B-961E-9F21608C218A}"
EndProject
Project("{2150E333-8FDC-42A3-9474-1A3956D46DE8}") = "backend", "backend", "{A155FA53-906A-4F75-89A3-BBDDB048634F}"
EndProject
Project("{9A19103F-16F7-4668-BE54-9A1E7A4F7556}") = "dicom-service-backend", "src\dicom-service-poc\backend\dotnet\dicom-service-backend.csproj", "{0D4F4F53-2A8C-4A42-8BCC-807C940F8D51}"
EndProject
Project("{2150E333-8FDC-42A3-9474-1A3956D46DE8}") = "UnitTests", "UnitTests", "{7CD4425B-CBAA-47B8-83E6-2ABBD9F23340}"
EndProject
Project("{9A19103F-16F7-4668-BE54-9A1E7A4F7556}") = "Logger.Tests", "src\Shared\UnitTests\Logger.Tests\Logger.Tests.csproj", "{8735AC70-91EA-402A-8411-301B5AD8884D}"
EndProject
Global
	GlobalSection(SolutionConfigurationPlatforms) = preSolution
		Debug|Any CPU = Debug|Any CPU
		Release|Any CPU = Release|Any CPU
	EndGlobalSection
	GlobalSection(ProjectConfigurationPlatforms) = postSolution
		{F017E573-979D-46ED-A792-DC2FB83E6199}.Debug|Any CPU.ActiveCfg = Debug|Any CPU
		{F017E573-979D-46ED-A792-DC2FB83E6199}.Debug|Any CPU.Build.0 = Debug|Any CPU
		{F017E573-979D-46ED-A792-DC2FB83E6199}.Release|Any CPU.ActiveCfg = Release|Any CPU
		{F017E573-979D-46ED-A792-DC2FB83E6199}.Release|Any CPU.Build.0 = Release|Any CPU
		{9B0B268E-5739-449A-9461-4FE1113E8292}.Debug|Any CPU.ActiveCfg = Debug|Any CPU
		{9B0B268E-5739-449A-9461-4FE1113E8292}.Debug|Any CPU.Build.0 = Debug|Any CPU
		{9B0B268E-5739-449A-9461-4FE1113E8292}.Release|Any CPU.ActiveCfg = Release|Any CPU
		{9B0B268E-5739-449A-9461-4FE1113E8292}.Release|Any CPU.Build.0 = Release|Any CPU
		{827F1D9E-C3D4-4E02-96E8-62611233F258}.Debug|Any CPU.ActiveCfg = Debug|Any CPU
		{827F1D9E-C3D4-4E02-96E8-62611233F258}.Debug|Any CPU.Build.0 = Debug|Any CPU
		{827F1D9E-C3D4-4E02-96E8-62611233F258}.Release|Any CPU.ActiveCfg = Release|Any CPU
		{827F1D9E-C3D4-4E02-96E8-62611233F258}.Release|Any CPU.Build.0 = Release|Any CPU
		{9331B1EA-2A33-447B-9BC8-06F97E17D38A}.Debug|Any CPU.ActiveCfg = Debug|Any CPU
		{9331B1EA-2A33-447B-9BC8-06F97E17D38A}.Debug|Any CPU.Build.0 = Debug|Any CPU
		{9331B1EA-2A33-447B-9BC8-06F97E17D38A}.Release|Any CPU.ActiveCfg = Release|Any CPU
		{9331B1EA-2A33-447B-9BC8-06F97E17D38A}.Release|Any CPU.Build.0 = Release|Any CPU
		{6A2815FB-AD05-4F34-9581-D85D822941DF}.Debug|Any CPU.ActiveCfg = Debug|Any CPU
		{6A2815FB-AD05-4F34-9581-D85D822941DF}.Debug|Any CPU.Build.0 = Debug|Any CPU
		{6A2815FB-AD05-4F34-9581-D85D822941DF}.Release|Any CPU.ActiveCfg = Release|Any CPU
		{6A2815FB-AD05-4F34-9581-D85D822941DF}.Release|Any CPU.Build.0 = Release|Any CPU
		{C946EE74-8A7F-4758-9C14-3FE47806B37C}.Debug|Any CPU.ActiveCfg = Debug|Any CPU
		{C946EE74-8A7F-4758-9C14-3FE47806B37C}.Debug|Any CPU.Build.0 = Debug|Any CPU
		{C946EE74-8A7F-4758-9C14-3FE47806B37C}.Release|Any CPU.ActiveCfg = Release|Any CPU
		{C946EE74-8A7F-4758-9C14-3FE47806B37C}.Release|Any CPU.Build.0 = Release|Any CPU
		{1CF0CCF0-F109-41BF-A56B-198DDA0DE88D}.Debug|Any CPU.ActiveCfg = Debug|Any CPU
		{1CF0CCF0-F109-41BF-A56B-198DDA0DE88D}.Debug|Any CPU.Build.0 = Debug|Any CPU
		{1CF0CCF0-F109-41BF-A56B-198DDA0DE88D}.Release|Any CPU.ActiveCfg = Release|Any CPU
		{1CF0CCF0-F109-41BF-A56B-198DDA0DE88D}.Release|Any CPU.Build.0 = Release|Any CPU
		{0F5B38F7-CA82-4174-B87E-EA33B6450C4A}.Debug|Any CPU.ActiveCfg = Debug|Any CPU
		{0F5B38F7-CA82-4174-B87E-EA33B6450C4A}.Debug|Any CPU.Build.0 = Debug|Any CPU
		{0F5B38F7-CA82-4174-B87E-EA33B6450C4A}.Release|Any CPU.ActiveCfg = Release|Any CPU
		{0F5B38F7-CA82-4174-B87E-EA33B6450C4A}.Release|Any CPU.Build.0 = Release|Any CPU
		{38F0BA53-3E38-447D-858D-96ED617FC739}.Debug|Any CPU.ActiveCfg = Debug|Any CPU
		{38F0BA53-3E38-447D-858D-96ED617FC739}.Debug|Any CPU.Build.0 = Debug|Any CPU
		{38F0BA53-3E38-447D-858D-96ED617FC739}.Release|Any CPU.ActiveCfg = Release|Any CPU
		{38F0BA53-3E38-447D-858D-96ED617FC739}.Release|Any CPU.Build.0 = Release|Any CPU
		{97325F25-301D-4BE0-9944-95F01331DF2C}.Debug|Any CPU.ActiveCfg = Debug|Any CPU
		{97325F25-301D-4BE0-9944-95F01331DF2C}.Debug|Any CPU.Build.0 = Debug|Any CPU
		{97325F25-301D-4BE0-9944-95F01331DF2C}.Release|Any CPU.ActiveCfg = Release|Any CPU
		{97325F25-301D-4BE0-9944-95F01331DF2C}.Release|Any CPU.Build.0 = Release|Any CPU
		{2EF33EC7-B7B8-48BA-ADF3-1394EFC74815}.Debug|Any CPU.ActiveCfg = Debug|Any CPU
		{2EF33EC7-B7B8-48BA-ADF3-1394EFC74815}.Debug|Any CPU.Build.0 = Debug|Any CPU
		{2EF33EC7-B7B8-48BA-ADF3-1394EFC74815}.Release|Any CPU.ActiveCfg = Release|Any CPU
		{2EF33EC7-B7B8-48BA-ADF3-1394EFC74815}.Release|Any CPU.Build.0 = Release|Any CPU
		{FA08B361-8B8E-4F58-80A7-E2C4E697B523}.Debug|Any CPU.ActiveCfg = Debug|Any CPU
		{FA08B361-8B8E-4F58-80A7-E2C4E697B523}.Debug|Any CPU.Build.0 = Debug|Any CPU
		{FA08B361-8B8E-4F58-80A7-E2C4E697B523}.Release|Any CPU.ActiveCfg = Release|Any CPU
		{FA08B361-8B8E-4F58-80A7-E2C4E697B523}.Release|Any CPU.Build.0 = Release|Any CPU
		{B3C6777C-7D48-4E9D-A6E6-6F809AB46D87}.Debug|Any CPU.ActiveCfg = Debug|Any CPU
		{B3C6777C-7D48-4E9D-A6E6-6F809AB46D87}.Debug|Any CPU.Build.0 = Debug|Any CPU
		{B3C6777C-7D48-4E9D-A6E6-6F809AB46D87}.Release|Any CPU.ActiveCfg = Release|Any CPU
		{B3C6777C-7D48-4E9D-A6E6-6F809AB46D87}.Release|Any CPU.Build.0 = Release|Any CPU
		{4C66CF5F-06BF-4111-9ED3-5A9B52F33DA6}.Debug|Any CPU.ActiveCfg = Debug|Any CPU
		{4C66CF5F-06BF-4111-9ED3-5A9B52F33DA6}.Debug|Any CPU.Build.0 = Debug|Any CPU
		{4C66CF5F-06BF-4111-9ED3-5A9B52F33DA6}.Release|Any CPU.ActiveCfg = Release|Any CPU
		{4C66CF5F-06BF-4111-9ED3-5A9B52F33DA6}.Release|Any CPU.Build.0 = Release|Any CPU
		{D358DE49-CFAD-45DF-AD45-435DF5D16F1D}.Debug|Any CPU.ActiveCfg = Debug|Any CPU
		{D358DE49-CFAD-45DF-AD45-435DF5D16F1D}.Debug|Any CPU.Build.0 = Debug|Any CPU
		{D358DE49-CFAD-45DF-AD45-435DF5D16F1D}.Release|Any CPU.ActiveCfg = Release|Any CPU
		{D358DE49-CFAD-45DF-AD45-435DF5D16F1D}.Release|Any CPU.Build.0 = Release|Any CPU
		{B1C4A4D8-7B32-473E-BAC4-2652D5604C6C}.Debug|Any CPU.ActiveCfg = Debug|Any CPU
		{B1C4A4D8-7B32-473E-BAC4-2652D5604C6C}.Debug|Any CPU.Build.0 = Debug|Any CPU
		{B1C4A4D8-7B32-473E-BAC4-2652D5604C6C}.Release|Any CPU.ActiveCfg = Release|Any CPU
		{B1C4A4D8-7B32-473E-BAC4-2652D5604C6C}.Release|Any CPU.Build.0 = Release|Any CPU
		{58B9C392-492C-44E7-B47E-5FBBF5520DA0}.Debug|Any CPU.ActiveCfg = Debug|Any CPU
		{58B9C392-492C-44E7-B47E-5FBBF5520DA0}.Debug|Any CPU.Build.0 = Debug|Any CPU
		{58B9C392-492C-44E7-B47E-5FBBF5520DA0}.Release|Any CPU.ActiveCfg = Release|Any CPU
		{58B9C392-492C-44E7-B47E-5FBBF5520DA0}.Release|Any CPU.Build.0 = Release|Any CPU
		{9EA007CB-8851-494B-961E-9F21608C218A}.Debug|Any CPU.ActiveCfg = Debug|Any CPU
		{9EA007CB-8851-494B-961E-9F21608C218A}.Debug|Any CPU.Build.0 = Debug|Any CPU
		{9EA007CB-8851-494B-961E-9F21608C218A}.Release|Any CPU.ActiveCfg = Release|Any CPU
		{9EA007CB-8851-494B-961E-9F21608C218A}.Release|Any CPU.Build.0 = Release|Any CPU
		{0D4F4F53-2A8C-4A42-8BCC-807C940F8D51}.Debug|Any CPU.ActiveCfg = Debug|Any CPU
		{0D4F4F53-2A8C-4A42-8BCC-807C940F8D51}.Debug|Any CPU.Build.0 = Debug|Any CPU
		{0D4F4F53-2A8C-4A42-8BCC-807C940F8D51}.Release|Any CPU.ActiveCfg = Release|Any CPU
		{0D4F4F53-2A8C-4A42-8BCC-807C940F8D51}.Release|Any CPU.Build.0 = Release|Any CPU
		{8735AC70-91EA-402A-8411-301B5AD8884D}.Debug|Any CPU.ActiveCfg = Debug|Any CPU
		{8735AC70-91EA-402A-8411-301B5AD8884D}.Debug|Any CPU.Build.0 = Debug|Any CPU
		{8735AC70-91EA-402A-8411-301B5AD8884D}.Release|Any CPU.ActiveCfg = Release|Any CPU
		{8735AC70-91EA-402A-8411-301B5AD8884D}.Release|Any CPU.Build.0 = Release|Any CPU
	EndGlobalSection
	GlobalSection(SolutionProperties) = preSolution
		HideSolutionNode = FALSE
	EndGlobalSection
	GlobalSection(NestedProjects) = preSolution
		{41A661BA-E683-46C7-AF7E-BB967894FC98} = {28F08E9D-A1DF-4E8C-84A1-0DBBC43E0B86}
		{F017E573-979D-46ED-A792-DC2FB83E6199} = {41A661BA-E683-46C7-AF7E-BB967894FC98}
		{9B0B268E-5739-449A-9461-4FE1113E8292} = {41A661BA-E683-46C7-AF7E-BB967894FC98}
		{827F1D9E-C3D4-4E02-96E8-62611233F258} = {41A661BA-E683-46C7-AF7E-BB967894FC98}
		{69CCC1CE-E5DF-4D75-8CE4-90E620B327D6} = {28F08E9D-A1DF-4E8C-84A1-0DBBC43E0B86}
		{9331B1EA-2A33-447B-9BC8-06F97E17D38A} = {69CCC1CE-E5DF-4D75-8CE4-90E620B327D6}
		{6A2815FB-AD05-4F34-9581-D85D822941DF} = {69CCC1CE-E5DF-4D75-8CE4-90E620B327D6}
		{C946EE74-8A7F-4758-9C14-3FE47806B37C} = {69CCC1CE-E5DF-4D75-8CE4-90E620B327D6}
		{1CF0CCF0-F109-41BF-A56B-198DDA0DE88D} = {69CCC1CE-E5DF-4D75-8CE4-90E620B327D6}
		{90C5526F-467D-4E33-9C64-42584829D21D} = {28F08E9D-A1DF-4E8C-84A1-0DBBC43E0B86}
		{0F5B38F7-CA82-4174-B87E-EA33B6450C4A} = {90C5526F-467D-4E33-9C64-42584829D21D}
		{38F0BA53-3E38-447D-858D-96ED617FC739} = {90C5526F-467D-4E33-9C64-42584829D21D}
		{E411CB4D-9F01-4099-9EA8-2A4ADB201667} = {69CCC1CE-E5DF-4D75-8CE4-90E620B327D6}
		{97325F25-301D-4BE0-9944-95F01331DF2C} = {E411CB4D-9F01-4099-9EA8-2A4ADB201667}
		{A62478E5-84C9-404E-ACCE-D617F279D9A1} = {69CCC1CE-E5DF-4D75-8CE4-90E620B327D6}
		{2EF33EC7-B7B8-48BA-ADF3-1394EFC74815} = {A62478E5-84C9-404E-ACCE-D617F279D9A1}
		{4419F52A-B5A9-436D-874E-19D073745E90} = {69CCC1CE-E5DF-4D75-8CE4-90E620B327D6}
		{FA08B361-8B8E-4F58-80A7-E2C4E697B523} = {4419F52A-B5A9-436D-874E-19D073745E90}
		{B3C6777C-7D48-4E9D-A6E6-6F809AB46D87} = {4419F52A-B5A9-436D-874E-19D073745E90}
		{4C66CF5F-06BF-4111-9ED3-5A9B52F33DA6} = {4419F52A-B5A9-436D-874E-19D073745E90}
		{D358DE49-CFAD-45DF-AD45-435DF5D16F1D} = {4419F52A-B5A9-436D-874E-19D073745E90}
		{B1C4A4D8-7B32-473E-BAC4-2652D5604C6C} = {4419F52A-B5A9-436D-874E-19D073745E90}
		{58B9C392-492C-44E7-B47E-5FBBF5520DA0} = {4419F52A-B5A9-436D-874E-19D073745E90}
		{0FEC7972-34BC-4573-A494-4ABF079A8AC3} = {28F08E9D-A1DF-4E8C-84A1-0DBBC43E0B86}
		{66B38CFC-2831-4B8E-8582-3F8F04F8B9D5} = {0FEC7972-34BC-4573-A494-4ABF079A8AC3}
		{9EA007CB-8851-494B-961E-9F21608C218A} = {66B38CFC-2831-4B8E-8582-3F8F04F8B9D5}
		{A155FA53-906A-4F75-89A3-BBDDB048634F} = {0FEC7972-34BC-4573-A494-4ABF079A8AC3}
		{0D4F4F53-2A8C-4A42-8BCC-807C940F8D51} = {A155FA53-906A-4F75-89A3-BBDDB048634F}
		{7CD4425B-CBAA-47B8-83E6-2ABBD9F23340} = {90C5526F-467D-4E33-9C64-42584829D21D}
		{8735AC70-91EA-402A-8411-301B5AD8884D} = {7CD4425B-CBAA-47B8-83E6-2ABBD9F23340}
	EndGlobalSection
	GlobalSection(ExtensibilityGlobals) = postSolution
		SolutionGuid = {BA1CD71B-D33F-4D6B-B3AE-DBB7E8EFA956}
	EndGlobalSection
EndGlobal
