
Microsoft Visual Studio Solution File, Format Version 12.00
# Visual Studio Version 17
VisualStudioVersion = 17.5.002.0
MinimumVisualStudioVersion = 10.0.40219.1
Project("{2150E333-8FDC-42A3-9474-1A3956D46DE8}") = "src", "src", "{E87CDE0D-E6CD-46B9-8818-BB8E1ED412FC}"
EndProject
Project("{2150E333-8FDC-42A3-9474-1A3956D46DE8}") = "agent", "agent", "{AF3C3C9D-1CB3-4EE5-92CD-2C67D49AD6AF}"
EndProject
Project("{9A19103F-16F7-4668-BE54-9A1E7A4F7556}") = "CloudPillar.Agent", "src\agent\CloudPillar.Agent\CloudPillar.Agent.csproj", "{11DB32A8-AC90-4CD9-9489-8BFB11670C5F}"
EndProject
Project("{9A19103F-16F7-4668-BE54-9A1E7A4F7556}") = "jnjiotagent", "src\agent\poc\jnjiotagent.csproj", "{2DA69969-B276-4B98-8DA2-E7889120E7C9}"
EndProject
Project("{9A19103F-16F7-4668-BE54-9A1E7A4F7556}") = "Agent.Tests", "src\agent\UnitTests\Agent.Tests.csproj", "{3259F5AC-8DB8-4421-B167-E82D1DB72B9A}"
EndProject
Project("{2150E333-8FDC-42A3-9474-1A3956D46DE8}") = "backend", "backend", "{6248FA76-97A9-42E0-9FE6-2B37AE1F865A}"
EndProject
Project("{9A19103F-16F7-4668-BE54-9A1E7A4F7556}") = "BlobStreamer", "src\backend\BlobStreamer\BlobStreamer.csproj", "{CCCA2733-89D8-408C-8469-4FAE60D5D4E9}"
EndProject
Project("{9A19103F-16F7-4668-BE54-9A1E7A4F7556}") = "Iotlistener", "src\backend\Iotlistener\Iotlistener.csproj", "{9E2AF9B2-9BEA-4AD4-ABD5-C756DC60BCC6}"
EndProject
Project("{9A19103F-16F7-4668-BE54-9A1E7A4F7556}") = "Keyholder", "src\backend\Keyholder\Keyholder.csproj", "{D545AAA8-7ABB-423C-AAC0-5DF4BF23B7C6}"
EndProject
Project("{2150E333-8FDC-42A3-9474-1A3956D46DE8}") = "Shared", "Shared", "{B4FBEF37-CD4C-48E1-B82E-24147414CEE0}"
EndProject
Project("{9A19103F-16F7-4668-BE54-9A1E7A4F7556}") = "Entities", "src\Shared\Entities\Entities.csproj", "{EB0A8905-92A1-41E1-96A6-397374BFBA21}"
EndProject
Project("{9A19103F-16F7-4668-BE54-9A1E7A4F7556}") = "Logger", "src\Shared\Logger\Logger.csproj", "{6C53427A-9DB9-4316-8749-51D393CB9A55}"
EndProject
Project("{2150E333-8FDC-42A3-9474-1A3956D46DE8}") = "Infra", "Infra", "{C1921898-1367-4384-81ED-64A83DF23978}"
EndProject
Project("{9A19103F-16F7-4668-BE54-9A1E7A4F7556}") = "Common", "src\backend\Infra\Common\Common.csproj", "{76AC28A1-9BAB-4B27-B73E-1BCC65EDC5F3}"
EndProject
Project("{2150E333-8FDC-42A3-9474-1A3956D46DE8}") = "poc", "poc", "{222ED134-F9D7-4EB5-BDBA-CC2CD9F0AA8A}"
EndProject
Project("{9A19103F-16F7-4668-BE54-9A1E7A4F7556}") = "d2c-processor", "src\backend\poc\dotnet\d2c-processor.csproj", "{263F0690-C7F7-463B-A11F-7AEA06BC449F}"
EndProject
Project("{2150E333-8FDC-42A3-9474-1A3956D46DE8}") = "UnitTests", "UnitTests", "{FD9FD696-6C80-4403-9F14-43B9D2B0CAE4}"
EndProject
Project("{9A19103F-16F7-4668-BE54-9A1E7A4F7556}") = "BlobStreamer.Tests", "src\backend\UnitTests\BlobStreamer.Tests\BlobStreamer.Tests.csproj", "{B93731CD-D9A0-4279-A953-D366C4FB77BD}"
EndProject
Project("{9A19103F-16F7-4668-BE54-9A1E7A4F7556}") = "Common.Tests", "src\backend\UnitTests\Common.Tests\Common.Tests.csproj", "{7FFD008D-8DD0-4A99-AB66-AF2ED4822C9D}"
EndProject
Project("{9A19103F-16F7-4668-BE54-9A1E7A4F7556}") = "Iotlistener.Tests", "src\backend\UnitTests\Iotlistener.Tests\Iotlistener.Tests.csproj", "{C8BE5453-8944-4699-92D7-BFFF1B2F4EE4}"
EndProject
Project("{9A19103F-16F7-4668-BE54-9A1E7A4F7556}") = "Keyholder.Tests", "src\backend\UnitTests\Keyholder.Tests\Keyholder.Tests.csproj", "{3DF9E24D-CDDD-4736-B1F4-7DC7C6D31F3A}"
EndProject
Project("{2150E333-8FDC-42A3-9474-1A3956D46DE8}") = "dicom-service-poc", "dicom-service-poc", "{428DC538-FC54-4603-9436-08A04E3F6368}"
EndProject
Project("{2150E333-8FDC-42A3-9474-1A3956D46DE8}") = "agent", "agent", "{CD6861A7-D8C2-4E3B-A6CB-E3D26FD5C3EE}"
EndProject
Project("{9A19103F-16F7-4668-BE54-9A1E7A4F7556}") = "dicom-service-agent", "src\dicom-service-poc\agent\dotnet\dicom-service-agent.csproj", "{1EA5D1C5-E3FB-4A51-9344-8FD81CDD357A}"
EndProject
Project("{2150E333-8FDC-42A3-9474-1A3956D46DE8}") = "backend", "backend", "{6B13F4B8-9D79-40A4-AF68-F914CA3D4DED}"
EndProject
Project("{9A19103F-16F7-4668-BE54-9A1E7A4F7556}") = "dicom-service-backend", "src\dicom-service-poc\backend\dotnet\dicom-service-backend.csproj", "{DB63B92E-A691-46E0-9E56-91E1F96BD2E4}"
EndProject
Project("{2150E333-8FDC-42A3-9474-1A3956D46DE8}") = "UnitTests", "UnitTests", "{5137897B-F3BB-4725-AE06-6F8133AD0352}"
EndProject
Project("{9A19103F-16F7-4668-BE54-9A1E7A4F7556}") = "Logger.Tests", "src\Shared\UnitTests\Logger.Tests\Logger.Tests.csproj", "{B9674E0D-438A-4C6C-9F55-579DF961F276}"
EndProject
Global
	GlobalSection(SolutionConfigurationPlatforms) = preSolution
		Debug|Any CPU = Debug|Any CPU
		Release|Any CPU = Release|Any CPU
	EndGlobalSection
	GlobalSection(ProjectConfigurationPlatforms) = postSolution
		{11DB32A8-AC90-4CD9-9489-8BFB11670C5F}.Debug|Any CPU.ActiveCfg = Debug|Any CPU
		{11DB32A8-AC90-4CD9-9489-8BFB11670C5F}.Debug|Any CPU.Build.0 = Debug|Any CPU
		{11DB32A8-AC90-4CD9-9489-8BFB11670C5F}.Release|Any CPU.ActiveCfg = Release|Any CPU
		{11DB32A8-AC90-4CD9-9489-8BFB11670C5F}.Release|Any CPU.Build.0 = Release|Any CPU
		{2DA69969-B276-4B98-8DA2-E7889120E7C9}.Debug|Any CPU.ActiveCfg = Debug|Any CPU
		{2DA69969-B276-4B98-8DA2-E7889120E7C9}.Debug|Any CPU.Build.0 = Debug|Any CPU
		{2DA69969-B276-4B98-8DA2-E7889120E7C9}.Release|Any CPU.ActiveCfg = Release|Any CPU
		{2DA69969-B276-4B98-8DA2-E7889120E7C9}.Release|Any CPU.Build.0 = Release|Any CPU
		{3259F5AC-8DB8-4421-B167-E82D1DB72B9A}.Debug|Any CPU.ActiveCfg = Debug|Any CPU
		{3259F5AC-8DB8-4421-B167-E82D1DB72B9A}.Debug|Any CPU.Build.0 = Debug|Any CPU
		{3259F5AC-8DB8-4421-B167-E82D1DB72B9A}.Release|Any CPU.ActiveCfg = Release|Any CPU
		{3259F5AC-8DB8-4421-B167-E82D1DB72B9A}.Release|Any CPU.Build.0 = Release|Any CPU
		{CCCA2733-89D8-408C-8469-4FAE60D5D4E9}.Debug|Any CPU.ActiveCfg = Debug|Any CPU
		{CCCA2733-89D8-408C-8469-4FAE60D5D4E9}.Debug|Any CPU.Build.0 = Debug|Any CPU
		{CCCA2733-89D8-408C-8469-4FAE60D5D4E9}.Release|Any CPU.ActiveCfg = Release|Any CPU
		{CCCA2733-89D8-408C-8469-4FAE60D5D4E9}.Release|Any CPU.Build.0 = Release|Any CPU
		{9E2AF9B2-9BEA-4AD4-ABD5-C756DC60BCC6}.Debug|Any CPU.ActiveCfg = Debug|Any CPU
		{9E2AF9B2-9BEA-4AD4-ABD5-C756DC60BCC6}.Debug|Any CPU.Build.0 = Debug|Any CPU
		{9E2AF9B2-9BEA-4AD4-ABD5-C756DC60BCC6}.Release|Any CPU.ActiveCfg = Release|Any CPU
		{9E2AF9B2-9BEA-4AD4-ABD5-C756DC60BCC6}.Release|Any CPU.Build.0 = Release|Any CPU
		{D545AAA8-7ABB-423C-AAC0-5DF4BF23B7C6}.Debug|Any CPU.ActiveCfg = Debug|Any CPU
		{D545AAA8-7ABB-423C-AAC0-5DF4BF23B7C6}.Debug|Any CPU.Build.0 = Debug|Any CPU
		{D545AAA8-7ABB-423C-AAC0-5DF4BF23B7C6}.Release|Any CPU.ActiveCfg = Release|Any CPU
		{D545AAA8-7ABB-423C-AAC0-5DF4BF23B7C6}.Release|Any CPU.Build.0 = Release|Any CPU
		{EB0A8905-92A1-41E1-96A6-397374BFBA21}.Debug|Any CPU.ActiveCfg = Debug|Any CPU
		{EB0A8905-92A1-41E1-96A6-397374BFBA21}.Debug|Any CPU.Build.0 = Debug|Any CPU
		{EB0A8905-92A1-41E1-96A6-397374BFBA21}.Release|Any CPU.ActiveCfg = Release|Any CPU
		{EB0A8905-92A1-41E1-96A6-397374BFBA21}.Release|Any CPU.Build.0 = Release|Any CPU
		{6C53427A-9DB9-4316-8749-51D393CB9A55}.Debug|Any CPU.ActiveCfg = Debug|Any CPU
		{6C53427A-9DB9-4316-8749-51D393CB9A55}.Debug|Any CPU.Build.0 = Debug|Any CPU
		{6C53427A-9DB9-4316-8749-51D393CB9A55}.Release|Any CPU.ActiveCfg = Release|Any CPU
		{6C53427A-9DB9-4316-8749-51D393CB9A55}.Release|Any CPU.Build.0 = Release|Any CPU
		{76AC28A1-9BAB-4B27-B73E-1BCC65EDC5F3}.Debug|Any CPU.ActiveCfg = Debug|Any CPU
		{76AC28A1-9BAB-4B27-B73E-1BCC65EDC5F3}.Debug|Any CPU.Build.0 = Debug|Any CPU
		{76AC28A1-9BAB-4B27-B73E-1BCC65EDC5F3}.Release|Any CPU.ActiveCfg = Release|Any CPU
		{76AC28A1-9BAB-4B27-B73E-1BCC65EDC5F3}.Release|Any CPU.Build.0 = Release|Any CPU
		{263F0690-C7F7-463B-A11F-7AEA06BC449F}.Debug|Any CPU.ActiveCfg = Debug|Any CPU
		{263F0690-C7F7-463B-A11F-7AEA06BC449F}.Debug|Any CPU.Build.0 = Debug|Any CPU
		{263F0690-C7F7-463B-A11F-7AEA06BC449F}.Release|Any CPU.ActiveCfg = Release|Any CPU
		{263F0690-C7F7-463B-A11F-7AEA06BC449F}.Release|Any CPU.Build.0 = Release|Any CPU
		{B93731CD-D9A0-4279-A953-D366C4FB77BD}.Debug|Any CPU.ActiveCfg = Debug|Any CPU
		{B93731CD-D9A0-4279-A953-D366C4FB77BD}.Debug|Any CPU.Build.0 = Debug|Any CPU
		{B93731CD-D9A0-4279-A953-D366C4FB77BD}.Release|Any CPU.ActiveCfg = Release|Any CPU
		{B93731CD-D9A0-4279-A953-D366C4FB77BD}.Release|Any CPU.Build.0 = Release|Any CPU
		{7FFD008D-8DD0-4A99-AB66-AF2ED4822C9D}.Debug|Any CPU.ActiveCfg = Debug|Any CPU
		{7FFD008D-8DD0-4A99-AB66-AF2ED4822C9D}.Debug|Any CPU.Build.0 = Debug|Any CPU
		{7FFD008D-8DD0-4A99-AB66-AF2ED4822C9D}.Release|Any CPU.ActiveCfg = Release|Any CPU
		{7FFD008D-8DD0-4A99-AB66-AF2ED4822C9D}.Release|Any CPU.Build.0 = Release|Any CPU
		{C8BE5453-8944-4699-92D7-BFFF1B2F4EE4}.Debug|Any CPU.ActiveCfg = Debug|Any CPU
		{C8BE5453-8944-4699-92D7-BFFF1B2F4EE4}.Debug|Any CPU.Build.0 = Debug|Any CPU
		{C8BE5453-8944-4699-92D7-BFFF1B2F4EE4}.Release|Any CPU.ActiveCfg = Release|Any CPU
		{C8BE5453-8944-4699-92D7-BFFF1B2F4EE4}.Release|Any CPU.Build.0 = Release|Any CPU
		{3DF9E24D-CDDD-4736-B1F4-7DC7C6D31F3A}.Debug|Any CPU.ActiveCfg = Debug|Any CPU
		{3DF9E24D-CDDD-4736-B1F4-7DC7C6D31F3A}.Debug|Any CPU.Build.0 = Debug|Any CPU
		{3DF9E24D-CDDD-4736-B1F4-7DC7C6D31F3A}.Release|Any CPU.ActiveCfg = Release|Any CPU
		{3DF9E24D-CDDD-4736-B1F4-7DC7C6D31F3A}.Release|Any CPU.Build.0 = Release|Any CPU
		{1EA5D1C5-E3FB-4A51-9344-8FD81CDD357A}.Debug|Any CPU.ActiveCfg = Debug|Any CPU
		{1EA5D1C5-E3FB-4A51-9344-8FD81CDD357A}.Debug|Any CPU.Build.0 = Debug|Any CPU
		{1EA5D1C5-E3FB-4A51-9344-8FD81CDD357A}.Release|Any CPU.ActiveCfg = Release|Any CPU
		{1EA5D1C5-E3FB-4A51-9344-8FD81CDD357A}.Release|Any CPU.Build.0 = Release|Any CPU
		{DB63B92E-A691-46E0-9E56-91E1F96BD2E4}.Debug|Any CPU.ActiveCfg = Debug|Any CPU
		{DB63B92E-A691-46E0-9E56-91E1F96BD2E4}.Debug|Any CPU.Build.0 = Debug|Any CPU
		{DB63B92E-A691-46E0-9E56-91E1F96BD2E4}.Release|Any CPU.ActiveCfg = Release|Any CPU
		{DB63B92E-A691-46E0-9E56-91E1F96BD2E4}.Release|Any CPU.Build.0 = Release|Any CPU
		{B9674E0D-438A-4C6C-9F55-579DF961F276}.Debug|Any CPU.ActiveCfg = Debug|Any CPU
		{B9674E0D-438A-4C6C-9F55-579DF961F276}.Debug|Any CPU.Build.0 = Debug|Any CPU
		{B9674E0D-438A-4C6C-9F55-579DF961F276}.Release|Any CPU.ActiveCfg = Release|Any CPU
		{B9674E0D-438A-4C6C-9F55-579DF961F276}.Release|Any CPU.Build.0 = Release|Any CPU
	EndGlobalSection
	GlobalSection(SolutionProperties) = preSolution
		HideSolutionNode = FALSE
	EndGlobalSection
	GlobalSection(NestedProjects) = preSolution
		{AF3C3C9D-1CB3-4EE5-92CD-2C67D49AD6AF} = {E87CDE0D-E6CD-46B9-8818-BB8E1ED412FC}
		{11DB32A8-AC90-4CD9-9489-8BFB11670C5F} = {AF3C3C9D-1CB3-4EE5-92CD-2C67D49AD6AF}
		{2DA69969-B276-4B98-8DA2-E7889120E7C9} = {AF3C3C9D-1CB3-4EE5-92CD-2C67D49AD6AF}
		{3259F5AC-8DB8-4421-B167-E82D1DB72B9A} = {AF3C3C9D-1CB3-4EE5-92CD-2C67D49AD6AF}
		{6248FA76-97A9-42E0-9FE6-2B37AE1F865A} = {E87CDE0D-E6CD-46B9-8818-BB8E1ED412FC}
		{CCCA2733-89D8-408C-8469-4FAE60D5D4E9} = {6248FA76-97A9-42E0-9FE6-2B37AE1F865A}
		{9E2AF9B2-9BEA-4AD4-ABD5-C756DC60BCC6} = {6248FA76-97A9-42E0-9FE6-2B37AE1F865A}
		{D545AAA8-7ABB-423C-AAC0-5DF4BF23B7C6} = {6248FA76-97A9-42E0-9FE6-2B37AE1F865A}
		{B4FBEF37-CD4C-48E1-B82E-24147414CEE0} = {E87CDE0D-E6CD-46B9-8818-BB8E1ED412FC}
		{EB0A8905-92A1-41E1-96A6-397374BFBA21} = {B4FBEF37-CD4C-48E1-B82E-24147414CEE0}
		{6C53427A-9DB9-4316-8749-51D393CB9A55} = {B4FBEF37-CD4C-48E1-B82E-24147414CEE0}
		{C1921898-1367-4384-81ED-64A83DF23978} = {6248FA76-97A9-42E0-9FE6-2B37AE1F865A}
		{76AC28A1-9BAB-4B27-B73E-1BCC65EDC5F3} = {C1921898-1367-4384-81ED-64A83DF23978}
		{222ED134-F9D7-4EB5-BDBA-CC2CD9F0AA8A} = {6248FA76-97A9-42E0-9FE6-2B37AE1F865A}
		{263F0690-C7F7-463B-A11F-7AEA06BC449F} = {222ED134-F9D7-4EB5-BDBA-CC2CD9F0AA8A}
		{FD9FD696-6C80-4403-9F14-43B9D2B0CAE4} = {6248FA76-97A9-42E0-9FE6-2B37AE1F865A}
		{B93731CD-D9A0-4279-A953-D366C4FB77BD} = {FD9FD696-6C80-4403-9F14-43B9D2B0CAE4}
		{7FFD008D-8DD0-4A99-AB66-AF2ED4822C9D} = {FD9FD696-6C80-4403-9F14-43B9D2B0CAE4}
		{C8BE5453-8944-4699-92D7-BFFF1B2F4EE4} = {FD9FD696-6C80-4403-9F14-43B9D2B0CAE4}
		{3DF9E24D-CDDD-4736-B1F4-7DC7C6D31F3A} = {FD9FD696-6C80-4403-9F14-43B9D2B0CAE4}
		{428DC538-FC54-4603-9436-08A04E3F6368} = {E87CDE0D-E6CD-46B9-8818-BB8E1ED412FC}
		{CD6861A7-D8C2-4E3B-A6CB-E3D26FD5C3EE} = {428DC538-FC54-4603-9436-08A04E3F6368}
		{1EA5D1C5-E3FB-4A51-9344-8FD81CDD357A} = {CD6861A7-D8C2-4E3B-A6CB-E3D26FD5C3EE}
		{6B13F4B8-9D79-40A4-AF68-F914CA3D4DED} = {428DC538-FC54-4603-9436-08A04E3F6368}
		{DB63B92E-A691-46E0-9E56-91E1F96BD2E4} = {6B13F4B8-9D79-40A4-AF68-F914CA3D4DED}
		{5137897B-F3BB-4725-AE06-6F8133AD0352} = {B4FBEF37-CD4C-48E1-B82E-24147414CEE0}
		{B9674E0D-438A-4C6C-9F55-579DF961F276} = {5137897B-F3BB-4725-AE06-6F8133AD0352}
	EndGlobalSection
	GlobalSection(ExtensibilityGlobals) = postSolution
		SolutionGuid = {8EEB947F-6999-42E1-AC5B-2214B2F7CA45}
	EndGlobalSection
EndGlobal
