{
  "version": 4,
  "terraform_version": "1.3.3",
  "serial": 4,
  "lineage": "34dc677d-5c93-f597-dbf6-e25a5f59e352",
  "outputs": {},
  "resources": [
    {
      "mode": "managed",
      "type": "azurerm_resource_group",
      "name": "state",
      "provider": "provider[\"registry.terraform.io/hashicorp/azurerm\"]",
      "instances": [
        {
          "schema_version": 0,
          "attributes": {
            "id": "/subscriptions/a147112f-bc59-4e9e-ac2f-5b4585e6542e/resourceGroups/tf-rg",
            "location": "westeurope",
            "name": "tf-rg",
            "tags": {
              "terraform": "true"
            },
            "timeouts": null
          },
          "sensitive_attributes": [],
          "private": "eyJlMmJmYjczMC1lY2FhLTExZTYtOGY4OC0zNDM2M2JjN2M0YzAiOnsiY3JlYXRlIjo1NDAwMDAwMDAwMDAwLCJkZWxldGUiOjU0MDAwMDAwMDAwMDAsInJlYWQiOjMwMDAwMDAwMDAwMCwidXBkYXRlIjo1NDAwMDAwMDAwMDAwfX0="
        }
      ]
    },
    {
      "mode": "managed",
      "type": "azurerm_storage_account",
      "name": "state",
      "provider": "provider[\"registry.terraform.io/hashicorp/azurerm\"]",
      "instances": [
        {
          "schema_version": 2,
          "attributes": {
            "access_tier": "Hot",
            "account_kind": "StorageV2",
            "account_replication_type": "LRS",
            "account_tier": "Standard",
            "allow_blob_public_access": false,
            "blob_properties": [],
            "custom_domain": [],
            "enable_https_traffic_only": true,
            "id": "/subscriptions/a147112f-bc59-4e9e-ac2f-5b4585e6542e/resourceGroups/tf-rg/providers/Microsoft.Storage/storageAccounts/tfiotdicom",
            "identity": [],
            "is_hns_enabled": false,
            "large_file_share_enabled": null,
            "location": "westeurope",
            "min_tls_version": "TLS1_0",
            "name": "tfiotdicom",
            "network_rules": [
              {
                "bypass": [
                  "AzureServices"
                ],
                "default_action": "Allow",
                "ip_rules": [],
                "virtual_network_subnet_ids": []
              }
            ],
            "primary_access_key": "d5aUQ3XDUptCcbVbf5AfTyA1KQw7UOHpe/ll/Nmmv19f/1vmnaNy42e9GC69iPh12+fvlTk11yRz+AStGccBFQ==",
            "primary_blob_connection_string": "DefaultEndpointsProtocol=https;BlobEndpoint=https://tfiotdicom.blob.core.windows.net/;AccountName=tfiotdicom;AccountKey=d5aUQ3XDUptCcbVbf5AfTyA1KQw7UOHpe/ll/Nmmv19f/1vmnaNy42e9GC69iPh12+fvlTk11yRz+AStGccBFQ==",
            "primary_blob_endpoint": "https://tfiotdicom.blob.core.windows.net/",
            "primary_blob_host": "tfiotdicom.blob.core.windows.net",
            "primary_connection_string": "DefaultEndpointsProtocol=https;AccountName=tfiotdicom;AccountKey=d5aUQ3XDUptCcbVbf5AfTyA1KQw7UOHpe/ll/Nmmv19f/1vmnaNy42e9GC69iPh12+fvlTk11yRz+AStGccBFQ==;EndpointSuffix=core.windows.net",
            "primary_dfs_endpoint": "https://tfiotdicom.dfs.core.windows.net/",
            "primary_dfs_host": "tfiotdicom.dfs.core.windows.net",
            "primary_file_endpoint": "https://tfiotdicom.file.core.windows.net/",
            "primary_file_host": "tfiotdicom.file.core.windows.net",
            "primary_location": "westeurope",
            "primary_queue_endpoint": "https://tfiotdicom.queue.core.windows.net/",
            "primary_queue_host": "tfiotdicom.queue.core.windows.net",
            "primary_table_endpoint": "https://tfiotdicom.table.core.windows.net/",
            "primary_table_host": "tfiotdicom.table.core.windows.net",
            "primary_web_endpoint": "https://tfiotdicom.z6.web.core.windows.net/",
            "primary_web_host": "tfiotdicom.z6.web.core.windows.net",
            "queue_properties": [
              {
                "cors_rule": [],
                "hour_metrics": [
                  {
                    "enabled": true,
                    "include_apis": true,
                    "retention_policy_days": 7,
                    "version": "1.0"
                  }
                ],
                "logging": [
                  {
                    "delete": false,
                    "read": false,
                    "retention_policy_days": 0,
                    "version": "1.0",
                    "write": false
                  }
                ],
                "minute_metrics": [
                  {
                    "enabled": false,
                    "include_apis": false,
                    "retention_policy_days": 0,
                    "version": "1.0"
                  }
                ]
              }
            ],
            "resource_group_name": "tf-rg",
            "secondary_access_key": "6ORuALQA6ZPgNEhkQmkJ/NBl8U0ja53x5kIWkBroctxWCZs217ty681rIcPQnCuZr2n7HSyVsBC0+AStwpcWsA==",
            "secondary_blob_connection_string": "",
            "secondary_blob_endpoint": null,
            "secondary_blob_host": null,
            "secondary_connection_string": "DefaultEndpointsProtocol=https;AccountName=tfiotdicom;AccountKey=6ORuALQA6ZPgNEhkQmkJ/NBl8U0ja53x5kIWkBroctxWCZs217ty681rIcPQnCuZr2n7HSyVsBC0+AStwpcWsA==;EndpointSuffix=core.windows.net",
            "secondary_dfs_endpoint": null,
            "secondary_dfs_host": null,
            "secondary_file_endpoint": null,
            "secondary_file_host": null,
            "secondary_location": "",
            "secondary_queue_endpoint": null,
            "secondary_queue_host": null,
            "secondary_table_endpoint": null,
            "secondary_table_host": null,
            "secondary_web_endpoint": null,
            "secondary_web_host": null,
            "static_website": [],
            "tags": {
              "terraform": "true"
            },
            "timeouts": null
          },
          "sensitive_attributes": [],
          "private": "eyJlMmJmYjczMC1lY2FhLTExZTYtOGY4OC0zNDM2M2JjN2M0YzAiOnsiY3JlYXRlIjozNjAwMDAwMDAwMDAwLCJkZWxldGUiOjM2MDAwMDAwMDAwMDAsInJlYWQiOjMwMDAwMDAwMDAwMCwidXBkYXRlIjozNjAwMDAwMDAwMDAwfSwic2NoZW1hX3ZlcnNpb24iOiIyIn0=",
          "dependencies": [
            "azurerm_resource_group.state"
          ]
        }
      ]
    },
    {
      "mode": "managed",
      "type": "azurerm_storage_container",
      "name": "state",
      "provider": "provider[\"registry.terraform.io/hashicorp/azurerm\"]",
      "instances": [
        {
          "schema_version": 1,
          "attributes": {
            "container_access_type": "private",
            "has_immutability_policy": false,
            "has_legal_hold": false,
            "id": "https://tfiotdicom.blob.core.windows.net/tfstate",
            "metadata": {},
            "name": "tfstate",
            "resource_manager_id": "/subscriptions/a147112f-bc59-4e9e-ac2f-5b4585e6542e/resourceGroups/tf-rg/providers/Microsoft.Storage/storageAccounts/tfiotdicom/blobServices/default/containers/tfstate",
            "storage_account_name": "tfiotdicom",
            "timeouts": null
          },
          "sensitive_attributes": [],
          "private": "eyJlMmJmYjczMC1lY2FhLTExZTYtOGY4OC0zNDM2M2JjN2M0YzAiOnsiY3JlYXRlIjoxODAwMDAwMDAwMDAwLCJkZWxldGUiOjE4MDAwMDAwMDAwMDAsInJlYWQiOjMwMDAwMDAwMDAwMCwidXBkYXRlIjoxODAwMDAwMDAwMDAwfSwic2NoZW1hX3ZlcnNpb24iOiIxIn0=",
          "dependencies": [
            "azurerm_resource_group.state",
            "azurerm_storage_account.state"
          ]
        }
      ]
    }
  ],
  "check_results": []
}
