
Microsoft Visual Studio Solution File, Format Version 12.00
# Visual Studio Version 17
VisualStudioVersion = 17.5.002.0
MinimumVisualStudioVersion = 10.0.40219.1
Project("{2150E333-8FDC-42A3-9474-1A3956D46DE8}") = "agent", "agent", "{06ED4956-8316-4216-AA75-EE32D1E5491F}"
EndProject
Project("{9A19103F-16F7-4668-BE54-9A1E7A4F7556}") = "CloudPillar.Agent", "agent\CloudPillar.Agent\CloudPillar.Agent.csproj", "{ABD0C571-C0F7-48F4-9FE5-24EE8A6747EE}"
EndProject
Project("{9A19103F-16F7-4668-BE54-9A1E7A4F7556}") = "CloudPillar.Agent.Tests", "agent\CloudPillar.Agent.Tests\CloudPillar.Agent.Tests.csproj", "{2B33E902-B661-41F4-9DF1-B557BBD05313}"
EndProject
Project("{9A19103F-16F7-4668-BE54-9A1E7A4F7556}") = "jnjiotagent", "agent\poc\jnjiotagent.csproj", "{0137A682-7252-414F-A593-A1A34F9215BB}"
EndProject
Project("{2150E333-8FDC-42A3-9474-1A3956D46DE8}") = "backend", "backend", "{0B2A6FF7-06C3-40CB-904D-10541DF7A44A}"
EndProject
Project("{9A19103F-16F7-4668-BE54-9A1E7A4F7556}") = "analyzer", "backend\analyzer\analyzer.csproj", "{B8B02C65-16A4-4A77-8D05-A78BE44A7FE1}"
EndProject
Project("{9A19103F-16F7-4668-BE54-9A1E7A4F7556}") = "Backend.BlobStreamer", "backend\Backend.BlobStreamer\Backend.BlobStreamer.csproj", "{35BF30C6-0E4C-48D0-8DD1-1EF81999BF6B}"
EndProject
Project("{9A19103F-16F7-4668-BE54-9A1E7A4F7556}") = "Backend.Iotlistener", "backend\Backend.Iotlistener\Backend.Iotlistener.csproj", "{448CFB46-D105-4D20-B251-FC8AA8DC44D5}"
EndProject
Project("{9A19103F-16F7-4668-BE54-9A1E7A4F7556}") = "Backend.Keyholder", "backend\Backend.Keyholder\Backend.Keyholder.csproj", "{763B1B22-C0F7-4AF7-93CD-3080F38314DF}"
EndProject
Project("{9A19103F-16F7-4668-BE54-9A1E7A4F7556}") = "beapi", "backend\beapi\beapi.csproj", "{3F989F37-0E2A-4EAE-BAD4-57E352CB4FC0}"
EndProject
Project("{9A19103F-16F7-4668-BE54-9A1E7A4F7556}") = "mongowriter", "backend\mongowriter\mongowriter.csproj", "{3346E597-D7B4-4BE2-814F-8F6B5673B8B8}"
EndProject
Project("{9A19103F-16F7-4668-BE54-9A1E7A4F7556}") = "twinlistener", "backend\twinlistener\twinlistener.csproj", "{CDA4DC8D-424D-4C72-81E8-7EFB9F132C4C}"
EndProject
Project("{2150E333-8FDC-42A3-9474-1A3956D46DE8}") = "shared", "shared", "{E8F6D731-D10D-4FFF-BAF3-37726DB9C576}"
EndProject
Project("{9A19103F-16F7-4668-BE54-9A1E7A4F7556}") = "Shared.Entities", "shared\Shared.Entities\Shared.Entities.csproj", "{53F37EA4-6882-481F-A2A9-4CB75205BCC6}"
EndProject
Project("{9A19103F-16F7-4668-BE54-9A1E7A4F7556}") = "Shared.Logger", "shared\Shared.Logger\Shared.Logger.csproj", "{0282D1DD-A286-4ED2-959A-14881E4BF6C0}"
EndProject
Project("{2150E333-8FDC-42A3-9474-1A3956D46DE8}") = "infra", "infra", "{9E87FD3D-3862-43FA-8491-D1EBA4A4D653}"
EndProject
Project("{9A19103F-16F7-4668-BE54-9A1E7A4F7556}") = "common", "backend\infra\common\common.csproj", "{40035B28-142E-43E6-B307-0207789FAD91}"
EndProject
Project("{2150E333-8FDC-42A3-9474-1A3956D46DE8}") = "poc", "poc", "{4750B26A-DF61-4EBC-AE9B-E32D12E44533}"
EndProject
Project("{9A19103F-16F7-4668-BE54-9A1E7A4F7556}") = "d2c-processor", "backend\poc\dotnet\d2c-processor.csproj", "{8EC6BB58-70CD-417B-B8E0-FB056B8F4BFC}"
EndProject
Project("{2150E333-8FDC-42A3-9474-1A3956D46DE8}") = "unittests", "unittests", "{4ED92182-EC8C-400F-96A5-3A6A20D4AECF}"
EndProject
Project("{9A19103F-16F7-4668-BE54-9A1E7A4F7556}") = "Backend.BlobStreamer.Tests", "backend\unittests\Backend.BlobStreamer.Tests\Backend.BlobStreamer.Tests.csproj", "{909723FE-7181-402E-BDC2-6B0268F78CBF}"
EndProject
Project("{9A19103F-16F7-4668-BE54-9A1E7A4F7556}") = "Backend.Iotlistener.Tests", "backend\unittests\Backend.Iotlistener.Tests\Backend.Iotlistener.Tests.csproj", "{52522A45-B3D4-4B34-9FE5-285DFBE0D5E3}"
EndProject
Project("{9A19103F-16F7-4668-BE54-9A1E7A4F7556}") = "Backend.Keyholder.Tests", "backend\unittests\Backend.Keyholder.Tests\Backend.Keyholder.Tests.csproj", "{17C095CC-C039-45A8-8F27-39D98B9EAF8B}"
EndProject
Project("{9A19103F-16F7-4668-BE54-9A1E7A4F7556}") = "common.tests", "backend\unittests\common.tests\common.tests.csproj", "{8FF4DF0D-41E5-45F9-8607-09470D1FA0C7}"
EndProject
Project("{2150E333-8FDC-42A3-9474-1A3956D46DE8}") = "dicom-service-poc", "dicom-service-poc", "{8727C4EC-2AE3-439F-9D01-E7D2B5F548F2}"
EndProject
Project("{2150E333-8FDC-42A3-9474-1A3956D46DE8}") = "agent", "agent", "{4D50C521-A27B-487C-B5A3-1AFC66005B27}"
EndProject
Project("{9A19103F-16F7-4668-BE54-9A1E7A4F7556}") = "dicom-service-agent", "dicom-service-poc\agent\dotnet\dicom-service-agent.csproj", "{CB9BA48B-D16A-4136-920C-0AACE6DCE918}"
EndProject
Project("{2150E333-8FDC-42A3-9474-1A3956D46DE8}") = "backend", "backend", "{681D7D94-B7E5-4405-9363-7E03A86F0A09}"
EndProject
Project("{9A19103F-16F7-4668-BE54-9A1E7A4F7556}") = "dicom-service-backend", "dicom-service-poc\backend\dotnet\dicom-service-backend.csproj", "{74971243-6A31-416D-B04D-3EAA38345FEE}"
EndProject
Project("{2150E333-8FDC-42A3-9474-1A3956D46DE8}") = "Shared.UnitTests", "Shared.UnitTests", "{98F1A2EE-1BC7-496F-A2A9-2A032FE9490F}"
EndProject
Project("{9A19103F-16F7-4668-BE54-9A1E7A4F7556}") = "shared.logger.tests", "shared\Shared.UnitTests\shared.logger.tests\shared.logger.tests.csproj", "{70C8ED8E-4FE3-40A0-83D9-7BD49A6EDA0D}"
EndProject
Global
	GlobalSection(SolutionConfigurationPlatforms) = preSolution
		Debug|Any CPU = Debug|Any CPU
		Release|Any CPU = Release|Any CPU
	EndGlobalSection
	GlobalSection(ProjectConfigurationPlatforms) = postSolution
		{ABD0C571-C0F7-48F4-9FE5-24EE8A6747EE}.Debug|Any CPU.ActiveCfg = Debug|Any CPU
		{ABD0C571-C0F7-48F4-9FE5-24EE8A6747EE}.Debug|Any CPU.Build.0 = Debug|Any CPU
		{ABD0C571-C0F7-48F4-9FE5-24EE8A6747EE}.Release|Any CPU.ActiveCfg = Release|Any CPU
		{ABD0C571-C0F7-48F4-9FE5-24EE8A6747EE}.Release|Any CPU.Build.0 = Release|Any CPU
		{2B33E902-B661-41F4-9DF1-B557BBD05313}.Debug|Any CPU.ActiveCfg = Debug|Any CPU
		{2B33E902-B661-41F4-9DF1-B557BBD05313}.Debug|Any CPU.Build.0 = Debug|Any CPU
		{2B33E902-B661-41F4-9DF1-B557BBD05313}.Release|Any CPU.ActiveCfg = Release|Any CPU
		{2B33E902-B661-41F4-9DF1-B557BBD05313}.Release|Any CPU.Build.0 = Release|Any CPU
		{0137A682-7252-414F-A593-A1A34F9215BB}.Debug|Any CPU.ActiveCfg = Debug|Any CPU
		{0137A682-7252-414F-A593-A1A34F9215BB}.Debug|Any CPU.Build.0 = Debug|Any CPU
		{0137A682-7252-414F-A593-A1A34F9215BB}.Release|Any CPU.ActiveCfg = Release|Any CPU
		{0137A682-7252-414F-A593-A1A34F9215BB}.Release|Any CPU.Build.0 = Release|Any CPU
		{B8B02C65-16A4-4A77-8D05-A78BE44A7FE1}.Debug|Any CPU.ActiveCfg = Debug|Any CPU
		{B8B02C65-16A4-4A77-8D05-A78BE44A7FE1}.Debug|Any CPU.Build.0 = Debug|Any CPU
		{B8B02C65-16A4-4A77-8D05-A78BE44A7FE1}.Release|Any CPU.ActiveCfg = Release|Any CPU
		{B8B02C65-16A4-4A77-8D05-A78BE44A7FE1}.Release|Any CPU.Build.0 = Release|Any CPU
		{35BF30C6-0E4C-48D0-8DD1-1EF81999BF6B}.Debug|Any CPU.ActiveCfg = Debug|Any CPU
		{35BF30C6-0E4C-48D0-8DD1-1EF81999BF6B}.Debug|Any CPU.Build.0 = Debug|Any CPU
		{35BF30C6-0E4C-48D0-8DD1-1EF81999BF6B}.Release|Any CPU.ActiveCfg = Release|Any CPU
		{35BF30C6-0E4C-48D0-8DD1-1EF81999BF6B}.Release|Any CPU.Build.0 = Release|Any CPU
		{448CFB46-D105-4D20-B251-FC8AA8DC44D5}.Debug|Any CPU.ActiveCfg = Debug|Any CPU
		{448CFB46-D105-4D20-B251-FC8AA8DC44D5}.Debug|Any CPU.Build.0 = Debug|Any CPU
		{448CFB46-D105-4D20-B251-FC8AA8DC44D5}.Release|Any CPU.ActiveCfg = Release|Any CPU
		{448CFB46-D105-4D20-B251-FC8AA8DC44D5}.Release|Any CPU.Build.0 = Release|Any CPU
		{763B1B22-C0F7-4AF7-93CD-3080F38314DF}.Debug|Any CPU.ActiveCfg = Debug|Any CPU
		{763B1B22-C0F7-4AF7-93CD-3080F38314DF}.Debug|Any CPU.Build.0 = Debug|Any CPU
		{763B1B22-C0F7-4AF7-93CD-3080F38314DF}.Release|Any CPU.ActiveCfg = Release|Any CPU
		{763B1B22-C0F7-4AF7-93CD-3080F38314DF}.Release|Any CPU.Build.0 = Release|Any CPU
		{3F989F37-0E2A-4EAE-BAD4-57E352CB4FC0}.Debug|Any CPU.ActiveCfg = Debug|Any CPU
		{3F989F37-0E2A-4EAE-BAD4-57E352CB4FC0}.Debug|Any CPU.Build.0 = Debug|Any CPU
		{3F989F37-0E2A-4EAE-BAD4-57E352CB4FC0}.Release|Any CPU.ActiveCfg = Release|Any CPU
		{3F989F37-0E2A-4EAE-BAD4-57E352CB4FC0}.Release|Any CPU.Build.0 = Release|Any CPU
		{3346E597-D7B4-4BE2-814F-8F6B5673B8B8}.Debug|Any CPU.ActiveCfg = Debug|Any CPU
		{3346E597-D7B4-4BE2-814F-8F6B5673B8B8}.Debug|Any CPU.Build.0 = Debug|Any CPU
		{3346E597-D7B4-4BE2-814F-8F6B5673B8B8}.Release|Any CPU.ActiveCfg = Release|Any CPU
		{3346E597-D7B4-4BE2-814F-8F6B5673B8B8}.Release|Any CPU.Build.0 = Release|Any CPU
		{CDA4DC8D-424D-4C72-81E8-7EFB9F132C4C}.Debug|Any CPU.ActiveCfg = Debug|Any CPU
		{CDA4DC8D-424D-4C72-81E8-7EFB9F132C4C}.Debug|Any CPU.Build.0 = Debug|Any CPU
		{CDA4DC8D-424D-4C72-81E8-7EFB9F132C4C}.Release|Any CPU.ActiveCfg = Release|Any CPU
		{CDA4DC8D-424D-4C72-81E8-7EFB9F132C4C}.Release|Any CPU.Build.0 = Release|Any CPU
		{53F37EA4-6882-481F-A2A9-4CB75205BCC6}.Debug|Any CPU.ActiveCfg = Debug|Any CPU
		{53F37EA4-6882-481F-A2A9-4CB75205BCC6}.Debug|Any CPU.Build.0 = Debug|Any CPU
		{53F37EA4-6882-481F-A2A9-4CB75205BCC6}.Release|Any CPU.ActiveCfg = Release|Any CPU
		{53F37EA4-6882-481F-A2A9-4CB75205BCC6}.Release|Any CPU.Build.0 = Release|Any CPU
		{0282D1DD-A286-4ED2-959A-14881E4BF6C0}.Debug|Any CPU.ActiveCfg = Debug|Any CPU
		{0282D1DD-A286-4ED2-959A-14881E4BF6C0}.Debug|Any CPU.Build.0 = Debug|Any CPU
		{0282D1DD-A286-4ED2-959A-14881E4BF6C0}.Release|Any CPU.ActiveCfg = Release|Any CPU
		{0282D1DD-A286-4ED2-959A-14881E4BF6C0}.Release|Any CPU.Build.0 = Release|Any CPU
		{40035B28-142E-43E6-B307-0207789FAD91}.Debug|Any CPU.ActiveCfg = Debug|Any CPU
		{40035B28-142E-43E6-B307-0207789FAD91}.Debug|Any CPU.Build.0 = Debug|Any CPU
		{40035B28-142E-43E6-B307-0207789FAD91}.Release|Any CPU.ActiveCfg = Release|Any CPU
		{40035B28-142E-43E6-B307-0207789FAD91}.Release|Any CPU.Build.0 = Release|Any CPU
		{8EC6BB58-70CD-417B-B8E0-FB056B8F4BFC}.Debug|Any CPU.ActiveCfg = Debug|Any CPU
		{8EC6BB58-70CD-417B-B8E0-FB056B8F4BFC}.Debug|Any CPU.Build.0 = Debug|Any CPU
		{8EC6BB58-70CD-417B-B8E0-FB056B8F4BFC}.Release|Any CPU.ActiveCfg = Release|Any CPU
		{8EC6BB58-70CD-417B-B8E0-FB056B8F4BFC}.Release|Any CPU.Build.0 = Release|Any CPU
		{909723FE-7181-402E-BDC2-6B0268F78CBF}.Debug|Any CPU.ActiveCfg = Debug|Any CPU
		{909723FE-7181-402E-BDC2-6B0268F78CBF}.Debug|Any CPU.Build.0 = Debug|Any CPU
		{909723FE-7181-402E-BDC2-6B0268F78CBF}.Release|Any CPU.ActiveCfg = Release|Any CPU
		{909723FE-7181-402E-BDC2-6B0268F78CBF}.Release|Any CPU.Build.0 = Release|Any CPU
		{52522A45-B3D4-4B34-9FE5-285DFBE0D5E3}.Debug|Any CPU.ActiveCfg = Debug|Any CPU
		{52522A45-B3D4-4B34-9FE5-285DFBE0D5E3}.Debug|Any CPU.Build.0 = Debug|Any CPU
		{52522A45-B3D4-4B34-9FE5-285DFBE0D5E3}.Release|Any CPU.ActiveCfg = Release|Any CPU
		{52522A45-B3D4-4B34-9FE5-285DFBE0D5E3}.Release|Any CPU.Build.0 = Release|Any CPU
		{17C095CC-C039-45A8-8F27-39D98B9EAF8B}.Debug|Any CPU.ActiveCfg = Debug|Any CPU
		{17C095CC-C039-45A8-8F27-39D98B9EAF8B}.Debug|Any CPU.Build.0 = Debug|Any CPU
		{17C095CC-C039-45A8-8F27-39D98B9EAF8B}.Release|Any CPU.ActiveCfg = Release|Any CPU
		{17C095CC-C039-45A8-8F27-39D98B9EAF8B}.Release|Any CPU.Build.0 = Release|Any CPU
		{8FF4DF0D-41E5-45F9-8607-09470D1FA0C7}.Debug|Any CPU.ActiveCfg = Debug|Any CPU
		{8FF4DF0D-41E5-45F9-8607-09470D1FA0C7}.Debug|Any CPU.Build.0 = Debug|Any CPU
		{8FF4DF0D-41E5-45F9-8607-09470D1FA0C7}.Release|Any CPU.ActiveCfg = Release|Any CPU
		{8FF4DF0D-41E5-45F9-8607-09470D1FA0C7}.Release|Any CPU.Build.0 = Release|Any CPU
		{CB9BA48B-D16A-4136-920C-0AACE6DCE918}.Debug|Any CPU.ActiveCfg = Debug|Any CPU
		{CB9BA48B-D16A-4136-920C-0AACE6DCE918}.Debug|Any CPU.Build.0 = Debug|Any CPU
		{CB9BA48B-D16A-4136-920C-0AACE6DCE918}.Release|Any CPU.ActiveCfg = Release|Any CPU
		{CB9BA48B-D16A-4136-920C-0AACE6DCE918}.Release|Any CPU.Build.0 = Release|Any CPU
		{74971243-6A31-416D-B04D-3EAA38345FEE}.Debug|Any CPU.ActiveCfg = Debug|Any CPU
		{74971243-6A31-416D-B04D-3EAA38345FEE}.Debug|Any CPU.Build.0 = Debug|Any CPU
		{74971243-6A31-416D-B04D-3EAA38345FEE}.Release|Any CPU.ActiveCfg = Release|Any CPU
		{74971243-6A31-416D-B04D-3EAA38345FEE}.Release|Any CPU.Build.0 = Release|Any CPU
		{70C8ED8E-4FE3-40A0-83D9-7BD49A6EDA0D}.Debug|Any CPU.ActiveCfg = Debug|Any CPU
		{70C8ED8E-4FE3-40A0-83D9-7BD49A6EDA0D}.Debug|Any CPU.Build.0 = Debug|Any CPU
		{70C8ED8E-4FE3-40A0-83D9-7BD49A6EDA0D}.Release|Any CPU.ActiveCfg = Release|Any CPU
		{70C8ED8E-4FE3-40A0-83D9-7BD49A6EDA0D}.Release|Any CPU.Build.0 = Release|Any CPU
	EndGlobalSection
	GlobalSection(SolutionProperties) = preSolution
		HideSolutionNode = FALSE
	EndGlobalSection
	GlobalSection(NestedProjects) = preSolution
		{ABD0C571-C0F7-48F4-9FE5-24EE8A6747EE} = {06ED4956-8316-4216-AA75-EE32D1E5491F}
		{2B33E902-B661-41F4-9DF1-B557BBD05313} = {06ED4956-8316-4216-AA75-EE32D1E5491F}
		{0137A682-7252-414F-A593-A1A34F9215BB} = {06ED4956-8316-4216-AA75-EE32D1E5491F}
		{B8B02C65-16A4-4A77-8D05-A78BE44A7FE1} = {0B2A6FF7-06C3-40CB-904D-10541DF7A44A}
		{35BF30C6-0E4C-48D0-8DD1-1EF81999BF6B} = {0B2A6FF7-06C3-40CB-904D-10541DF7A44A}
		{448CFB46-D105-4D20-B251-FC8AA8DC44D5} = {0B2A6FF7-06C3-40CB-904D-10541DF7A44A}
		{763B1B22-C0F7-4AF7-93CD-3080F38314DF} = {0B2A6FF7-06C3-40CB-904D-10541DF7A44A}
		{3F989F37-0E2A-4EAE-BAD4-57E352CB4FC0} = {0B2A6FF7-06C3-40CB-904D-10541DF7A44A}
		{3346E597-D7B4-4BE2-814F-8F6B5673B8B8} = {0B2A6FF7-06C3-40CB-904D-10541DF7A44A}
		{CDA4DC8D-424D-4C72-81E8-7EFB9F132C4C} = {0B2A6FF7-06C3-40CB-904D-10541DF7A44A}
		{53F37EA4-6882-481F-A2A9-4CB75205BCC6} = {E8F6D731-D10D-4FFF-BAF3-37726DB9C576}
		{0282D1DD-A286-4ED2-959A-14881E4BF6C0} = {E8F6D731-D10D-4FFF-BAF3-37726DB9C576}
		{9E87FD3D-3862-43FA-8491-D1EBA4A4D653} = {0B2A6FF7-06C3-40CB-904D-10541DF7A44A}
		{40035B28-142E-43E6-B307-0207789FAD91} = {9E87FD3D-3862-43FA-8491-D1EBA4A4D653}
		{4750B26A-DF61-4EBC-AE9B-E32D12E44533} = {0B2A6FF7-06C3-40CB-904D-10541DF7A44A}
		{8EC6BB58-70CD-417B-B8E0-FB056B8F4BFC} = {4750B26A-DF61-4EBC-AE9B-E32D12E44533}
		{4ED92182-EC8C-400F-96A5-3A6A20D4AECF} = {0B2A6FF7-06C3-40CB-904D-10541DF7A44A}
		{909723FE-7181-402E-BDC2-6B0268F78CBF} = {4ED92182-EC8C-400F-96A5-3A6A20D4AECF}
		{52522A45-B3D4-4B34-9FE5-285DFBE0D5E3} = {4ED92182-EC8C-400F-96A5-3A6A20D4AECF}
		{17C095CC-C039-45A8-8F27-39D98B9EAF8B} = {4ED92182-EC8C-400F-96A5-3A6A20D4AECF}
		{8FF4DF0D-41E5-45F9-8607-09470D1FA0C7} = {4ED92182-EC8C-400F-96A5-3A6A20D4AECF}
		{4D50C521-A27B-487C-B5A3-1AFC66005B27} = {8727C4EC-2AE3-439F-9D01-E7D2B5F548F2}
		{CB9BA48B-D16A-4136-920C-0AACE6DCE918} = {4D50C521-A27B-487C-B5A3-1AFC66005B27}
		{681D7D94-B7E5-4405-9363-7E03A86F0A09} = {8727C4EC-2AE3-439F-9D01-E7D2B5F548F2}
		{74971243-6A31-416D-B04D-3EAA38345FEE} = {681D7D94-B7E5-4405-9363-7E03A86F0A09}
		{98F1A2EE-1BC7-496F-A2A9-2A032FE9490F} = {E8F6D731-D10D-4FFF-BAF3-37726DB9C576}
		{70C8ED8E-4FE3-40A0-83D9-7BD49A6EDA0D} = {98F1A2EE-1BC7-496F-A2A9-2A032FE9490F}
	EndGlobalSection
	GlobalSection(ExtensibilityGlobals) = postSolution
		SolutionGuid = {54F99188-6ECE-493B-ABE1-2CA39684B720}
	EndGlobalSection
EndGlobal
