
Microsoft Visual Studio Solution File, Format Version 12.00
# Visual Studio Version 17
VisualStudioVersion = 17.5.002.0
MinimumVisualStudioVersion = 10.0.40219.1
Project("{2150E333-8FDC-42A3-9474-1A3956D46DE8}") = "agent", "agent", "{0ADF26D3-D7F5-4325-9647-CACBD59919FC}"
EndProject
Project("{9A19103F-16F7-4668-BE54-9A1E7A4F7556}") = "CloudPillar.Agent", "agent\CloudPillar.Agent\CloudPillar.Agent.csproj", "{31B814F9-9DEE-4F63-8A91-20BCBCF2F924}"
EndProject
Project("{9A19103F-16F7-4668-BE54-9A1E7A4F7556}") = "CloudPillar.Agent.Tests", "agent\CloudPillar.Agent.Tests\CloudPillar.Agent.Tests.csproj", "{3219188F-677F-4790-93E7-63921C144264}"
EndProject
Project("{9A19103F-16F7-4668-BE54-9A1E7A4F7556}") = "jnjiotagent", "agent\poc\jnjiotagent.csproj", "{DAA224CF-8070-4C43-8188-AE3DEEF59F3B}"
EndProject
Project("{2150E333-8FDC-42A3-9474-1A3956D46DE8}") = "backend", "backend", "{09DEB323-0E20-43B7-88C5-7DA2AD160B53}"
EndProject
Project("{9A19103F-16F7-4668-BE54-9A1E7A4F7556}") = "analyzer", "backend\analyzer\analyzer.csproj", "{FE9322E0-A5A4-4359-9317-1D6EA927D9E7}"
EndProject
Project("{9A19103F-16F7-4668-BE54-9A1E7A4F7556}") = "Backend.BlobStreamer", "backend\Backend.BlobStreamer\Backend.BlobStreamer.csproj", "{7C167E34-FA45-4ECF-8E77-B97F4274BD6B}"
EndProject
Project("{9A19103F-16F7-4668-BE54-9A1E7A4F7556}") = "Backend.Iotlistener", "backend\Backend.Iotlistener\Backend.Iotlistener.csproj", "{1508DC99-D6B3-45D5-9B9B-63AF78F7E050}"
EndProject
Project("{9A19103F-16F7-4668-BE54-9A1E7A4F7556}") = "Backend.Keyholder", "backend\Backend.Keyholder\Backend.Keyholder.csproj", "{6E8848EE-F101-4997-B6C6-534A6211DDCE}"
EndProject
Project("{9A19103F-16F7-4668-BE54-9A1E7A4F7556}") = "beapi", "backend\beapi\beapi.csproj", "{62CD2BE3-A78C-43BA-B9F1-C5FC3EA5D15E}"
EndProject
Project("{9A19103F-16F7-4668-BE54-9A1E7A4F7556}") = "mongowriter", "backend\mongowriter\mongowriter.csproj", "{D318F654-622A-49FF-AAEA-97BC53ECCF7A}"
EndProject
Project("{9A19103F-16F7-4668-BE54-9A1E7A4F7556}") = "twinlistener", "backend\twinlistener\twinlistener.csproj", "{17E5A3FC-FE73-4AB4-A9CD-E1DF302C5134}"
EndProject
Project("{2150E333-8FDC-42A3-9474-1A3956D46DE8}") = "shared", "shared", "{0F4A95CF-BB98-488B-B531-21330E60A1EC}"
EndProject
Project("{9A19103F-16F7-4668-BE54-9A1E7A4F7556}") = "Shared.Entities", "shared\Shared.Entities\Shared.Entities.csproj", "{3E57C58A-3EDB-45AB-BC5C-89A5D81E567F}"
EndProject
Project("{9A19103F-16F7-4668-BE54-9A1E7A4F7556}") = "Shared.Logger", "shared\Shared.Logger\Shared.Logger.csproj", "{7C5595B4-495A-4D10-BF45-3691AE27F1EA}"
EndProject
Project("{2150E333-8FDC-42A3-9474-1A3956D46DE8}") = "infra", "infra", "{D1219592-8D39-4CC4-98C5-DCC18E38A2D9}"
EndProject
Project("{9A19103F-16F7-4668-BE54-9A1E7A4F7556}") = "common", "backend\infra\common\common.csproj", "{6BFE466F-EE1D-4D28-A6A1-4C207231AD00}"
EndProject
Project("{2150E333-8FDC-42A3-9474-1A3956D46DE8}") = "poc", "poc", "{D36BE577-ED75-4F33-8F4D-61A209F2F4E2}"
EndProject
Project("{9A19103F-16F7-4668-BE54-9A1E7A4F7556}") = "d2c-processor", "backend\poc\dotnet\d2c-processor.csproj", "{CF6B42CD-D1B1-4989-A7C3-62E7564BAB4B}"
EndProject
Project("{2150E333-8FDC-42A3-9474-1A3956D46DE8}") = "unittests", "unittests", "{1E494ED1-F4F7-4F49-86B4-4D99E57003CE}"
EndProject
Project("{9A19103F-16F7-4668-BE54-9A1E7A4F7556}") = "Backend.BlobStreamer.Tests", "backend\unittests\Backend.BlobStreamer.Tests\Backend.BlobStreamer.Tests.csproj", "{032C0A3B-1545-4E47-BFE6-0D38FF8E6B60}"
EndProject
Project("{9A19103F-16F7-4668-BE54-9A1E7A4F7556}") = "Backend.Iotlistener.Tests", "backend\unittests\Backend.Iotlistener.Tests\Backend.Iotlistener.Tests.csproj", "{C1B7BE3A-8A90-46B6-B938-013B35C7D95A}"
EndProject
Project("{9A19103F-16F7-4668-BE54-9A1E7A4F7556}") = "Backend.Keyholder.Tests", "backend\unittests\Backend.Keyholder.Tests\Backend.Keyholder.Tests.csproj", "{B20197CC-900D-44AF-8015-85C7A955F4E3}"
EndProject
Project("{9A19103F-16F7-4668-BE54-9A1E7A4F7556}") = "common.tests", "backend\unittests\common.tests\common.tests.csproj", "{E3408B54-11EE-4269-85C6-470AC689548A}"
EndProject
Project("{2150E333-8FDC-42A3-9474-1A3956D46DE8}") = "dicom-service-poc", "dicom-service-poc", "{3B7E7812-E1F7-4D8C-A5BD-60242293A9EC}"
EndProject
Project("{2150E333-8FDC-42A3-9474-1A3956D46DE8}") = "agent", "agent", "{6420ECE4-B6C7-4747-BB99-869EB7B5ED43}"
EndProject
Project("{9A19103F-16F7-4668-BE54-9A1E7A4F7556}") = "dicom-service-agent", "dicom-service-poc\agent\dotnet\dicom-service-agent.csproj", "{7AA0A15D-51AF-4DD2-93AB-1F9C8264AFEC}"
EndProject
Project("{2150E333-8FDC-42A3-9474-1A3956D46DE8}") = "backend", "backend", "{528BB071-43A7-4EA1-AE18-81C681DE3A0B}"
EndProject
Project("{9A19103F-16F7-4668-BE54-9A1E7A4F7556}") = "dicom-service-backend", "dicom-service-poc\backend\dotnet\dicom-service-backend.csproj", "{B78CC964-D179-43FE-8BA1-A07F191F31C0}"
EndProject
Project("{2150E333-8FDC-42A3-9474-1A3956D46DE8}") = "Shared.UnitTests", "Shared.UnitTests", "{8A38AF3B-E852-4BA2-BBD4-3E15FDCB1B57}"
EndProject
Project("{9A19103F-16F7-4668-BE54-9A1E7A4F7556}") = "shared.logger.tests", "shared\Shared.UnitTests\shared.logger.tests\shared.logger.tests.csproj", "{E4D1C657-2E5B-485E-8C10-56B9E695470B}"
EndProject
Global
	GlobalSection(SolutionConfigurationPlatforms) = preSolution
		Debug|Any CPU = Debug|Any CPU
		Release|Any CPU = Release|Any CPU
	EndGlobalSection
	GlobalSection(ProjectConfigurationPlatforms) = postSolution
		{31B814F9-9DEE-4F63-8A91-20BCBCF2F924}.Debug|Any CPU.ActiveCfg = Debug|Any CPU
		{31B814F9-9DEE-4F63-8A91-20BCBCF2F924}.Debug|Any CPU.Build.0 = Debug|Any CPU
		{31B814F9-9DEE-4F63-8A91-20BCBCF2F924}.Release|Any CPU.ActiveCfg = Release|Any CPU
		{31B814F9-9DEE-4F63-8A91-20BCBCF2F924}.Release|Any CPU.Build.0 = Release|Any CPU
		{3219188F-677F-4790-93E7-63921C144264}.Debug|Any CPU.ActiveCfg = Debug|Any CPU
		{3219188F-677F-4790-93E7-63921C144264}.Debug|Any CPU.Build.0 = Debug|Any CPU
		{3219188F-677F-4790-93E7-63921C144264}.Release|Any CPU.ActiveCfg = Release|Any CPU
		{3219188F-677F-4790-93E7-63921C144264}.Release|Any CPU.Build.0 = Release|Any CPU
		{DAA224CF-8070-4C43-8188-AE3DEEF59F3B}.Debug|Any CPU.ActiveCfg = Debug|Any CPU
		{DAA224CF-8070-4C43-8188-AE3DEEF59F3B}.Debug|Any CPU.Build.0 = Debug|Any CPU
		{DAA224CF-8070-4C43-8188-AE3DEEF59F3B}.Release|Any CPU.ActiveCfg = Release|Any CPU
		{DAA224CF-8070-4C43-8188-AE3DEEF59F3B}.Release|Any CPU.Build.0 = Release|Any CPU
		{FE9322E0-A5A4-4359-9317-1D6EA927D9E7}.Debug|Any CPU.ActiveCfg = Debug|Any CPU
		{FE9322E0-A5A4-4359-9317-1D6EA927D9E7}.Debug|Any CPU.Build.0 = Debug|Any CPU
		{FE9322E0-A5A4-4359-9317-1D6EA927D9E7}.Release|Any CPU.ActiveCfg = Release|Any CPU
		{FE9322E0-A5A4-4359-9317-1D6EA927D9E7}.Release|Any CPU.Build.0 = Release|Any CPU
		{7C167E34-FA45-4ECF-8E77-B97F4274BD6B}.Debug|Any CPU.ActiveCfg = Debug|Any CPU
		{7C167E34-FA45-4ECF-8E77-B97F4274BD6B}.Debug|Any CPU.Build.0 = Debug|Any CPU
		{7C167E34-FA45-4ECF-8E77-B97F4274BD6B}.Release|Any CPU.ActiveCfg = Release|Any CPU
		{7C167E34-FA45-4ECF-8E77-B97F4274BD6B}.Release|Any CPU.Build.0 = Release|Any CPU
		{1508DC99-D6B3-45D5-9B9B-63AF78F7E050}.Debug|Any CPU.ActiveCfg = Debug|Any CPU
		{1508DC99-D6B3-45D5-9B9B-63AF78F7E050}.Debug|Any CPU.Build.0 = Debug|Any CPU
		{1508DC99-D6B3-45D5-9B9B-63AF78F7E050}.Release|Any CPU.ActiveCfg = Release|Any CPU
		{1508DC99-D6B3-45D5-9B9B-63AF78F7E050}.Release|Any CPU.Build.0 = Release|Any CPU
		{6E8848EE-F101-4997-B6C6-534A6211DDCE}.Debug|Any CPU.ActiveCfg = Debug|Any CPU
		{6E8848EE-F101-4997-B6C6-534A6211DDCE}.Debug|Any CPU.Build.0 = Debug|Any CPU
		{6E8848EE-F101-4997-B6C6-534A6211DDCE}.Release|Any CPU.ActiveCfg = Release|Any CPU
		{6E8848EE-F101-4997-B6C6-534A6211DDCE}.Release|Any CPU.Build.0 = Release|Any CPU
		{62CD2BE3-A78C-43BA-B9F1-C5FC3EA5D15E}.Debug|Any CPU.ActiveCfg = Debug|Any CPU
		{62CD2BE3-A78C-43BA-B9F1-C5FC3EA5D15E}.Debug|Any CPU.Build.0 = Debug|Any CPU
		{62CD2BE3-A78C-43BA-B9F1-C5FC3EA5D15E}.Release|Any CPU.ActiveCfg = Release|Any CPU
		{62CD2BE3-A78C-43BA-B9F1-C5FC3EA5D15E}.Release|Any CPU.Build.0 = Release|Any CPU
		{D318F654-622A-49FF-AAEA-97BC53ECCF7A}.Debug|Any CPU.ActiveCfg = Debug|Any CPU
		{D318F654-622A-49FF-AAEA-97BC53ECCF7A}.Debug|Any CPU.Build.0 = Debug|Any CPU
		{D318F654-622A-49FF-AAEA-97BC53ECCF7A}.Release|Any CPU.ActiveCfg = Release|Any CPU
		{D318F654-622A-49FF-AAEA-97BC53ECCF7A}.Release|Any CPU.Build.0 = Release|Any CPU
		{17E5A3FC-FE73-4AB4-A9CD-E1DF302C5134}.Debug|Any CPU.ActiveCfg = Debug|Any CPU
		{17E5A3FC-FE73-4AB4-A9CD-E1DF302C5134}.Debug|Any CPU.Build.0 = Debug|Any CPU
		{17E5A3FC-FE73-4AB4-A9CD-E1DF302C5134}.Release|Any CPU.ActiveCfg = Release|Any CPU
		{17E5A3FC-FE73-4AB4-A9CD-E1DF302C5134}.Release|Any CPU.Build.0 = Release|Any CPU
		{3E57C58A-3EDB-45AB-BC5C-89A5D81E567F}.Debug|Any CPU.ActiveCfg = Debug|Any CPU
		{3E57C58A-3EDB-45AB-BC5C-89A5D81E567F}.Debug|Any CPU.Build.0 = Debug|Any CPU
		{3E57C58A-3EDB-45AB-BC5C-89A5D81E567F}.Release|Any CPU.ActiveCfg = Release|Any CPU
		{3E57C58A-3EDB-45AB-BC5C-89A5D81E567F}.Release|Any CPU.Build.0 = Release|Any CPU
		{7C5595B4-495A-4D10-BF45-3691AE27F1EA}.Debug|Any CPU.ActiveCfg = Debug|Any CPU
		{7C5595B4-495A-4D10-BF45-3691AE27F1EA}.Debug|Any CPU.Build.0 = Debug|Any CPU
		{7C5595B4-495A-4D10-BF45-3691AE27F1EA}.Release|Any CPU.ActiveCfg = Release|Any CPU
		{7C5595B4-495A-4D10-BF45-3691AE27F1EA}.Release|Any CPU.Build.0 = Release|Any CPU
		{6BFE466F-EE1D-4D28-A6A1-4C207231AD00}.Debug|Any CPU.ActiveCfg = Debug|Any CPU
		{6BFE466F-EE1D-4D28-A6A1-4C207231AD00}.Debug|Any CPU.Build.0 = Debug|Any CPU
		{6BFE466F-EE1D-4D28-A6A1-4C207231AD00}.Release|Any CPU.ActiveCfg = Release|Any CPU
		{6BFE466F-EE1D-4D28-A6A1-4C207231AD00}.Release|Any CPU.Build.0 = Release|Any CPU
		{CF6B42CD-D1B1-4989-A7C3-62E7564BAB4B}.Debug|Any CPU.ActiveCfg = Debug|Any CPU
		{CF6B42CD-D1B1-4989-A7C3-62E7564BAB4B}.Debug|Any CPU.Build.0 = Debug|Any CPU
		{CF6B42CD-D1B1-4989-A7C3-62E7564BAB4B}.Release|Any CPU.ActiveCfg = Release|Any CPU
		{CF6B42CD-D1B1-4989-A7C3-62E7564BAB4B}.Release|Any CPU.Build.0 = Release|Any CPU
		{032C0A3B-1545-4E47-BFE6-0D38FF8E6B60}.Debug|Any CPU.ActiveCfg = Debug|Any CPU
		{032C0A3B-1545-4E47-BFE6-0D38FF8E6B60}.Debug|Any CPU.Build.0 = Debug|Any CPU
		{032C0A3B-1545-4E47-BFE6-0D38FF8E6B60}.Release|Any CPU.ActiveCfg = Release|Any CPU
		{032C0A3B-1545-4E47-BFE6-0D38FF8E6B60}.Release|Any CPU.Build.0 = Release|Any CPU
		{C1B7BE3A-8A90-46B6-B938-013B35C7D95A}.Debug|Any CPU.ActiveCfg = Debug|Any CPU
		{C1B7BE3A-8A90-46B6-B938-013B35C7D95A}.Debug|Any CPU.Build.0 = Debug|Any CPU
		{C1B7BE3A-8A90-46B6-B938-013B35C7D95A}.Release|Any CPU.ActiveCfg = Release|Any CPU
		{C1B7BE3A-8A90-46B6-B938-013B35C7D95A}.Release|Any CPU.Build.0 = Release|Any CPU
		{B20197CC-900D-44AF-8015-85C7A955F4E3}.Debug|Any CPU.ActiveCfg = Debug|Any CPU
		{B20197CC-900D-44AF-8015-85C7A955F4E3}.Debug|Any CPU.Build.0 = Debug|Any CPU
		{B20197CC-900D-44AF-8015-85C7A955F4E3}.Release|Any CPU.ActiveCfg = Release|Any CPU
		{B20197CC-900D-44AF-8015-85C7A955F4E3}.Release|Any CPU.Build.0 = Release|Any CPU
		{E3408B54-11EE-4269-85C6-470AC689548A}.Debug|Any CPU.ActiveCfg = Debug|Any CPU
		{E3408B54-11EE-4269-85C6-470AC689548A}.Debug|Any CPU.Build.0 = Debug|Any CPU
		{E3408B54-11EE-4269-85C6-470AC689548A}.Release|Any CPU.ActiveCfg = Release|Any CPU
		{E3408B54-11EE-4269-85C6-470AC689548A}.Release|Any CPU.Build.0 = Release|Any CPU
		{7AA0A15D-51AF-4DD2-93AB-1F9C8264AFEC}.Debug|Any CPU.ActiveCfg = Debug|Any CPU
		{7AA0A15D-51AF-4DD2-93AB-1F9C8264AFEC}.Debug|Any CPU.Build.0 = Debug|Any CPU
		{7AA0A15D-51AF-4DD2-93AB-1F9C8264AFEC}.Release|Any CPU.ActiveCfg = Release|Any CPU
		{7AA0A15D-51AF-4DD2-93AB-1F9C8264AFEC}.Release|Any CPU.Build.0 = Release|Any CPU
		{B78CC964-D179-43FE-8BA1-A07F191F31C0}.Debug|Any CPU.ActiveCfg = Debug|Any CPU
		{B78CC964-D179-43FE-8BA1-A07F191F31C0}.Debug|Any CPU.Build.0 = Debug|Any CPU
		{B78CC964-D179-43FE-8BA1-A07F191F31C0}.Release|Any CPU.ActiveCfg = Release|Any CPU
		{B78CC964-D179-43FE-8BA1-A07F191F31C0}.Release|Any CPU.Build.0 = Release|Any CPU
		{E4D1C657-2E5B-485E-8C10-56B9E695470B}.Debug|Any CPU.ActiveCfg = Debug|Any CPU
		{E4D1C657-2E5B-485E-8C10-56B9E695470B}.Debug|Any CPU.Build.0 = Debug|Any CPU
		{E4D1C657-2E5B-485E-8C10-56B9E695470B}.Release|Any CPU.ActiveCfg = Release|Any CPU
		{E4D1C657-2E5B-485E-8C10-56B9E695470B}.Release|Any CPU.Build.0 = Release|Any CPU
	EndGlobalSection
	GlobalSection(SolutionProperties) = preSolution
		HideSolutionNode = FALSE
	EndGlobalSection
	GlobalSection(NestedProjects) = preSolution
		{31B814F9-9DEE-4F63-8A91-20BCBCF2F924} = {0ADF26D3-D7F5-4325-9647-CACBD59919FC}
		{3219188F-677F-4790-93E7-63921C144264} = {0ADF26D3-D7F5-4325-9647-CACBD59919FC}
		{DAA224CF-8070-4C43-8188-AE3DEEF59F3B} = {0ADF26D3-D7F5-4325-9647-CACBD59919FC}
		{FE9322E0-A5A4-4359-9317-1D6EA927D9E7} = {09DEB323-0E20-43B7-88C5-7DA2AD160B53}
		{7C167E34-FA45-4ECF-8E77-B97F4274BD6B} = {09DEB323-0E20-43B7-88C5-7DA2AD160B53}
		{1508DC99-D6B3-45D5-9B9B-63AF78F7E050} = {09DEB323-0E20-43B7-88C5-7DA2AD160B53}
		{6E8848EE-F101-4997-B6C6-534A6211DDCE} = {09DEB323-0E20-43B7-88C5-7DA2AD160B53}
		{62CD2BE3-A78C-43BA-B9F1-C5FC3EA5D15E} = {09DEB323-0E20-43B7-88C5-7DA2AD160B53}
		{D318F654-622A-49FF-AAEA-97BC53ECCF7A} = {09DEB323-0E20-43B7-88C5-7DA2AD160B53}
		{17E5A3FC-FE73-4AB4-A9CD-E1DF302C5134} = {09DEB323-0E20-43B7-88C5-7DA2AD160B53}
		{3E57C58A-3EDB-45AB-BC5C-89A5D81E567F} = {0F4A95CF-BB98-488B-B531-21330E60A1EC}
		{7C5595B4-495A-4D10-BF45-3691AE27F1EA} = {0F4A95CF-BB98-488B-B531-21330E60A1EC}
		{D1219592-8D39-4CC4-98C5-DCC18E38A2D9} = {09DEB323-0E20-43B7-88C5-7DA2AD160B53}
		{6BFE466F-EE1D-4D28-A6A1-4C207231AD00} = {D1219592-8D39-4CC4-98C5-DCC18E38A2D9}
		{D36BE577-ED75-4F33-8F4D-61A209F2F4E2} = {09DEB323-0E20-43B7-88C5-7DA2AD160B53}
		{CF6B42CD-D1B1-4989-A7C3-62E7564BAB4B} = {D36BE577-ED75-4F33-8F4D-61A209F2F4E2}
		{1E494ED1-F4F7-4F49-86B4-4D99E57003CE} = {09DEB323-0E20-43B7-88C5-7DA2AD160B53}
		{032C0A3B-1545-4E47-BFE6-0D38FF8E6B60} = {1E494ED1-F4F7-4F49-86B4-4D99E57003CE}
		{C1B7BE3A-8A90-46B6-B938-013B35C7D95A} = {1E494ED1-F4F7-4F49-86B4-4D99E57003CE}
		{B20197CC-900D-44AF-8015-85C7A955F4E3} = {1E494ED1-F4F7-4F49-86B4-4D99E57003CE}
		{E3408B54-11EE-4269-85C6-470AC689548A} = {1E494ED1-F4F7-4F49-86B4-4D99E57003CE}
		{6420ECE4-B6C7-4747-BB99-869EB7B5ED43} = {3B7E7812-E1F7-4D8C-A5BD-60242293A9EC}
		{7AA0A15D-51AF-4DD2-93AB-1F9C8264AFEC} = {6420ECE4-B6C7-4747-BB99-869EB7B5ED43}
		{528BB071-43A7-4EA1-AE18-81C681DE3A0B} = {3B7E7812-E1F7-4D8C-A5BD-60242293A9EC}
		{B78CC964-D179-43FE-8BA1-A07F191F31C0} = {528BB071-43A7-4EA1-AE18-81C681DE3A0B}
		{8A38AF3B-E852-4BA2-BBD4-3E15FDCB1B57} = {0F4A95CF-BB98-488B-B531-21330E60A1EC}
		{E4D1C657-2E5B-485E-8C10-56B9E695470B} = {8A38AF3B-E852-4BA2-BBD4-3E15FDCB1B57}
	EndGlobalSection
	GlobalSection(ExtensibilityGlobals) = postSolution
		SolutionGuid = {8F1B5B44-DA16-44C5-93CC-0375749D34AE}
	EndGlobalSection
EndGlobal
