
Microsoft Visual Studio Solution File, Format Version 12.00
# Visual Studio Version 17
VisualStudioVersion = 17.5.002.0
MinimumVisualStudioVersion = 10.0.40219.1
Project("{2150E333-8FDC-42A3-9474-1A3956D46DE8}") = "agent", "agent", "{10A99989-BA56-4209-9834-3FB199251FF2}"
EndProject
Project("{9A19103F-16F7-4668-BE54-9A1E7A4F7556}") = "CloudPillar.Agent", "agent\CloudPillar.Agent\CloudPillar.Agent.csproj", "{824DFC65-4E9C-4358-BF4F-9EE85E5DD165}"
EndProject
Project("{9A19103F-16F7-4668-BE54-9A1E7A4F7556}") = "CloudPillar.Agent.Tests", "agent\CloudPillar.Agent.Tests\CloudPillar.Agent.Tests.csproj", "{CDA5350C-5304-46C9-AE3C-70C980AB700E}"
EndProject
Project("{9A19103F-16F7-4668-BE54-9A1E7A4F7556}") = "jnjiotagent", "agent\poc\jnjiotagent.csproj", "{B8B3DFB0-B77C-4A03-92E8-2D5E293D5CC7}"
EndProject
Project("{2150E333-8FDC-42A3-9474-1A3956D46DE8}") = "backend", "backend", "{09D56B0B-E59C-4A2A-9640-522B9689B670}"
EndProject
Project("{9A19103F-16F7-4668-BE54-9A1E7A4F7556}") = "analyzer", "backend\analyzer\analyzer.csproj", "{60B8F6FD-B101-4348-AA2D-72F96EE59381}"
EndProject
Project("{9A19103F-16F7-4668-BE54-9A1E7A4F7556}") = "Backend.BlobStreamer", "backend\Backend.BlobStreamer\Backend.BlobStreamer.csproj", "{CE28AFD7-2B71-4E25-87DD-EEDB459C1651}"
EndProject
Project("{9A19103F-16F7-4668-BE54-9A1E7A4F7556}") = "Backend.Iotlistener", "backend\Backend.Iotlistener\Backend.Iotlistener.csproj", "{D2437AE8-AAB2-4BF6-9446-59CDDBF9CBF6}"
EndProject
Project("{9A19103F-16F7-4668-BE54-9A1E7A4F7556}") = "Backend.Keyholder", "backend\Backend.Keyholder\Backend.Keyholder.csproj", "{AC6BAD96-09B9-40B9-B601-CF03B31661FF}"
EndProject
Project("{9A19103F-16F7-4668-BE54-9A1E7A4F7556}") = "beapi", "backend\beapi\beapi.csproj", "{46D02ED7-3FFF-4B13-8DE9-53986403470F}"
EndProject
Project("{9A19103F-16F7-4668-BE54-9A1E7A4F7556}") = "mongowriter", "backend\mongowriter\mongowriter.csproj", "{BF85F3F1-D593-43F2-B3D8-CF0A6D66B67E}"
EndProject
Project("{9A19103F-16F7-4668-BE54-9A1E7A4F7556}") = "twinlistener", "backend\twinlistener\twinlistener.csproj", "{2FD8EA26-AEDA-4BDA-A1FB-40F6F5543EB5}"
EndProject
Project("{2150E333-8FDC-42A3-9474-1A3956D46DE8}") = "shared", "shared", "{DEA15C82-D8C0-43CC-B29D-A5589C1FABBF}"
EndProject
Project("{9A19103F-16F7-4668-BE54-9A1E7A4F7556}") = "Shared.Entities", "shared\Shared.Entities\Shared.Entities.csproj", "{64991C9D-AC38-49AF-AA1A-0AF74724DDF4}"
EndProject
Project("{9A19103F-16F7-4668-BE54-9A1E7A4F7556}") = "Shared.Logger", "shared\Shared.Logger\Shared.Logger.csproj", "{4438ED69-6B1C-4165-B1D8-28051D9D71C5}"
EndProject
Project("{2150E333-8FDC-42A3-9474-1A3956D46DE8}") = "infra", "infra", "{5FAE2627-F6E4-46DE-9662-F5809057DB5E}"
EndProject
Project("{9A19103F-16F7-4668-BE54-9A1E7A4F7556}") = "common", "backend\infra\common\common.csproj", "{3799692D-C2CF-417C-8380-BA0948449BF8}"
EndProject
Project("{2150E333-8FDC-42A3-9474-1A3956D46DE8}") = "poc", "poc", "{E806A8B6-EEE3-4EF3-9794-338A3180D85A}"
EndProject
Project("{9A19103F-16F7-4668-BE54-9A1E7A4F7556}") = "d2c-processor", "backend\poc\dotnet\d2c-processor.csproj", "{2C2EE393-A258-4498-8B16-14E3E6C1FE08}"
EndProject
Project("{2150E333-8FDC-42A3-9474-1A3956D46DE8}") = "unittests", "unittests", "{936E0A24-6E02-446A-8CB4-D1544F6A5559}"
EndProject
Project("{9A19103F-16F7-4668-BE54-9A1E7A4F7556}") = "Backend.BlobStreamer.Tests", "backend\unittests\Backend.BlobStreamer.Tests\Backend.BlobStreamer.Tests.csproj", "{07BCA644-8A02-467B-AF63-1013A2F04793}"
EndProject
Project("{9A19103F-16F7-4668-BE54-9A1E7A4F7556}") = "Backend.Iotlistener.Tests", "backend\unittests\Backend.Iotlistener.Tests\Backend.Iotlistener.Tests.csproj", "{E36F69BC-75E1-45D7-8B8B-E4314662227E}"
EndProject
Project("{9A19103F-16F7-4668-BE54-9A1E7A4F7556}") = "Backend.Keyholder.Tests", "backend\unittests\Backend.Keyholder.Tests\Backend.Keyholder.Tests.csproj", "{A78A0753-7029-4D72-8406-9EABE1F296FA}"
EndProject
Project("{9A19103F-16F7-4668-BE54-9A1E7A4F7556}") = "common.tests", "backend\unittests\common.tests\common.tests.csproj", "{5A0D707D-3E95-4E9F-87E3-11D9079E2475}"
EndProject
Project("{2150E333-8FDC-42A3-9474-1A3956D46DE8}") = "dicom-service-poc", "dicom-service-poc", "{BCA7279B-07C5-4DA3-860E-AF1CB68292D3}"
EndProject
Project("{2150E333-8FDC-42A3-9474-1A3956D46DE8}") = "agent", "agent", "{D75ED519-7484-4880-AB56-2B719B976171}"
EndProject
Project("{9A19103F-16F7-4668-BE54-9A1E7A4F7556}") = "dicom-service-agent", "dicom-service-poc\agent\dotnet\dicom-service-agent.csproj", "{11DB885B-B374-4204-BC0B-E3C515674991}"
EndProject
Project("{2150E333-8FDC-42A3-9474-1A3956D46DE8}") = "backend", "backend", "{40778222-8873-4BFC-A6E1-57E104D921C9}"
EndProject
Project("{9A19103F-16F7-4668-BE54-9A1E7A4F7556}") = "dicom-service-backend", "dicom-service-poc\backend\dotnet\dicom-service-backend.csproj", "{7327FABA-2BCB-4C85-9CC7-13C63ED21818}"
EndProject
Project("{2150E333-8FDC-42A3-9474-1A3956D46DE8}") = "Shared.UnitTests", "Shared.UnitTests", "{7125D6CD-6BC8-45E5-BE07-70C9110BB766}"
EndProject
Project("{9A19103F-16F7-4668-BE54-9A1E7A4F7556}") = "shared.logger.tests", "shared\Shared.UnitTests\shared.logger.tests\shared.logger.tests.csproj", "{C27B33E3-445E-44D2-999B-ACD030935E6E}"
EndProject
Global
	GlobalSection(SolutionConfigurationPlatforms) = preSolution
		Debug|Any CPU = Debug|Any CPU
		Release|Any CPU = Release|Any CPU
	EndGlobalSection
	GlobalSection(ProjectConfigurationPlatforms) = postSolution
		{824DFC65-4E9C-4358-BF4F-9EE85E5DD165}.Debug|Any CPU.ActiveCfg = Debug|Any CPU
		{824DFC65-4E9C-4358-BF4F-9EE85E5DD165}.Debug|Any CPU.Build.0 = Debug|Any CPU
		{824DFC65-4E9C-4358-BF4F-9EE85E5DD165}.Release|Any CPU.ActiveCfg = Release|Any CPU
		{824DFC65-4E9C-4358-BF4F-9EE85E5DD165}.Release|Any CPU.Build.0 = Release|Any CPU
		{CDA5350C-5304-46C9-AE3C-70C980AB700E}.Debug|Any CPU.ActiveCfg = Debug|Any CPU
		{CDA5350C-5304-46C9-AE3C-70C980AB700E}.Debug|Any CPU.Build.0 = Debug|Any CPU
		{CDA5350C-5304-46C9-AE3C-70C980AB700E}.Release|Any CPU.ActiveCfg = Release|Any CPU
		{CDA5350C-5304-46C9-AE3C-70C980AB700E}.Release|Any CPU.Build.0 = Release|Any CPU
		{B8B3DFB0-B77C-4A03-92E8-2D5E293D5CC7}.Debug|Any CPU.ActiveCfg = Debug|Any CPU
		{B8B3DFB0-B77C-4A03-92E8-2D5E293D5CC7}.Debug|Any CPU.Build.0 = Debug|Any CPU
		{B8B3DFB0-B77C-4A03-92E8-2D5E293D5CC7}.Release|Any CPU.ActiveCfg = Release|Any CPU
		{B8B3DFB0-B77C-4A03-92E8-2D5E293D5CC7}.Release|Any CPU.Build.0 = Release|Any CPU
		{60B8F6FD-B101-4348-AA2D-72F96EE59381}.Debug|Any CPU.ActiveCfg = Debug|Any CPU
		{60B8F6FD-B101-4348-AA2D-72F96EE59381}.Debug|Any CPU.Build.0 = Debug|Any CPU
		{60B8F6FD-B101-4348-AA2D-72F96EE59381}.Release|Any CPU.ActiveCfg = Release|Any CPU
		{60B8F6FD-B101-4348-AA2D-72F96EE59381}.Release|Any CPU.Build.0 = Release|Any CPU
		{CE28AFD7-2B71-4E25-87DD-EEDB459C1651}.Debug|Any CPU.ActiveCfg = Debug|Any CPU
		{CE28AFD7-2B71-4E25-87DD-EEDB459C1651}.Debug|Any CPU.Build.0 = Debug|Any CPU
		{CE28AFD7-2B71-4E25-87DD-EEDB459C1651}.Release|Any CPU.ActiveCfg = Release|Any CPU
		{CE28AFD7-2B71-4E25-87DD-EEDB459C1651}.Release|Any CPU.Build.0 = Release|Any CPU
		{D2437AE8-AAB2-4BF6-9446-59CDDBF9CBF6}.Debug|Any CPU.ActiveCfg = Debug|Any CPU
		{D2437AE8-AAB2-4BF6-9446-59CDDBF9CBF6}.Debug|Any CPU.Build.0 = Debug|Any CPU
		{D2437AE8-AAB2-4BF6-9446-59CDDBF9CBF6}.Release|Any CPU.ActiveCfg = Release|Any CPU
		{D2437AE8-AAB2-4BF6-9446-59CDDBF9CBF6}.Release|Any CPU.Build.0 = Release|Any CPU
		{AC6BAD96-09B9-40B9-B601-CF03B31661FF}.Debug|Any CPU.ActiveCfg = Debug|Any CPU
		{AC6BAD96-09B9-40B9-B601-CF03B31661FF}.Debug|Any CPU.Build.0 = Debug|Any CPU
		{AC6BAD96-09B9-40B9-B601-CF03B31661FF}.Release|Any CPU.ActiveCfg = Release|Any CPU
		{AC6BAD96-09B9-40B9-B601-CF03B31661FF}.Release|Any CPU.Build.0 = Release|Any CPU
		{46D02ED7-3FFF-4B13-8DE9-53986403470F}.Debug|Any CPU.ActiveCfg = Debug|Any CPU
		{46D02ED7-3FFF-4B13-8DE9-53986403470F}.Debug|Any CPU.Build.0 = Debug|Any CPU
		{46D02ED7-3FFF-4B13-8DE9-53986403470F}.Release|Any CPU.ActiveCfg = Release|Any CPU
		{46D02ED7-3FFF-4B13-8DE9-53986403470F}.Release|Any CPU.Build.0 = Release|Any CPU
		{BF85F3F1-D593-43F2-B3D8-CF0A6D66B67E}.Debug|Any CPU.ActiveCfg = Debug|Any CPU
		{BF85F3F1-D593-43F2-B3D8-CF0A6D66B67E}.Debug|Any CPU.Build.0 = Debug|Any CPU
		{BF85F3F1-D593-43F2-B3D8-CF0A6D66B67E}.Release|Any CPU.ActiveCfg = Release|Any CPU
		{BF85F3F1-D593-43F2-B3D8-CF0A6D66B67E}.Release|Any CPU.Build.0 = Release|Any CPU
		{2FD8EA26-AEDA-4BDA-A1FB-40F6F5543EB5}.Debug|Any CPU.ActiveCfg = Debug|Any CPU
		{2FD8EA26-AEDA-4BDA-A1FB-40F6F5543EB5}.Debug|Any CPU.Build.0 = Debug|Any CPU
		{2FD8EA26-AEDA-4BDA-A1FB-40F6F5543EB5}.Release|Any CPU.ActiveCfg = Release|Any CPU
		{2FD8EA26-AEDA-4BDA-A1FB-40F6F5543EB5}.Release|Any CPU.Build.0 = Release|Any CPU
		{64991C9D-AC38-49AF-AA1A-0AF74724DDF4}.Debug|Any CPU.ActiveCfg = Debug|Any CPU
		{64991C9D-AC38-49AF-AA1A-0AF74724DDF4}.Debug|Any CPU.Build.0 = Debug|Any CPU
		{64991C9D-AC38-49AF-AA1A-0AF74724DDF4}.Release|Any CPU.ActiveCfg = Release|Any CPU
		{64991C9D-AC38-49AF-AA1A-0AF74724DDF4}.Release|Any CPU.Build.0 = Release|Any CPU
		{4438ED69-6B1C-4165-B1D8-28051D9D71C5}.Debug|Any CPU.ActiveCfg = Debug|Any CPU
		{4438ED69-6B1C-4165-B1D8-28051D9D71C5}.Debug|Any CPU.Build.0 = Debug|Any CPU
		{4438ED69-6B1C-4165-B1D8-28051D9D71C5}.Release|Any CPU.ActiveCfg = Release|Any CPU
		{4438ED69-6B1C-4165-B1D8-28051D9D71C5}.Release|Any CPU.Build.0 = Release|Any CPU
		{3799692D-C2CF-417C-8380-BA0948449BF8}.Debug|Any CPU.ActiveCfg = Debug|Any CPU
		{3799692D-C2CF-417C-8380-BA0948449BF8}.Debug|Any CPU.Build.0 = Debug|Any CPU
		{3799692D-C2CF-417C-8380-BA0948449BF8}.Release|Any CPU.ActiveCfg = Release|Any CPU
		{3799692D-C2CF-417C-8380-BA0948449BF8}.Release|Any CPU.Build.0 = Release|Any CPU
		{2C2EE393-A258-4498-8B16-14E3E6C1FE08}.Debug|Any CPU.ActiveCfg = Debug|Any CPU
		{2C2EE393-A258-4498-8B16-14E3E6C1FE08}.Debug|Any CPU.Build.0 = Debug|Any CPU
		{2C2EE393-A258-4498-8B16-14E3E6C1FE08}.Release|Any CPU.ActiveCfg = Release|Any CPU
		{2C2EE393-A258-4498-8B16-14E3E6C1FE08}.Release|Any CPU.Build.0 = Release|Any CPU
		{07BCA644-8A02-467B-AF63-1013A2F04793}.Debug|Any CPU.ActiveCfg = Debug|Any CPU
		{07BCA644-8A02-467B-AF63-1013A2F04793}.Debug|Any CPU.Build.0 = Debug|Any CPU
		{07BCA644-8A02-467B-AF63-1013A2F04793}.Release|Any CPU.ActiveCfg = Release|Any CPU
		{07BCA644-8A02-467B-AF63-1013A2F04793}.Release|Any CPU.Build.0 = Release|Any CPU
		{E36F69BC-75E1-45D7-8B8B-E4314662227E}.Debug|Any CPU.ActiveCfg = Debug|Any CPU
		{E36F69BC-75E1-45D7-8B8B-E4314662227E}.Debug|Any CPU.Build.0 = Debug|Any CPU
		{E36F69BC-75E1-45D7-8B8B-E4314662227E}.Release|Any CPU.ActiveCfg = Release|Any CPU
		{E36F69BC-75E1-45D7-8B8B-E4314662227E}.Release|Any CPU.Build.0 = Release|Any CPU
		{A78A0753-7029-4D72-8406-9EABE1F296FA}.Debug|Any CPU.ActiveCfg = Debug|Any CPU
		{A78A0753-7029-4D72-8406-9EABE1F296FA}.Debug|Any CPU.Build.0 = Debug|Any CPU
		{A78A0753-7029-4D72-8406-9EABE1F296FA}.Release|Any CPU.ActiveCfg = Release|Any CPU
		{A78A0753-7029-4D72-8406-9EABE1F296FA}.Release|Any CPU.Build.0 = Release|Any CPU
		{5A0D707D-3E95-4E9F-87E3-11D9079E2475}.Debug|Any CPU.ActiveCfg = Debug|Any CPU
		{5A0D707D-3E95-4E9F-87E3-11D9079E2475}.Debug|Any CPU.Build.0 = Debug|Any CPU
		{5A0D707D-3E95-4E9F-87E3-11D9079E2475}.Release|Any CPU.ActiveCfg = Release|Any CPU
		{5A0D707D-3E95-4E9F-87E3-11D9079E2475}.Release|Any CPU.Build.0 = Release|Any CPU
		{11DB885B-B374-4204-BC0B-E3C515674991}.Debug|Any CPU.ActiveCfg = Debug|Any CPU
		{11DB885B-B374-4204-BC0B-E3C515674991}.Debug|Any CPU.Build.0 = Debug|Any CPU
		{11DB885B-B374-4204-BC0B-E3C515674991}.Release|Any CPU.ActiveCfg = Release|Any CPU
		{11DB885B-B374-4204-BC0B-E3C515674991}.Release|Any CPU.Build.0 = Release|Any CPU
		{7327FABA-2BCB-4C85-9CC7-13C63ED21818}.Debug|Any CPU.ActiveCfg = Debug|Any CPU
		{7327FABA-2BCB-4C85-9CC7-13C63ED21818}.Debug|Any CPU.Build.0 = Debug|Any CPU
		{7327FABA-2BCB-4C85-9CC7-13C63ED21818}.Release|Any CPU.ActiveCfg = Release|Any CPU
		{7327FABA-2BCB-4C85-9CC7-13C63ED21818}.Release|Any CPU.Build.0 = Release|Any CPU
		{C27B33E3-445E-44D2-999B-ACD030935E6E}.Debug|Any CPU.ActiveCfg = Debug|Any CPU
		{C27B33E3-445E-44D2-999B-ACD030935E6E}.Debug|Any CPU.Build.0 = Debug|Any CPU
		{C27B33E3-445E-44D2-999B-ACD030935E6E}.Release|Any CPU.ActiveCfg = Release|Any CPU
		{C27B33E3-445E-44D2-999B-ACD030935E6E}.Release|Any CPU.Build.0 = Release|Any CPU
	EndGlobalSection
	GlobalSection(SolutionProperties) = preSolution
		HideSolutionNode = FALSE
	EndGlobalSection
	GlobalSection(NestedProjects) = preSolution
		{824DFC65-4E9C-4358-BF4F-9EE85E5DD165} = {10A99989-BA56-4209-9834-3FB199251FF2}
		{CDA5350C-5304-46C9-AE3C-70C980AB700E} = {10A99989-BA56-4209-9834-3FB199251FF2}
		{B8B3DFB0-B77C-4A03-92E8-2D5E293D5CC7} = {10A99989-BA56-4209-9834-3FB199251FF2}
		{60B8F6FD-B101-4348-AA2D-72F96EE59381} = {09D56B0B-E59C-4A2A-9640-522B9689B670}
		{CE28AFD7-2B71-4E25-87DD-EEDB459C1651} = {09D56B0B-E59C-4A2A-9640-522B9689B670}
		{D2437AE8-AAB2-4BF6-9446-59CDDBF9CBF6} = {09D56B0B-E59C-4A2A-9640-522B9689B670}
		{AC6BAD96-09B9-40B9-B601-CF03B31661FF} = {09D56B0B-E59C-4A2A-9640-522B9689B670}
		{46D02ED7-3FFF-4B13-8DE9-53986403470F} = {09D56B0B-E59C-4A2A-9640-522B9689B670}
		{BF85F3F1-D593-43F2-B3D8-CF0A6D66B67E} = {09D56B0B-E59C-4A2A-9640-522B9689B670}
		{2FD8EA26-AEDA-4BDA-A1FB-40F6F5543EB5} = {09D56B0B-E59C-4A2A-9640-522B9689B670}
		{64991C9D-AC38-49AF-AA1A-0AF74724DDF4} = {DEA15C82-D8C0-43CC-B29D-A5589C1FABBF}
		{4438ED69-6B1C-4165-B1D8-28051D9D71C5} = {DEA15C82-D8C0-43CC-B29D-A5589C1FABBF}
		{5FAE2627-F6E4-46DE-9662-F5809057DB5E} = {09D56B0B-E59C-4A2A-9640-522B9689B670}
		{3799692D-C2CF-417C-8380-BA0948449BF8} = {5FAE2627-F6E4-46DE-9662-F5809057DB5E}
		{E806A8B6-EEE3-4EF3-9794-338A3180D85A} = {09D56B0B-E59C-4A2A-9640-522B9689B670}
		{2C2EE393-A258-4498-8B16-14E3E6C1FE08} = {E806A8B6-EEE3-4EF3-9794-338A3180D85A}
		{936E0A24-6E02-446A-8CB4-D1544F6A5559} = {09D56B0B-E59C-4A2A-9640-522B9689B670}
		{07BCA644-8A02-467B-AF63-1013A2F04793} = {936E0A24-6E02-446A-8CB4-D1544F6A5559}
		{E36F69BC-75E1-45D7-8B8B-E4314662227E} = {936E0A24-6E02-446A-8CB4-D1544F6A5559}
		{A78A0753-7029-4D72-8406-9EABE1F296FA} = {936E0A24-6E02-446A-8CB4-D1544F6A5559}
		{5A0D707D-3E95-4E9F-87E3-11D9079E2475} = {936E0A24-6E02-446A-8CB4-D1544F6A5559}
		{D75ED519-7484-4880-AB56-2B719B976171} = {BCA7279B-07C5-4DA3-860E-AF1CB68292D3}
		{11DB885B-B374-4204-BC0B-E3C515674991} = {D75ED519-7484-4880-AB56-2B719B976171}
		{40778222-8873-4BFC-A6E1-57E104D921C9} = {BCA7279B-07C5-4DA3-860E-AF1CB68292D3}
		{7327FABA-2BCB-4C85-9CC7-13C63ED21818} = {40778222-8873-4BFC-A6E1-57E104D921C9}
		{7125D6CD-6BC8-45E5-BE07-70C9110BB766} = {DEA15C82-D8C0-43CC-B29D-A5589C1FABBF}
		{C27B33E3-445E-44D2-999B-ACD030935E6E} = {7125D6CD-6BC8-45E5-BE07-70C9110BB766}
	EndGlobalSection
	GlobalSection(ExtensibilityGlobals) = postSolution
		SolutionGuid = {AD4449E5-C7D7-401C-AC9C-35E8FC0C9D00}
	EndGlobalSection
EndGlobal
